{
  "version": 4,
  "terraform_version": "1.3.0",
  "serial": 65,
  "lineage": "3dc90595-0fbe-dc6d-72ef-263240ea0703",
  "outputs": {},
  "resources": [
    {
      "mode": "data",
      "type": "aws_availability_zones",
      "name": "available",
      "provider": "provider[\"registry.terraform.io/hashicorp/aws\"]",
      "instances": [
        {
          "schema_version": 0,
          "attributes": {
            "all_availability_zones": null,
            "exclude_names": null,
            "exclude_zone_ids": null,
            "filter": null,
            "group_names": [
              "ap-northeast-1-zg-1"
            ],
            "id": "ap-northeast-1",
            "names": [
              "ap-northeast-1a",
              "ap-northeast-1c",
              "ap-northeast-1d"
            ],
            "state": "available",
            "timeouts": null,
            "zone_ids": [
              "apne1-az4",
              "apne1-az1",
              "apne1-az2"
            ]
          },
          "sensitive_attributes": []
        }
      ]
    },
    {
      "mode": "data",
      "type": "aws_security_group",
      "name": "default",
      "provider": "provider[\"registry.terraform.io/hashicorp/aws\"]",
      "instances": [
        {
          "schema_version": 0,
          "attributes": {
            "arn": "arn:aws:ec2:ap-northeast-1:977310042706:security-group/sg-0911e91b5d4d650e0",
            "description": "default VPC security group",
            "filter": null,
            "id": "sg-0911e91b5d4d650e0",
            "name": "default",
            "tags": {},
            "timeouts": null,
            "vpc_id": "vpc-00716061a297d1582"
          },
          "sensitive_attributes": []
        }
      ]
    },
    {
      "module": "module.runner",
      "mode": "data",
      "type": "aws_ami",
      "name": "docker-machine",
      "provider": "provider[\"registry.terraform.io/hashicorp/aws\"]",
      "instances": [
        {
          "index_key": 0,
          "schema_version": 0,
          "attributes": {
            "architecture": "x86_64",
            "arn": "arn:aws:ec2:ap-northeast-1::image/ami-0836e97b3d843dd82",
            "block_device_mappings": [
              {
                "device_name": "/dev/sda1",
                "ebs": {
                  "delete_on_termination": "true",
                  "encrypted": "false",
                  "iops": "0",
                  "snapshot_id": "snap-030ac87380e809157",
                  "throughput": "0",
                  "volume_size": "8",
                  "volume_type": "gp2"
                },
                "no_device": "",
                "virtual_name": ""
              },
              {
                "device_name": "/dev/sdb",
                "ebs": {},
                "no_device": "",
                "virtual_name": "ephemeral0"
              },
              {
                "device_name": "/dev/sdc",
                "ebs": {},
                "no_device": "",
                "virtual_name": "ephemeral1"
              }
            ],
            "boot_mode": "legacy-bios",
            "creation_date": "2025-06-25T05:32:58.000Z",
            "deprecation_time": "2027-06-25T05:32:58.000Z",
            "description": "Canonical, Ubuntu, 20.04, amd64 focal image",
            "ena_support": true,
            "executable_users": null,
            "filter": [
              {
                "name": "name",
                "values": [
                  "ubuntu/images/hvm-ssd/ubuntu-focal-20.04-amd64-server-*"
                ]
              }
            ],
            "hypervisor": "xen",
            "id": "ami-0836e97b3d843dd82",
            "image_id": "ami-0836e97b3d843dd82",
            "image_location": "amazon/ubuntu/images/hvm-ssd/ubuntu-focal-20.04-amd64-server-20250624",
            "image_owner_alias": "amazon",
            "image_type": "machine",
            "imds_support": "",
            "include_deprecated": false,
            "kernel_id": "",
            "most_recent": true,
            "name": "ubuntu/images/hvm-ssd/ubuntu-focal-20.04-amd64-server-20250624",
            "name_regex": null,
            "owner_id": "099720109477",
            "owners": [
              "099720109477"
            ],
            "platform": "",
            "platform_details": "Linux/UNIX",
            "product_codes": [],
            "public": true,
            "ramdisk_id": "",
            "root_device_name": "/dev/sda1",
            "root_device_type": "ebs",
            "root_snapshot_id": "snap-030ac87380e809157",
            "sriov_net_support": "simple",
            "state": "available",
            "state_reason": {
              "code": "UNSET",
              "message": "UNSET"
            },
            "tags": {},
            "timeouts": null,
            "tpm_support": "",
            "usage_operation": "RunInstances",
            "virtualization_type": "hvm"
          },
          "sensitive_attributes": []
        }
      ]
    },
    {
      "module": "module.runner",
      "mode": "data",
      "type": "aws_ami",
      "name": "runner",
      "provider": "provider[\"registry.terraform.io/hashicorp/aws\"]",
      "instances": [
        {
          "schema_version": 0,
          "attributes": {
            "architecture": "x86_64",
            "arn": "arn:aws:ec2:ap-northeast-1::image/ami-0e886d6c6cf0131f5",
            "block_device_mappings": [
              {
                "device_name": "/dev/xvda",
                "ebs": {
                  "delete_on_termination": "true",
                  "encrypted": "false",
                  "iops": "0",
                  "snapshot_id": "snap-083c029b805d74169",
                  "throughput": "0",
                  "volume_size": "8",
                  "volume_type": "standard"
                },
                "no_device": "",
                "virtual_name": ""
              }
            ],
            "boot_mode": "",
            "creation_date": "2025-06-20T08:40:54.000Z",
            "deprecation_time": "2025-09-18T08:41:00.000Z",
            "description": "Amazon Linux 2 AMI 2.0.20250623.0 x86_64 HVM ebs",
            "ena_support": true,
            "executable_users": null,
            "filter": [
              {
                "name": "name",
                "values": [
                  "amzn2-ami-hvm-2.*-x86_64-ebs"
                ]
              }
            ],
            "hypervisor": "xen",
            "id": "ami-0e886d6c6cf0131f5",
            "image_id": "ami-0e886d6c6cf0131f5",
            "image_location": "amazon/amzn2-ami-hvm-2.0.20250623.0-x86_64-ebs",
            "image_owner_alias": "amazon",
            "image_type": "machine",
            "imds_support": "",
            "include_deprecated": false,
            "kernel_id": "",
            "most_recent": true,
            "name": "amzn2-ami-hvm-2.0.20250623.0-x86_64-ebs",
            "name_regex": null,
            "owner_id": "137112412989",
            "owners": [
              "amazon"
            ],
            "platform": "",
            "platform_details": "Linux/UNIX",
            "product_codes": [],
            "public": true,
            "ramdisk_id": "",
            "root_device_name": "/dev/xvda",
            "root_device_type": "ebs",
            "root_snapshot_id": "snap-083c029b805d74169",
            "sriov_net_support": "simple",
            "state": "available",
            "state_reason": {
              "code": "UNSET",
              "message": "UNSET"
            },
            "tags": {},
            "timeouts": null,
            "tpm_support": "",
            "usage_operation": "RunInstances",
            "virtualization_type": "hvm"
          },
          "sensitive_attributes": []
        }
      ]
    },
    {
      "module": "module.runner",
      "mode": "data",
      "type": "aws_availability_zone",
      "name": "runners",
      "provider": "provider[\"registry.terraform.io/hashicorp/aws\"]",
      "instances": [
        {
          "schema_version": 0,
          "attributes": {
            "all_availability_zones": null,
            "filter": null,
            "group_name": "ap-northeast-1-zg-1",
            "id": "ap-northeast-1a",
            "name": "ap-northeast-1a",
            "name_suffix": "a",
            "network_border_group": "ap-northeast-1",
            "opt_in_status": "opt-in-not-required",
            "parent_zone_id": "",
            "parent_zone_name": "",
            "region": "ap-northeast-1",
            "state": "available",
            "timeouts": null,
            "zone_id": "apne1-az4",
            "zone_type": "availability-zone"
          },
          "sensitive_attributes": []
        }
      ]
    },
    {
      "module": "module.runner",
      "mode": "data",
      "type": "aws_caller_identity",
      "name": "current",
      "provider": "provider[\"registry.terraform.io/hashicorp/aws\"]",
      "instances": [
        {
          "schema_version": 0,
          "attributes": {
            "account_id": "977310042706",
            "arn": "arn:aws:sts::977310042706:assumed-role/OrganizationAccountAccessRole/e2oohara",
            "id": "977310042706",
            "user_id": "AROA6HDBXZJJCHOX6G4SC:e2oohara"
          },
          "sensitive_attributes": []
        }
      ]
    },
    {
      "module": "module.runner",
      "mode": "data",
      "type": "aws_partition",
      "name": "current",
      "provider": "provider[\"registry.terraform.io/hashicorp/aws\"]",
      "instances": [
        {
          "schema_version": 0,
          "attributes": {
            "dns_suffix": "amazonaws.com",
            "id": "aws",
            "partition": "aws",
            "reverse_dns_prefix": "com.amazonaws"
          },
          "sensitive_attributes": []
        }
      ]
    },
    {
      "module": "module.runner",
      "mode": "data",
      "type": "aws_region",
      "name": "current",
      "provider": "provider[\"registry.terraform.io/hashicorp/aws\"]",
      "instances": [
        {
          "schema_version": 0,
          "attributes": {
            "description": "Asia Pacific (Tokyo)",
            "endpoint": "ec2.ap-northeast-1.amazonaws.com",
            "id": "ap-northeast-1",
            "name": "ap-northeast-1"
          },
          "sensitive_attributes": []
        }
      ]
    },
    {
      "module": "module.runner",
      "mode": "data",
      "type": "aws_subnet",
      "name": "runners",
      "provider": "provider[\"registry.terraform.io/hashicorp/aws\"]",
      "instances": [
        {
          "schema_version": 0,
          "attributes": {
            "arn": "arn:aws:ec2:ap-northeast-1:977310042706:subnet/subnet-0c2d40dd097de6239",
            "assign_ipv6_address_on_creation": false,
            "availability_zone": "ap-northeast-1a",
            "availability_zone_id": "apne1-az4",
            "available_ip_address_count": 251,
            "cidr_block": "10.0.1.0/24",
            "customer_owned_ipv4_pool": "",
            "default_for_az": false,
            "enable_dns64": false,
            "enable_lni_at_device_index": 0,
            "enable_resource_name_dns_a_record_on_launch": false,
            "enable_resource_name_dns_aaaa_record_on_launch": false,
            "filter": null,
            "id": "subnet-0c2d40dd097de6239",
            "ipv6_cidr_block": "",
            "ipv6_cidr_block_association_id": "",
            "ipv6_native": false,
            "map_customer_owned_ip_on_launch": false,
            "map_public_ip_on_launch": false,
            "outpost_arn": "",
            "owner_id": "977310042706",
            "private_dns_hostname_type_on_launch": "ip-name",
            "state": "available",
            "tags": {
              "Environment": "gitlab-runner",
              "Name": "vpc-gitlab-runner-private-ap-northeast-1a"
            },
            "timeouts": null,
            "vpc_id": "vpc-00716061a297d1582"
          },
          "sensitive_attributes": []
        }
      ]
    },
    {
      "module": "module.runner",
      "mode": "managed",
      "type": "aws_autoscaling_group",
      "name": "gitlab_runner_instance",
      "provider": "provider[\"registry.terraform.io/hashicorp/aws\"]",
      "instances": [
        {
          "schema_version": 1,
          "attributes": {
            "arn": "arn:aws:autoscaling:ap-northeast-1:977310042706:autoScalingGroup:188eec59-7e0a-47d9-b285-c74c135aa237:autoScalingGroupName/gitlab-runner-2025071406450345710000000e-asg",
            "availability_zones": [
              "ap-northeast-1a"
            ],
            "capacity_rebalance": false,
            "context": "",
            "default_cooldown": 300,
            "default_instance_warmup": 0,
            "desired_capacity": 1,
            "desired_capacity_type": "",
            "enabled_metrics": [
              "GroupDesiredCapacity",
              "GroupInServiceCapacity"
            ],
            "force_delete": false,
            "force_delete_warm_pool": false,
            "health_check_grace_period": 0,
            "health_check_type": "EC2",
            "id": "gitlab-runner-2025071406450345710000000e-asg",
            "ignore_failed_scaling_activities": false,
            "initial_lifecycle_hook": [],
            "instance_maintenance_policy": [],
            "instance_refresh": [
              {
                "preferences": [
                  {
                    "auto_rollback": false,
                    "checkpoint_delay": "",
                    "checkpoint_percentages": null,
                    "instance_warmup": "",
                    "max_healthy_percentage": 100,
                    "min_healthy_percentage": 0,
                    "scale_in_protected_instances": "Ignore",
                    "skip_matching": false,
                    "standby_instances": "Ignore"
                  }
                ],
                "strategy": "Rolling",
                "triggers": [
                  "tag"
                ]
              }
            ],
            "launch_configuration": "",
            "launch_template": [
              {
                "id": "lt-077256f0a1a45d635",
                "name": "gitlab-runner-2025071406450345710000000e",
                "version": "1"
              }
            ],
            "load_balancers": [],
            "max_instance_lifetime": 0,
            "max_size": 1,
            "metrics_granularity": "1Minute",
            "min_elb_capacity": null,
            "min_size": 1,
            "mixed_instances_policy": [],
            "name": "gitlab-runner-2025071406450345710000000e-asg",
            "name_prefix": "",
            "placement_group": "",
            "predicted_capacity": 0,
            "protect_from_scale_in": false,
            "service_linked_role_arn": "arn:aws:iam::977310042706:role/aws-service-role/autoscaling.amazonaws.com/AWSServiceRoleForAutoScaling",
            "suspended_processes": null,
            "tag": [
              {
                "key": "Environment",
                "propagate_at_launch": true,
                "value": "gitlab-runner"
              },
              {
                "key": "Name",
                "propagate_at_launch": true,
                "value": "gitlab-runner"
              },
              {
                "key": "tf-aws-gitlab-runner:example",
                "propagate_at_launch": true,
                "value": "runner-default"
              },
              {
                "key": "tf-aws-gitlab-runner:instancelifecycle",
                "propagate_at_launch": true,
                "value": "spot:yes"
              }
            ],
            "target_group_arns": [],
            "termination_policies": null,
            "timeouts": {
              "delete": "10m",
              "update": null
            },
            "traffic_source": [],
            "vpc_zone_identifier": [
              "subnet-0c2d40dd097de6239"
            ],
            "wait_for_capacity_timeout": "10m",
            "wait_for_elb_capacity": null,
            "warm_pool": [],
            "warm_pool_size": 0
          },
          "sensitive_attributes": [],
          "private": "eyJlMmJmYjczMC1lY2FhLTExZTYtOGY4OC0zNDM2M2JjN2M0YzAiOnsiZGVsZXRlIjo2MDAwMDAwMDAwMDAsInVwZGF0ZSI6NjAwMDAwMDAwMDAwfSwic2NoZW1hX3ZlcnNpb24iOiIxIn0=",
          "dependencies": [
            "data.aws_availability_zones.available",
            "data.aws_security_group.default",
            "module.runner.aws_cloudwatch_log_group.environment",
            "module.runner.aws_eip.gitlab_runner",
            "module.runner.aws_iam_instance_profile.docker_machine",
            "module.runner.aws_iam_role.docker_machine",
            "module.runner.aws_kms_key.default",
            "module.runner.aws_launch_template.fleet_gitlab_runner",
            "module.runner.aws_launch_template.gitlab_runner_instance",
            "module.runner.aws_security_group.docker_machine",
            "module.runner.aws_security_group.runner",
            "module.runner.data.aws_ami.docker-machine",
            "module.runner.data.aws_ami.runner",
            "module.runner.data.aws_availability_zone.runners",
            "module.runner.data.aws_caller_identity.current",
            "module.runner.data.aws_partition.current",
            "module.runner.data.aws_region.current",
            "module.runner.data.aws_subnet.runners",
            "module.runner.module.cache.aws_s3_bucket.build_cache",
            "module.runner.module.cache.data.aws_caller_identity.current",
            "module.runner.module.cache.random_string.s3_suffix",
            "module.runner.tls_private_key.fleet",
            "module.vpc.aws_subnet.private",
            "module.vpc.aws_vpc.this",
            "module.vpc.aws_vpc_ipv4_cidr_block_association.this"
          ]
        }
      ]
    },
    {
      "module": "module.runner",
      "mode": "managed",
      "type": "aws_cloudwatch_log_group",
      "name": "environment",
      "provider": "provider[\"registry.terraform.io/hashicorp/aws\"]",
      "instances": [
        {
          "index_key": 0,
          "schema_version": 0,
          "attributes": {
            "arn": "arn:aws:logs:ap-northeast-1:977310042706:log-group:gitlab-runner",
            "id": "gitlab-runner",
            "kms_key_id": "",
            "log_group_class": "STANDARD",
            "name": "gitlab-runner",
            "name_prefix": "",
            "retention_in_days": 14,
            "skip_destroy": false,
            "tags": {
              "Environment": "gitlab-runner",
              "Name": "gitlab-runner",
              "tf-aws-gitlab-runner:example": "runner-default",
              "tf-aws-gitlab-runner:instancelifecycle": "spot:yes"
            },
            "tags_all": {
              "Environment": "gitlab-runner",
              "Name": "gitlab-runner",
              "tf-aws-gitlab-runner:example": "runner-default",
              "tf-aws-gitlab-runner:instancelifecycle": "spot:yes"
            }
          },
          "sensitive_attributes": [],
          "private": "bnVsbA==",
          "dependencies": [
            "module.runner.aws_kms_key.default"
          ],
          "create_before_destroy": true
        }
      ]
    },
    {
      "module": "module.runner",
      "mode": "managed",
      "type": "aws_iam_instance_profile",
      "name": "docker_machine",
      "provider": "provider[\"registry.terraform.io/hashicorp/aws\"]",
      "instances": [
        {
          "index_key": 0,
          "schema_version": 0,
          "attributes": {
            "arn": "arn:aws:iam::977310042706:instance-profile/gitlab-runner-docker-machine",
            "create_date": "2025-07-14T06:44:50Z",
            "id": "gitlab-runner-docker-machine",
            "name": "gitlab-runner-docker-machine",
            "name_prefix": "",
            "path": "/",
            "role": "gitlab-runner-docker-machine",
            "tags": {
              "Environment": "gitlab-runner",
              "Name": "gitlab-runner",
              "tf-aws-gitlab-runner:example": "runner-default",
              "tf-aws-gitlab-runner:instancelifecycle": "spot:yes"
            },
            "tags_all": {
              "Environment": "gitlab-runner",
              "Name": "gitlab-runner",
              "tf-aws-gitlab-runner:example": "runner-default",
              "tf-aws-gitlab-runner:instancelifecycle": "spot:yes"
            },
            "unique_id": "AIPA6HDBXZJJOLQII4HC7"
          },
          "sensitive_attributes": [],
          "private": "bnVsbA==",
          "dependencies": [
            "module.runner.aws_iam_role.docker_machine",
            "module.runner.data.aws_caller_identity.current",
            "module.runner.data.aws_partition.current"
          ],
          "create_before_destroy": true
        }
      ]
    },
    {
      "module": "module.runner",
      "mode": "managed",
      "type": "aws_iam_instance_profile",
      "name": "instance",
      "provider": "provider[\"registry.terraform.io/hashicorp/aws\"]",
      "instances": [
        {
          "index_key": 0,
          "schema_version": 0,
          "attributes": {
            "arn": "arn:aws:iam::977310042706:instance-profile/gitlab-runner-instance",
            "create_date": "2025-07-14T06:44:49Z",
            "id": "gitlab-runner-instance",
            "name": "gitlab-runner-instance",
            "name_prefix": "",
            "path": "/",
            "role": "gitlab-runner-instance",
            "tags": {
              "Environment": "gitlab-runner",
              "Name": "gitlab-runner",
              "tf-aws-gitlab-runner:example": "runner-default",
              "tf-aws-gitlab-runner:instancelifecycle": "spot:yes"
            },
            "tags_all": {
              "Environment": "gitlab-runner",
              "Name": "gitlab-runner",
              "tf-aws-gitlab-runner:example": "runner-default",
              "tf-aws-gitlab-runner:instancelifecycle": "spot:yes"
            },
            "unique_id": "AIPA6HDBXZJJARW6NVVNH"
          },
          "sensitive_attributes": [],
          "private": "bnVsbA=="
        }
      ]
    },
    {
      "module": "module.runner",
      "mode": "managed",
      "type": "aws_iam_policy",
      "name": "instance_docker_machine_policy",
      "provider": "provider[\"registry.terraform.io/hashicorp/aws\"]",
      "instances": [
        {
          "index_key": 0,
          "schema_version": 0,
          "attributes": {
            "arn": "arn:aws:iam::977310042706:policy/gitlab-runner-docker-machine",
            "description": "Policy for docker machine.",
            "id": "arn:aws:iam::977310042706:policy/gitlab-runner-docker-machine",
            "name": "gitlab-runner-docker-machine",
            "name_prefix": "",
            "path": "/",
            "policy": "{\"Statement\":[{\"Action\":[\"ec2:DescribeKeyPairs\",\"ec2:TerminateInstances\",\"ec2:StopInstances\",\"ec2:StartInstances\",\"ec2:RunInstances\",\"ec2:RebootInstances\",\"ec2:CreateKeyPair\",\"ec2:DeleteKeyPair\",\"ec2:ImportKeyPair\",\"ec2:Describe*\",\"ec2:CreateTags\",\"ec2:RequestSpotInstances\",\"ec2:CancelSpotInstanceRequests\",\"ec2:DescribeSubnets\",\"ec2:AssociateIamInstanceProfile\",\"ec2:CreateFleet\"],\"Effect\":\"Allow\",\"Resource\":\"*\"},{\"Action\":[\"iam:PassRole\"],\"Effect\":\"Allow\",\"Resource\":\"arn:aws:iam::977310042706:role/gitlab-runner-docker-machine\"}],\"Version\":\"2012-10-17\"}",
            "policy_id": "ANPA6HDBXZJJFKW4TZIYZ",
            "tags": {
              "Environment": "gitlab-runner",
              "Name": "gitlab-runner",
              "tf-aws-gitlab-runner:example": "runner-default",
              "tf-aws-gitlab-runner:instancelifecycle": "spot:yes"
            },
            "tags_all": {
              "Environment": "gitlab-runner",
              "Name": "gitlab-runner",
              "tf-aws-gitlab-runner:example": "runner-default",
              "tf-aws-gitlab-runner:instancelifecycle": "spot:yes"
            }
          },
          "sensitive_attributes": [],
          "private": "bnVsbA==",
          "dependencies": [
            "module.runner.aws_iam_role.docker_machine",
            "module.runner.data.aws_caller_identity.current",
            "module.runner.data.aws_partition.current"
          ]
        }
      ]
    },
    {
      "module": "module.runner",
      "mode": "managed",
      "type": "aws_iam_policy",
      "name": "instance_session_manager_policy",
      "provider": "provider[\"registry.terraform.io/hashicorp/aws\"]",
      "instances": [
        {
          "index_key": 0,
          "schema_version": 0,
          "attributes": {
            "arn": "arn:aws:iam::977310042706:policy/gitlab-runner-session-manager",
            "description": "Policy session manager.",
            "id": "arn:aws:iam::977310042706:policy/gitlab-runner-session-manager",
            "name": "gitlab-runner-session-manager",
            "name_prefix": "",
            "path": "/",
            "policy": "{\"Statement\":[{\"Action\":[\"ssmmessages:CreateControlChannel\",\"ssmmessages:CreateDataChannel\",\"ssmmessages:OpenControlChannel\",\"ssmmessages:OpenDataChannel\"],\"Effect\":\"Allow\",\"Resource\":\"*\"}],\"Version\":\"2012-10-17\"}",
            "policy_id": "ANPA6HDBXZJJLDYIROPYW",
            "tags": {
              "Environment": "gitlab-runner",
              "Name": "gitlab-runner",
              "tf-aws-gitlab-runner:example": "runner-default",
              "tf-aws-gitlab-runner:instancelifecycle": "spot:yes"
            },
            "tags_all": {
              "Environment": "gitlab-runner",
              "Name": "gitlab-runner",
              "tf-aws-gitlab-runner:example": "runner-default",
              "tf-aws-gitlab-runner:instancelifecycle": "spot:yes"
            }
          },
          "sensitive_attributes": [],
          "private": "bnVsbA=="
        }
      ]
    },
    {
      "module": "module.runner",
      "mode": "managed",
      "type": "aws_iam_policy",
      "name": "service_linked_role",
      "provider": "provider[\"registry.terraform.io/hashicorp/aws\"]",
      "instances": [
        {
          "index_key": 0,
          "schema_version": 0,
          "attributes": {
            "arn": "arn:aws:iam::977310042706:policy/gitlab-runner-service_linked_role",
            "description": "Policy for creation of service linked roles.",
            "id": "arn:aws:iam::977310042706:policy/gitlab-runner-service_linked_role",
            "name": "gitlab-runner-service_linked_role",
            "name_prefix": "",
            "path": "/",
            "policy": "{\"Statement\":[{\"Action\":\"iam:CreateServiceLinkedRole\",\"Effect\":\"Allow\",\"Resource\":\"arn:aws:iam::*:role/aws-service-role/*\"}],\"Version\":\"2012-10-17\"}",
            "policy_id": "ANPA6HDBXZJJGJY5IUHYR",
            "tags": {
              "Environment": "gitlab-runner",
              "Name": "gitlab-runner",
              "tf-aws-gitlab-runner:example": "runner-default",
              "tf-aws-gitlab-runner:instancelifecycle": "spot:yes"
            },
            "tags_all": {
              "Environment": "gitlab-runner",
              "Name": "gitlab-runner",
              "tf-aws-gitlab-runner:example": "runner-default",
              "tf-aws-gitlab-runner:instancelifecycle": "spot:yes"
            }
          },
          "sensitive_attributes": [],
          "private": "bnVsbA==",
          "dependencies": [
            "module.runner.data.aws_partition.current"
          ]
        }
      ]
    },
    {
      "module": "module.runner",
      "mode": "managed",
      "type": "aws_iam_policy",
      "name": "ssm",
      "provider": "provider[\"registry.terraform.io/hashicorp/aws\"]",
      "instances": [
        {
          "schema_version": 0,
          "attributes": {
            "arn": "arn:aws:iam::977310042706:policy/gitlab-runner-ssm",
            "description": "Policy for runner token param access via SSM",
            "id": "arn:aws:iam::977310042706:policy/gitlab-runner-ssm",
            "name": "gitlab-runner-ssm",
            "name_prefix": "",
            "path": "/",
            "policy": "{\"Statement\":[{\"Action\":[\"ssm:PutParameter\"],\"Effect\":\"Allow\",\"Resource\":\"*\"},{\"Action\":[\"ssm:GetParameter\",\"ssm:GetParameters\"],\"Effect\":\"Allow\",\"Resource\":\"arn:aws:ssm:*\"}],\"Version\":\"2012-10-17\"}",
            "policy_id": "ANPA6HDBXZJJBANSOLFES",
            "tags": {
              "Environment": "gitlab-runner",
              "Name": "gitlab-runner",
              "tf-aws-gitlab-runner:example": "runner-default",
              "tf-aws-gitlab-runner:instancelifecycle": "spot:yes"
            },
            "tags_all": {
              "Environment": "gitlab-runner",
              "Name": "gitlab-runner",
              "tf-aws-gitlab-runner:example": "runner-default",
              "tf-aws-gitlab-runner:instancelifecycle": "spot:yes"
            }
          },
          "sensitive_attributes": [],
          "private": "bnVsbA==",
          "dependencies": [
            "module.runner.data.aws_partition.current"
          ]
        }
      ]
    },
    {
      "module": "module.runner",
      "mode": "managed",
      "type": "aws_iam_role",
      "name": "docker_machine",
      "provider": "provider[\"registry.terraform.io/hashicorp/aws\"]",
      "instances": [
        {
          "index_key": 0,
          "schema_version": 0,
          "attributes": {
            "arn": "arn:aws:iam::977310042706:role/gitlab-runner-docker-machine",
            "assume_role_policy": "{\"Statement\":[{\"Action\":\"sts:AssumeRole\",\"Effect\":\"Allow\",\"Principal\":{\"Service\":\"ec2.amazonaws.com\"},\"Sid\":\"\"}],\"Version\":\"2012-10-17\"}",
            "create_date": "2025-07-14T06:44:49Z",
            "description": "",
            "force_detach_policies": false,
            "id": "gitlab-runner-docker-machine",
            "inline_policy": [],
            "managed_policy_arns": [],
            "max_session_duration": 3600,
            "name": "gitlab-runner-docker-machine",
            "name_prefix": "",
            "path": "/",
            "permissions_boundary": "",
            "tags": {
              "Environment": "gitlab-runner",
              "Name": "gitlab-runner",
              "tf-aws-gitlab-runner:example": "runner-default",
              "tf-aws-gitlab-runner:instancelifecycle": "spot:yes"
            },
            "tags_all": {
              "Environment": "gitlab-runner",
              "Name": "gitlab-runner",
              "tf-aws-gitlab-runner:example": "runner-default",
              "tf-aws-gitlab-runner:instancelifecycle": "spot:yes"
            },
            "unique_id": "AROA6HDBXZJJNW66A725L"
          },
          "sensitive_attributes": [],
          "private": "bnVsbA==",
          "dependencies": [
            "module.runner.data.aws_caller_identity.current",
            "module.runner.data.aws_partition.current"
          ],
          "create_before_destroy": true
        }
      ]
    },
    {
      "module": "module.runner",
      "mode": "managed",
      "type": "aws_iam_role",
      "name": "instance",
      "provider": "provider[\"registry.terraform.io/hashicorp/aws\"]",
      "instances": [
        {
          "index_key": 0,
          "schema_version": 0,
          "attributes": {
            "arn": "arn:aws:iam::977310042706:role/gitlab-runner-instance",
            "assume_role_policy": "{\"Statement\":[{\"Action\":\"sts:AssumeRole\",\"Effect\":\"Allow\",\"Principal\":{\"Service\":\"ec2.amazonaws.com\"},\"Sid\":\"\"}],\"Version\":\"2012-10-17\"}",
            "create_date": "2025-07-14T06:44:49Z",
            "description": "",
            "force_detach_policies": false,
            "id": "gitlab-runner-instance",
            "inline_policy": [],
            "managed_policy_arns": [],
            "max_session_duration": 3600,
            "name": "gitlab-runner-instance",
            "name_prefix": "",
            "path": "/",
            "permissions_boundary": "",
            "tags": {
              "Environment": "gitlab-runner",
              "Name": "gitlab-runner",
              "tf-aws-gitlab-runner:example": "runner-default",
              "tf-aws-gitlab-runner:instancelifecycle": "spot:yes"
            },
            "tags_all": {
              "Environment": "gitlab-runner",
              "Name": "gitlab-runner",
              "tf-aws-gitlab-runner:example": "runner-default",
              "tf-aws-gitlab-runner:instancelifecycle": "spot:yes"
            },
            "unique_id": "AROA6HDBXZJJPFNX7JXKR"
          },
          "sensitive_attributes": [],
          "private": "bnVsbA==",
          "dependencies": [
            "module.runner.data.aws_caller_identity.current",
            "module.runner.data.aws_partition.current"
          ]
        }
      ]
    },
    {
      "module": "module.runner",
      "mode": "managed",
      "type": "aws_iam_role_policy",
      "name": "instance",
      "provider": "provider[\"registry.terraform.io/hashicorp/aws\"]",
      "instances": [
        {
          "index_key": 0,
          "schema_version": 0,
          "attributes": {
            "id": "gitlab-runner-instance:gitlab-runner-logging",
            "name": "gitlab-runner-logging",
            "name_prefix": "",
            "policy": "{\"Version\":\"2012-10-17\",\"Statement\":[{\"Action\":[\"logs:CreateLogGroup\",\"logs:CreateLogStream\",\"logs:PutLogEvents\",\"logs:DescribeLogStreams\"],\"Effect\":\"Allow\",\"Resource\":[\"arn:aws:logs:*:*:*\"],\"Sid\":\"allowLoggingToCloudWatch\"}]}",
            "role": "gitlab-runner-instance"
          },
          "sensitive_attributes": [],
          "private": "bnVsbA==",
          "dependencies": [
            "module.runner.aws_iam_role.instance",
            "module.runner.data.aws_caller_identity.current",
            "module.runner.data.aws_partition.current"
          ]
        }
      ]
    },
    {
      "module": "module.runner",
      "mode": "managed",
      "type": "aws_iam_role_policy_attachment",
      "name": "docker_machine_cache_instance",
      "provider": "provider[\"registry.terraform.io/hashicorp/aws\"]",
      "instances": [
        {
          "index_key": 0,
          "schema_version": 0,
          "attributes": {
            "id": "gitlab-runner-instance-20250714064452340200000007",
            "policy_arn": "arn:aws:iam::977310042706:policy/gitlab-runner-docker-machine-cache",
            "role": "gitlab-runner-instance"
          },
          "sensitive_attributes": [],
          "private": "bnVsbA==",
          "dependencies": [
            "module.runner.aws_iam_role.instance",
            "module.runner.data.aws_caller_identity.current",
            "module.runner.data.aws_partition.current",
            "module.runner.module.cache.aws_iam_policy.docker_machine_cache",
            "module.runner.module.cache.aws_s3_bucket.build_cache",
            "module.runner.module.cache.data.aws_caller_identity.current",
            "module.runner.module.cache.random_string.s3_suffix"
          ]
        }
      ]
    },
    {
      "module": "module.runner",
      "mode": "managed",
      "type": "aws_iam_role_policy_attachment",
      "name": "instance_docker_machine_policy",
      "provider": "provider[\"registry.terraform.io/hashicorp/aws\"]",
      "instances": [
        {
          "index_key": 0,
          "schema_version": 0,
          "attributes": {
            "id": "gitlab-runner-instance-20250714064451262400000006",
            "policy_arn": "arn:aws:iam::977310042706:policy/gitlab-runner-docker-machine",
            "role": "gitlab-runner-instance"
          },
          "sensitive_attributes": [],
          "private": "bnVsbA==",
          "dependencies": [
            "module.runner.aws_iam_policy.instance_docker_machine_policy",
            "module.runner.aws_iam_role.docker_machine",
            "module.runner.aws_iam_role.instance",
            "module.runner.data.aws_caller_identity.current",
            "module.runner.data.aws_partition.current"
          ]
        }
      ]
    },
    {
      "module": "module.runner",
      "mode": "managed",
      "type": "aws_iam_role_policy_attachment",
      "name": "instance_session_manager_aws_managed",
      "provider": "provider[\"registry.terraform.io/hashicorp/aws\"]",
      "instances": [
        {
          "index_key": 0,
          "schema_version": 0,
          "attributes": {
            "id": "gitlab-runner-instance-20250714064450708800000003",
            "policy_arn": "arn:aws:iam::aws:policy/AmazonSSMManagedInstanceCore",
            "role": "gitlab-runner-instance"
          },
          "sensitive_attributes": [],
          "private": "bnVsbA==",
          "dependencies": [
            "module.runner.aws_iam_role.instance",
            "module.runner.data.aws_caller_identity.current",
            "module.runner.data.aws_partition.current"
          ]
        }
      ]
    },
    {
      "module": "module.runner",
      "mode": "managed",
      "type": "aws_iam_role_policy_attachment",
      "name": "instance_session_manager_policy",
      "provider": "provider[\"registry.terraform.io/hashicorp/aws\"]",
      "instances": [
        {
          "index_key": 0,
          "schema_version": 0,
          "attributes": {
            "id": "gitlab-runner-instance-20250714064450677700000002",
            "policy_arn": "arn:aws:iam::977310042706:policy/gitlab-runner-session-manager",
            "role": "gitlab-runner-instance"
          },
          "sensitive_attributes": [],
          "private": "bnVsbA==",
          "dependencies": [
            "module.runner.aws_iam_policy.instance_session_manager_policy",
            "module.runner.aws_iam_role.instance",
            "module.runner.data.aws_caller_identity.current",
            "module.runner.data.aws_partition.current"
          ]
        }
      ]
    },
    {
      "module": "module.runner",
      "mode": "managed",
      "type": "aws_iam_role_policy_attachment",
      "name": "service_linked_role",
      "provider": "provider[\"registry.terraform.io/hashicorp/aws\"]",
      "instances": [
        {
          "index_key": 0,
          "schema_version": 0,
          "attributes": {
            "id": "gitlab-runner-instance-20250714064450760300000004",
            "policy_arn": "arn:aws:iam::977310042706:policy/gitlab-runner-service_linked_role",
            "role": "gitlab-runner-instance"
          },
          "sensitive_attributes": [],
          "private": "bnVsbA==",
          "dependencies": [
            "module.runner.aws_iam_policy.service_linked_role",
            "module.runner.aws_iam_role.instance",
            "module.runner.data.aws_caller_identity.current",
            "module.runner.data.aws_partition.current"
          ]
        }
      ]
    },
    {
      "module": "module.runner",
      "mode": "managed",
      "type": "aws_iam_role_policy_attachment",
      "name": "ssm",
      "provider": "provider[\"registry.terraform.io/hashicorp/aws\"]",
      "instances": [
        {
          "schema_version": 0,
          "attributes": {
            "id": "gitlab-runner-instance-20250714064450654300000001",
            "policy_arn": "arn:aws:iam::977310042706:policy/gitlab-runner-ssm",
            "role": "gitlab-runner-instance"
          },
          "sensitive_attributes": [],
          "private": "bnVsbA==",
          "dependencies": [
            "module.runner.aws_iam_policy.ssm",
            "module.runner.aws_iam_role.instance",
            "module.runner.data.aws_caller_identity.current",
            "module.runner.data.aws_partition.current"
          ]
        }
      ]
    },
    {
      "module": "module.runner",
      "mode": "managed",
      "type": "aws_launch_template",
      "name": "gitlab_runner_instance",
      "provider": "provider[\"registry.terraform.io/hashicorp/aws\"]",
      "instances": [
        {
          "schema_version": 0,
          "attributes": {
            "arn": "arn:aws:ec2:ap-northeast-1:977310042706:launch-template/lt-077256f0a1a45d635",
            "block_device_mappings": [
              {
                "device_name": "/dev/xvda",
                "ebs": [
                  {
                    "delete_on_termination": "true",
                    "encrypted": "true",
                    "iops": 0,
                    "kms_key_id": "",
                    "snapshot_id": "",
                    "throughput": 0,
                    "volume_size": 8,
                    "volume_type": "gp3"
                  }
                ],
                "no_device": "",
                "virtual_name": ""
              }
            ],
            "capacity_reservation_specification": [],
            "cpu_options": [],
            "credit_specification": [],
            "default_version": 1,
            "description": "",
            "disable_api_stop": false,
            "disable_api_termination": false,
            "ebs_optimized": "true",
            "elastic_gpu_specifications": [],
            "elastic_inference_accelerator": [],
            "enclave_options": [],
            "hibernation_options": [],
            "iam_instance_profile": [
              {
                "arn": "",
                "name": "gitlab-runner-instance"
              }
            ],
            "id": "lt-077256f0a1a45d635",
            "image_id": "ami-0e886d6c6cf0131f5",
            "instance_initiated_shutdown_behavior": "",
            "instance_market_options": [],
            "instance_requirements": [],
            "instance_type": "t3.micro",
            "kernel_id": "",
            "key_name": "",
            "latest_version": 1,
            "license_specification": [],
            "maintenance_options": [],
            "metadata_options": [
              {
                "http_endpoint": "enabled",
                "http_protocol_ipv6": "",
                "http_put_response_hop_limit": 2,
                "http_tokens": "required",
                "instance_metadata_tags": "disabled"
              }
            ],
            "monitoring": [
              {
                "enabled": true
              }
            ],
            "name": "gitlab-runner-2025071406450345710000000e",
            "name_prefix": "gitlab-runner-",
            "network_interfaces": [
              {
                "associate_carrier_ip_address": "",
                "associate_public_ip_address": "false",
                "delete_on_termination": "",
                "description": "",
                "device_index": 0,
                "interface_type": "",
                "ipv4_address_count": 0,
                "ipv4_addresses": null,
                "ipv4_prefix_count": 0,
                "ipv4_prefixes": null,
                "ipv6_address_count": 0,
                "ipv6_addresses": null,
                "ipv6_prefix_count": 0,
                "ipv6_prefixes": null,
                "network_card_index": 0,
                "network_interface_id": "",
                "private_ip_address": "",
                "security_groups": [
                  "sg-0684fefb096c879eb"
                ],
                "subnet_id": ""
              }
            ],
            "placement": [],
            "private_dns_name_options": [],
            "ram_disk_id": "",
            "security_group_names": null,
            "tag_specifications": [
              {
                "resource_type": "instance",
                "tags": {
                  "Environment": "gitlab-runner",
                  "Name": "gitlab-runner",
                  "tf-aws-gitlab-runner:example": "runner-default",
                  "tf-aws-gitlab-runner:instancelifecycle": "spot:yes"
                }
              },
              {
                "resource_type": "volume",
                "tags": {
                  "Environment": "gitlab-runner",
                  "Name": "gitlab-runner",
                  "tf-aws-gitlab-runner:example": "runner-default",
                  "tf-aws-gitlab-runner:instancelifecycle": "spot:yes"
                }
              }
            ],
            "tags": {
              "Environment": "gitlab-runner",
              "Name": "gitlab-runner",
              "tf-aws-gitlab-runner:example": "runner-default",
              "tf-aws-gitlab-runner:instancelifecycle": "spot:yes"
            },
            "tags_all": {
              "Environment": "gitlab-runner",
              "Name": "gitlab-runner",
              "tf-aws-gitlab-runner:example": "runner-default",
              "tf-aws-gitlab-runner:instancelifecycle": "spot:yes"
            },
            "update_default_version": true,
            "user_data": "H4sIAAAAAAAA/+R7eXPbtrb4//wUp7RTx61BSrLj7YaZcRM39e+XxLmWe9s7jh8HIo8k1CTBAqBkten77G+wUCK12G77OrczL51GEnBwcPYFQLa+CAesCAdUjoGgh/eYwCt49VwhQjihIsz4KKwkCpJSRYOMj+AzZHw0QgFEwXwGiITeqzDFSZjwQvIMd6H36suu57Eh3NzA9nNMxhyGNJO4C1EESlQIt7f/ADXGwgOQqIDce0PmeVtwlqaQVEJgoWDMpSpojqC4+S5hyDL0DIGoktCOvXx5fvnO6/aOgk7QCboAkPGEZnpy8S0w31KeU1bA9vMa866n13qK32ERbT9PKpEBGQL5ET5+fw3+WKnyNAy7hydB78VB4D7DjCqUKqQlC81KH8h34P9I6FQSTHokR0W1ZIiZJUplRGLCi1Sewn6n4+96nucNuQAGrIBfu0Fw9Ns/IOUegBGVf6YU5qU6BUIIAR+2mQcwq3IgM6jKlCqEL7+EgUB6B58/g8wQSzjseCkvUAvxopCKZhnQNGWK8YJmUAo+EjSXUCCmmMJgpsUPMhGsVHKZGu8pxDC3C5nBTz8/RJBnEO04eFaMmoRJPlRTKhA0Cdq8WDHa8bagAc0KoJBxXmpDwEJWAg3xScaAyRoS0+DPsqEVqJHSqcz4SD7ClpbzT5goQ8vrjFfpD1QlY3inlya8GLJRJahm09itHlJYKOklVMEra8Jup/oz0Mvg5UsC55ffejcjLFDQ7NaTiiqMDZbIOScbLBaPsFDEwHjezdx30xzl6NZrraqHvYyPYqkE0jw2LhbBr0YQRYIX6W8NoJHgVVnDjJjK6ICIqihQeKxgitEsLrk02oQIpKJCxXxoaG0Sk6OUdIRylZ565jGSWnAPUKXdQ7Ec4yEXOVUQwbMBPEvh2Xenz96fPuv/LrJb8W+V9tb0YwzMgf+8XLV1eFvQR2t8AkcaTHGQWKQrtmiitOLwvAE7HaPzoppE7Uo6SipMdz0LNQ+J8sEIdwrbLg4+HDDTWUFzloT1joSlWCimZmHKkyrXIf+z9jkiILAE7HoSUyAMCIIvQ0d7BJUkSKUi3cXQtv0WjvwVz0oyZhxLi+wKy4wmTa7TwFto6T/I8YKIJa5bRrS9+LGO1XkQMdl3JLAE8jPsnPa2dyysnEmFORGYIZVIkhIB5pl4C85+6MM7VlT30AOB2jpTYyR1RJQoJiwxGdkNpUCLVFcDEizuVKd08y1RGWBBB9l8fXvOGPViCjOJphywW8y31FAeQDK+s0F1PsMLUzR4W/BR8AlLrT2X1BQPDQXrhGCSXUmnBaZg3QwUHUnv49nV+Yfr+OJD//rsw+vz+OLN38QEHGHXZ28jvxUeiGWQsHRve5V63/Pyu5QJIKVVeDu0NFJPayK0og0Uz7N5/vESXtS1WATdjpeMMbmLWaFQTGgGEex7EgslZnEqtQ/6cdw//3B99e/4Tf9DfHX+8d3Z6/M38Tf/jr/vn1/Fb86uz+LYN+FvHpz9nyQvfC9jUmER0zQVKKUe9z3v5sZSJ29vPQAXK5ekkfLkDoXvAWilRbZok6eh4y9A0gt+KvW8tqGMFxg7QD1mVGgp30gugK6NK8WFBrT7fZ3TZMwKNLPFhAle5FZMN5rUUmA8qFiWxrbAggjqPzs7O1793dZFeZUplrECobt5qreY0hj0Hlyq5U18u0yyYpQh6IU7viPHsr6A1OMCf65Qqniu52SmFe0B8EqVlYozljMNfdA5OfQA6p8dzxBTayewMrk1gymT2uPjhCZjrS5T95sZltMRLkR42j0OOvtBlyRGippKNmEZjjAF2yTY0SrTmTBjhrYbn2ZTOpO+3UyO81iyX9DQpAdUJuMJCjactbae8KzKURoEoaHM3/PDBIWSYZIxLJR/62mm9P9LbAUqL4fS7uebzM9L5ZBobsR0r+DaQvx1i100k/EKFl3B5TP5c/YQFrONXXU9K4305L4VV39MhRHVgs32skDu3zqjOat0hFcsMeVojYnR3HcAfRQTFGcL75P7Ac3pL7ygU51Q5oDfVMkdqg9rXfHk6Gi/2+kc9I46h6Q9ZcXVwvGOW2o0HlqSggs1tkm9hrsoJCa62K95bErGOaDl8CLN8DWvCjU3BD1yzQyVhx07ZP56b5e9EWyCxp8tl5j0/Ob8egafyRbQZanpN1blKF5gI/N4r2YlRmo/yDFlVe7vrYK6YmtJCGsA9UdE181MyoSwNNIfnc5R97Bz2KW9k6O0++K4tw5eVoMCdQ6J3LdO0ksPOmnaOTlK8bC3f7JulfZQqpC4KE14kc0i7anrgCuJywsio8b1IjCRiMiSq7noNqI2ZsHUjJgiOlqXEIizj16n96Jz1D3oHB686HQ7R52Djv0zWIdYlwTR+SKe77VQ76mhKQZag6d4T/Myw716exzSKlPrYWvOMjbEZJZkuKcZPp2h3IvjRcaP400CxYEkvFQsZ79g+rigcl4wxQUrRptFz2i+MNZScN1hPCjStfrjXBEdiaPjteZp4q91hVG5v4E7oauraN0kzVlEc0Y6x/uHeHI02E+PD/bT9LhXh4q9JtOtOi3SpsUEpv4ebAQiAmXJC4lkzEti0lxU+82tc/n7t4JP1fiKqkW6uVkORwGtFJcJzVgxuq2jbzM69RpjS/EJ4CMKxlObpr6Cr+CE9Hqgv+S8IEPB4Cu/xqnXalZ0kDqTjIbX/G7G/T9IVWcdVRuI6pCTvV6P9PaXKNszs/Y/SdWerIon0Ou5ZnZjYepYiWv7COR4UaCav2yzFAzoHciw7Ubh9uJXOHqk7vVMKzFE3TdfuRbBlIdDwXPo99+bTmdCM2ZO4JjydOka14eHdCpByhxGqHSJTnNUKCQQoutWuZxK3Ed9fkimTI1JiomYmaQCxGWFldzouoVEgB98nG9z07kN/kWzCvW8EkBS2PkkPhU7u5qn68s3l9Dr9A5IZ5/0eqegxswcUU1QSL1JQgsYIAjM+QRToBIk54X+pFkGCc0yzYqcMpWMdUfIoV55FBwE3a/dUe8X4G8vZOJD9N/wX59+Db5qnvZuQZlR3ZDhvXLyJa8cLXoA/l//8oORtFRc6LqmIWX/10+++fbJP4VPzc0++Xvwya8kHWGcaKtGoWG6v5l6qtZNWTV0A4TwCYqpYAqBmOAEfVNw9JUOmeB095jqNimKkInWSNSWiT0ar08l3zL1jg7a5uZkgbpvVRwKnFqZ2JbJr/vkLWBFItC0Hbq7bfGuVTdFoEKPa140hEVf8KlulprQkTujbxC6aEpbkLtrlj7fbo183d3dbWttI/YE/DZ6iKCNzN/9m6rvEc4E7ATm986uOaMwUcOJw7Q21mH8+gzhiwj8osoyH25vPecpjTVxnZ+ahxMczKWLXgZkCv6zX2uoOOEp/uaD4c4UVvDxsn8N5N2G9tjcZUwO6mAb2hZKy0AbHfiOW0esVq8hfh2Flpdep6NZgS+/bLJhixAjEMf/5rYboge7co15Lr2oIT34/HmFOAthK6CGgDUN82ENYcook/AdBLizolhbV2xML/JtkrWLTe9mqlAfFjFuPk9+0SDtidr1z6+uLq9O4WJoj3BdBNBWzCQYlHsw4xXklVQgS0x0U0vtTMxSP1jgu2fKdO36z5C5L6uU7zh11igie6agq9E5L6XgP2Gi/ne5cUgNLWuZqgH+FFsLJI4xbWf6s07q1uSXkrqBsDMPp/IN4YQmiW6F/nAib+Vx+Awuje9a0pf9/nd7tC6barf24ZMTIiFjpCkKrW/bodVnmk1JNOFdHKCjOGNSRbYjiHX3Elvsq8Ap2tMm3dsqFIJa47NK2LQo04hT162szIqqiKtC0dEIU9v0rIDk9J7lVR4rliOvVLR/qEPRGkS1FUXm7wXI9oqFray2Oo8znGAWFVzFpeAKE4Vprbd2eqi1uCY51M5104pmJqa7Sr3lbO4S7CHMDgTCEAIUgou4oQi3Y3NXB2/idnPflb1XnP01r7K02FHmTklq89W+b2uZAFxpc/bxwhSQIFBVosAU5jsGbdRNd587vPnA+oDLWafTkN3WXrE63xUf/vXD/cE/768P+9fjH+iPB/+My3YQaC5aFwpqsTy2VZ2g3l5cvzv7Jr46f3vRv746u764/BBfX/7/8w/xt1eX7+N+/73OVqu6fJSV3xeGmgj+gmDUDKet1xJ/tMSo/W2pwnhc6kvLHg9IfyAcPRSMHg1FTwlETwgkDnJehhv2tSKsGv7Ckrgm0ZW/Sy3XI93WZhMzZd9Sr76hugvtLk/o2J23rtZw8yLPRiwfXkEoOFdhIOU4ZGksJA3KavAwhGfuHXOewmGns2basCTzeHEL9rsPAuxSkso/77BSe+xN57bpuPM6+wkXcy6iPQXSVN9tzttleC3+Jen4vnvn9S3X2YJLBD40FeGUFykaI52OZ5DwPKfS9a+4uMHFFAaY8am53kWa6tVDLqZUpCAzKsco90AiQh2DpKLJnXaKYcanQcLzkIbdw6Oj46NuN+zudw9PTron3hZcKF2oDjChlbT3yH1DNbzpfzAvdygr5PJWustmZiEt4PurdyC5/j3VedE9G+KV0jTWxBu+ihS0ntdhS9EcPmpdnu62vGXvKYrZW1HK3lNOvZyRLF1tGn2669Vlh2o+5rIgO7ah+r1PDpYfHZT2Jl86rDBhFPBeCSqBF9ls5bEBPK81TafSXVlZNZuvJNN4SS+sdy+4QhnahNYCcZvUr8Hs9gZMl9A6BBAK5G1NV31kba8hl587NFYvP3eYT82LmuYjNIedzJ66s3ss4ebqtxJD1myyH4iOzb2dODARJBFoXinQjIwxKy1FDYybLWUx1u6zbX8ZmQay1WDb6HuxMKc3lhV3x+aOr0qB9Ys6TLWr2SbcnoWQIWWZCZXaYQ91DTI3CiFIcsdIKXi6dI0RLF9xhpNO0D0Meu7OJuie6KVBL2yvI9vPK5NEidxdfM93df5QebkE3VT001hNKql4/gQe4dX6/WyBYNPW1/friNLh22b5fLJ2PqykCM2TWfNGeNPqrAAiHwE2s6vjHsASICHuTNkzh5uvBVKFQCGt8nwGNZTkoMbUnngmKEzwtc8kFaY6epQospnB0Ec8haVaVKvZhUIuRktRkUlZoQz3D48O1yIYVxaBJTx0JM2XHR+82DLfdZDHQpHecWf/+KR7dGyekJRcKNCxOtJlxGLou8v351HoxpZkklghEJLa++qCG0Fpi1g8cjYC2ixXYZ4NLwNVhUS79/yHpq1+hQ0y1yHBPRdR3F0N2IsDd7pj2qYBaputG0B0me2tlTacm4czmAJVIMeVSvm0CMxdz8uX55ff1jc+Lpa7z9DuNb86bTQB9XMK7+b7gqlb702jpr+qKURon6obOt1Qgw7vbKhQRAWqKRd3hBeZDgqKihEq7wdaKLlh7hsccoHRnB87DAIHnKv615hm8+93eI9Jvdq76Vsebr3rWYkRL1COufKuMKesMDSd3zMVzVB6Wnx9HdIj40Hm4NiO8TIyz1CsqOK6bWqJaux5Ny7Y3BqGMP1mFpknRSaBzCmaX8C9fLlzfvntjlbL48gb/37gP3kR9uR7sBRrK3UNoj2I9/7wTYi3tXiM7iKSXcAkFFzpmlXXkgNdtHA1RuEMsv53Ee2bDzJS0G1elK3SWz/0cXdheg/7mn9+J/TorUTdRi5y+fbKPq1CYU6OTV7GybTHWw+vXSwIgr/BPVu7U9WdyIY+tfObu8ips6vsNw8y3py/O78+f+o5xvo7EoPeaeWvu2sj/yfu2qzpXRtmpGJZ5lwrWAr02iHqK+xG0A9sz2mjnKmKqC6LHo9wK2X9ExKTt+XqfNvxmcEALrX7T5nrLKXiJdDEhLepZkcTPkBQgo1GJom20mVd42/e3dX92qO/gOcgyly3YC1VwKvFZeFuXZg/Wj6XNLmjI5RBo3xy7UIo0Pz7BC4YSucNS/WUzc2BKPNAjuEzmFTR7jna5tJ9ERwHvbrX0Nqqn3y3edE1ouf9DwAAAP//AQAA//9/e67FwTYAAA==",
            "vpc_security_group_ids": null
          },
          "sensitive_attributes": [],
          "private": "bnVsbA==",
          "dependencies": [
            "data.aws_availability_zones.available",
            "data.aws_security_group.default",
            "module.runner.aws_cloudwatch_log_group.environment",
            "module.runner.aws_eip.gitlab_runner",
            "module.runner.aws_iam_instance_profile.docker_machine",
            "module.runner.aws_iam_role.docker_machine",
            "module.runner.aws_kms_key.default",
            "module.runner.aws_launch_template.fleet_gitlab_runner",
            "module.runner.aws_security_group.docker_machine",
            "module.runner.aws_security_group.runner",
            "module.runner.data.aws_ami.docker-machine",
            "module.runner.data.aws_ami.runner",
            "module.runner.data.aws_availability_zone.runners",
            "module.runner.data.aws_caller_identity.current",
            "module.runner.data.aws_partition.current",
            "module.runner.data.aws_region.current",
            "module.runner.data.aws_subnet.runners",
            "module.runner.module.cache.aws_s3_bucket.build_cache",
            "module.runner.module.cache.data.aws_caller_identity.current",
            "module.runner.module.cache.random_string.s3_suffix",
            "module.runner.tls_private_key.fleet",
            "module.vpc.aws_subnet.private",
            "module.vpc.aws_vpc.this",
            "module.vpc.aws_vpc_ipv4_cidr_block_association.this"
          ],
          "create_before_destroy": true
        }
      ]
    },
    {
      "module": "module.runner",
      "mode": "managed",
      "type": "aws_security_group",
      "name": "docker_machine",
      "provider": "provider[\"registry.terraform.io/hashicorp/aws\"]",
      "instances": [
        {
          "index_key": 0,
          "schema_version": 1,
          "attributes": {
            "arn": "arn:aws:ec2:ap-northeast-1:977310042706:security-group/sg-0109147d9ffb812fd",
            "description": "A security group containing Runner Worker instances",
            "egress": [
              {
                "cidr_blocks": [
                  "0.0.0.0/0"
                ],
                "description": "Allow all egress traffic for Runner Workers.",
                "from_port": 0,
                "ipv6_cidr_blocks": [
                  "::/0"
                ],
                "prefix_list_ids": [],
                "protocol": "-1",
                "security_groups": [],
                "self": false,
                "to_port": 0
              }
            ],
            "id": "sg-0109147d9ffb812fd",
            "ingress": [],
            "name": "gitlab-runner-docker-machine2025071406450107040000000b",
            "name_prefix": "gitlab-runner-docker-machine",
            "owner_id": "977310042706",
            "revoke_rules_on_delete": false,
            "tags": {
              "Environment": "gitlab-runner",
              "Name": "gitlab-runner",
              "tf-aws-gitlab-runner:example": "runner-default",
              "tf-aws-gitlab-runner:instancelifecycle": "spot:yes"
            },
            "tags_all": {
              "Environment": "gitlab-runner",
              "Name": "gitlab-runner",
              "tf-aws-gitlab-runner:example": "runner-default",
              "tf-aws-gitlab-runner:instancelifecycle": "spot:yes"
            },
            "timeouts": null,
            "vpc_id": "vpc-00716061a297d1582"
          },
          "sensitive_attributes": [],
          "private": "eyJlMmJmYjczMC1lY2FhLTExZTYtOGY4OC0zNDM2M2JjN2M0YzAiOnsiY3JlYXRlIjo2MDAwMDAwMDAwMDAsImRlbGV0ZSI6OTAwMDAwMDAwMDAwfSwic2NoZW1hX3ZlcnNpb24iOiIxIn0=",
          "dependencies": [
            "module.vpc.aws_vpc.this"
          ],
          "create_before_destroy": true
        }
      ]
    },
    {
      "module": "module.runner",
      "mode": "managed",
      "type": "aws_security_group",
      "name": "runner",
      "provider": "provider[\"registry.terraform.io/hashicorp/aws\"]",
      "instances": [
        {
          "schema_version": 1,
          "attributes": {
            "arn": "arn:aws:ec2:ap-northeast-1:977310042706:security-group/sg-0684fefb096c879eb",
            "description": "A security group containing gitlab-runner agent instances",
            "egress": [
              {
                "cidr_blocks": [
                  "0.0.0.0/0"
                ],
                "description": "",
                "from_port": 0,
                "ipv6_cidr_blocks": [
                  "::/0"
                ],
                "prefix_list_ids": [],
                "protocol": "-1",
                "security_groups": [],
                "self": false,
                "to_port": 0
              }
            ],
            "id": "sg-0684fefb096c879eb",
            "ingress": [],
            "name": "gitlab-runner2025071406450117250000000c",
            "name_prefix": "gitlab-runner",
            "owner_id": "977310042706",
            "revoke_rules_on_delete": false,
            "tags": {
              "Environment": "gitlab-runner",
              "Name": "gitlab-runner",
              "tf-aws-gitlab-runner:example": "runner-default",
              "tf-aws-gitlab-runner:instancelifecycle": "spot:yes"
            },
            "tags_all": {
              "Environment": "gitlab-runner",
              "Name": "gitlab-runner",
              "tf-aws-gitlab-runner:example": "runner-default",
              "tf-aws-gitlab-runner:instancelifecycle": "spot:yes"
            },
            "timeouts": null,
            "vpc_id": "vpc-00716061a297d1582"
          },
          "sensitive_attributes": [],
          "private": "eyJlMmJmYjczMC1lY2FhLTExZTYtOGY4OC0zNDM2M2JjN2M0YzAiOnsiY3JlYXRlIjo2MDAwMDAwMDAwMDAsImRlbGV0ZSI6OTAwMDAwMDAwMDAwfSwic2NoZW1hX3ZlcnNpb24iOiIxIn0=",
          "dependencies": [
            "data.aws_security_group.default",
            "module.vpc.aws_vpc.this"
          ],
          "create_before_destroy": true
        }
      ]
    },
    {
      "module": "module.runner",
      "mode": "managed",
      "type": "aws_security_group_rule",
      "name": "docker_machine_docker_runner",
      "provider": "provider[\"registry.terraform.io/hashicorp/aws\"]",
      "instances": [
        {
          "index_key": 0,
          "schema_version": 2,
          "attributes": {
            "cidr_blocks": null,
            "description": "Allow docker-machine traffic from group gitlab-runner2025071406450117250000000c to docker-machine instances in group gitlab-runner-docker-machine2025071406450107040000000b",
            "from_port": 2376,
            "id": "sgrule-4040282699",
            "ipv6_cidr_blocks": null,
            "prefix_list_ids": null,
            "protocol": "tcp",
            "security_group_id": "sg-0109147d9ffb812fd",
            "security_group_rule_id": "sgr-010ded5b56984b3d7",
            "self": false,
            "source_security_group_id": "sg-0684fefb096c879eb",
            "timeouts": null,
            "to_port": 2376,
            "type": "ingress"
          },
          "sensitive_attributes": [],
          "private": "eyJlMmJmYjczMC1lY2FhLTExZTYtOGY4OC0zNDM2M2JjN2M0YzAiOnsiY3JlYXRlIjozMDAwMDAwMDAwMDB9LCJzY2hlbWFfdmVyc2lvbiI6IjIifQ==",
          "dependencies": [
            "data.aws_security_group.default",
            "module.runner.aws_security_group.docker_machine",
            "module.runner.aws_security_group.runner",
            "module.vpc.aws_vpc.this"
          ]
        }
      ]
    },
    {
      "module": "module.runner",
      "mode": "managed",
      "type": "aws_security_group_rule",
      "name": "docker_machine_docker_self",
      "provider": "provider[\"registry.terraform.io/hashicorp/aws\"]",
      "instances": [
        {
          "index_key": 0,
          "schema_version": 2,
          "attributes": {
            "cidr_blocks": null,
            "description": "Allow docker-machine traffic within group gitlab-runner-docker-machine2025071406450107040000000b on port 2376",
            "from_port": 2376,
            "id": "sgrule-1342438599",
            "ipv6_cidr_blocks": null,
            "prefix_list_ids": null,
            "protocol": "tcp",
            "security_group_id": "sg-0109147d9ffb812fd",
            "security_group_rule_id": "sgr-09e643d584fa3fd51",
            "self": true,
            "source_security_group_id": null,
            "timeouts": null,
            "to_port": 2376,
            "type": "ingress"
          },
          "sensitive_attributes": [],
          "private": "eyJlMmJmYjczMC1lY2FhLTExZTYtOGY4OC0zNDM2M2JjN2M0YzAiOnsiY3JlYXRlIjozMDAwMDAwMDAwMDB9LCJzY2hlbWFfdmVyc2lvbiI6IjIifQ==",
          "dependencies": [
            "module.runner.aws_security_group.docker_machine",
            "module.vpc.aws_vpc.this"
          ]
        }
      ]
    },
    {
      "module": "module.runner",
      "mode": "managed",
      "type": "aws_security_group_rule",
      "name": "docker_machine_ssh_runner",
      "provider": "provider[\"registry.terraform.io/hashicorp/aws\"]",
      "instances": [
        {
          "index_key": 0,
          "schema_version": 2,
          "attributes": {
            "cidr_blocks": null,
            "description": "Allow SSH traffic from sg-0684fefb096c879eb to docker-machine instances in group gitlab-runner-docker-machine2025071406450107040000000b on port 22",
            "from_port": 22,
            "id": "sgrule-37454311",
            "ipv6_cidr_blocks": null,
            "prefix_list_ids": null,
            "protocol": "tcp",
            "security_group_id": "sg-0109147d9ffb812fd",
            "security_group_rule_id": "sgr-09b7a83d16f6ab43b",
            "self": false,
            "source_security_group_id": "sg-0684fefb096c879eb",
            "timeouts": null,
            "to_port": 22,
            "type": "ingress"
          },
          "sensitive_attributes": [],
          "private": "eyJlMmJmYjczMC1lY2FhLTExZTYtOGY4OC0zNDM2M2JjN2M0YzAiOnsiY3JlYXRlIjozMDAwMDAwMDAwMDB9LCJzY2hlbWFfdmVyc2lvbiI6IjIifQ==",
          "dependencies": [
            "data.aws_security_group.default",
            "module.runner.aws_security_group.docker_machine",
            "module.runner.aws_security_group.runner",
            "module.vpc.aws_vpc.this"
          ]
        }
      ]
    },
    {
      "module": "module.runner",
      "mode": "managed",
      "type": "aws_security_group_rule",
      "name": "docker_machine_ssh_self",
      "provider": "provider[\"registry.terraform.io/hashicorp/aws\"]",
      "instances": [
        {
          "index_key": 0,
          "schema_version": 2,
          "attributes": {
            "cidr_blocks": null,
            "description": "Allow SSH traffic within group gitlab-runner-docker-machine2025071406450107040000000b on port 22",
            "from_port": 22,
            "id": "sgrule-2733223787",
            "ipv6_cidr_blocks": null,
            "prefix_list_ids": null,
            "protocol": "tcp",
            "security_group_id": "sg-0109147d9ffb812fd",
            "security_group_rule_id": "sgr-0fdeb1e3853d6a98d",
            "self": true,
            "source_security_group_id": null,
            "timeouts": null,
            "to_port": 22,
            "type": "ingress"
          },
          "sensitive_attributes": [],
          "private": "eyJlMmJmYjczMC1lY2FhLTExZTYtOGY4OC0zNDM2M2JjN2M0YzAiOnsiY3JlYXRlIjozMDAwMDAwMDAwMDB9LCJzY2hlbWFfdmVyc2lvbiI6IjIifQ==",
          "dependencies": [
            "module.runner.aws_security_group.docker_machine",
            "module.vpc.aws_vpc.this"
          ]
        }
      ]
    },
    {
      "module": "module.runner",
      "mode": "managed",
      "type": "aws_ssm_parameter",
      "name": "runner_registration_token",
      "provider": "provider[\"registry.terraform.io/hashicorp/aws\"]",
      "instances": [
        {
          "schema_version": 0,
          "attributes": {
            "allowed_pattern": "",
            "arn": "arn:aws:ssm:ap-northeast-1:977310042706:parameter/gitlab-runner-runner-token",
            "data_type": "text",
            "description": "",
            "id": "gitlab-runner-runner-token",
            "insecure_value": null,
            "key_id": "alias/aws/ssm",
            "name": "gitlab-runner-runner-token",
            "overwrite": null,
            "tags": {
              "Environment": "gitlab-runner",
              "Name": "gitlab-runner",
              "tf-aws-gitlab-runner:example": "runner-default",
              "tf-aws-gitlab-runner:instancelifecycle": "spot:yes"
            },
            "tags_all": {
              "Environment": "gitlab-runner",
              "Name": "gitlab-runner",
              "tf-aws-gitlab-runner:example": "runner-default",
              "tf-aws-gitlab-runner:instancelifecycle": "spot:yes"
            },
            "tier": "Standard",
            "type": "SecureString",
            "value": "null",
            "version": 1
          },
          "sensitive_attributes": [],
          "private": "bnVsbA==",
          "dependencies": [
            "module.runner.aws_kms_key.default"
          ]
        }
      ]
    },
    {
      "module": "module.runner",
      "mode": "managed",
      "type": "aws_ssm_parameter",
      "name": "runner_sentry_dsn",
      "provider": "provider[\"registry.terraform.io/hashicorp/aws\"]",
      "instances": [
        {
          "schema_version": 0,
          "attributes": {
            "allowed_pattern": "",
            "arn": "arn:aws:ssm:ap-northeast-1:977310042706:parameter/gitlab-runner-sentry-dsn",
            "data_type": "text",
            "description": "",
            "id": "gitlab-runner-sentry-dsn",
            "insecure_value": null,
            "key_id": "alias/aws/ssm",
            "name": "gitlab-runner-sentry-dsn",
            "overwrite": null,
            "tags": {
              "Environment": "gitlab-runner",
              "Name": "gitlab-runner",
              "tf-aws-gitlab-runner:example": "runner-default",
              "tf-aws-gitlab-runner:instancelifecycle": "spot:yes"
            },
            "tags_all": {
              "Environment": "gitlab-runner",
              "Name": "gitlab-runner",
              "tf-aws-gitlab-runner:example": "runner-default",
              "tf-aws-gitlab-runner:instancelifecycle": "spot:yes"
            },
            "tier": "Standard",
            "type": "SecureString",
            "value": "null",
            "version": 1
          },
          "sensitive_attributes": [],
          "private": "bnVsbA==",
          "dependencies": [
            "module.runner.aws_kms_key.default"
          ]
        }
      ]
    },
    {
      "module": "module.runner.module.cache[0]",
      "mode": "data",
      "type": "aws_caller_identity",
      "name": "current",
      "provider": "provider[\"registry.terraform.io/hashicorp/aws\"]",
      "instances": [
        {
          "schema_version": 0,
          "attributes": {
            "account_id": "977310042706",
            "arn": "arn:aws:sts::977310042706:assumed-role/OrganizationAccountAccessRole/e2oohara",
            "id": "977310042706",
            "user_id": "AROA6HDBXZJJCHOX6G4SC:e2oohara"
          },
          "sensitive_attributes": []
        }
      ]
    },
    {
      "module": "module.runner.module.cache[0]",
      "mode": "managed",
      "type": "aws_iam_policy",
      "name": "docker_machine_cache",
      "provider": "provider[\"registry.terraform.io/hashicorp/aws\"]",
      "instances": [
        {
          "schema_version": 0,
          "attributes": {
            "arn": "arn:aws:iam::977310042706:policy/gitlab-runner-docker-machine-cache",
            "description": "Policy for docker machine instance to access cache",
            "id": "arn:aws:iam::977310042706:policy/gitlab-runner-docker-machine-cache",
            "name": "gitlab-runner-docker-machine-cache",
            "name_prefix": "",
            "path": "/",
            "policy": "{\"Statement\":[{\"Action\":[\"s3:PutObject\",\"s3:PutObjectAcl\",\"s3:GetObject\",\"s3:GetObjectAcl\"],\"Effect\":\"Allow\",\"Resource\":[\"arn:aws:s3:::gitlab-runner-977310042706-gitlab-runner-cache/*\"],\"Sid\":\"allowGitLabRunnersAccessCache\"}],\"Version\":\"2012-10-17\"}",
            "policy_id": "ANPA6HDBXZJJKDTGIA33H",
            "tags": {
              "Environment": "gitlab-runner",
              "Name": "gitlab-runner",
              "tf-aws-gitlab-runner:example": "runner-default",
              "tf-aws-gitlab-runner:instancelifecycle": "spot:yes"
            },
            "tags_all": {
              "Environment": "gitlab-runner",
              "Name": "gitlab-runner",
              "tf-aws-gitlab-runner:example": "runner-default",
              "tf-aws-gitlab-runner:instancelifecycle": "spot:yes"
            }
          },
          "sensitive_attributes": [],
          "private": "bnVsbA==",
          "dependencies": [
            "module.runner.module.cache.aws_s3_bucket.build_cache",
            "module.runner.module.cache.data.aws_caller_identity.current",
            "module.runner.module.cache.random_string.s3_suffix"
          ]
        }
      ]
    },
    {
      "module": "module.runner.module.cache[0]",
      "mode": "managed",
      "type": "aws_s3_bucket",
      "name": "build_cache",
      "provider": "provider[\"registry.terraform.io/hashicorp/aws\"]",
      "instances": [
        {
          "schema_version": 0,
          "attributes": {
            "acceleration_status": "",
            "acl": null,
            "arn": "arn:aws:s3:::gitlab-runner-977310042706-gitlab-runner-cache",
            "bucket": "gitlab-runner-977310042706-gitlab-runner-cache",
            "bucket_domain_name": "gitlab-runner-977310042706-gitlab-runner-cache.s3.amazonaws.com",
            "bucket_prefix": "",
            "bucket_regional_domain_name": "gitlab-runner-977310042706-gitlab-runner-cache.s3.ap-northeast-1.amazonaws.com",
            "cors_rule": [],
            "force_destroy": true,
            "grant": [
              {
                "id": "7c13be9f31f23c1e6fc96beb24d1aa033d11d4fb07c7d02a7ff53760cff4c929",
                "permissions": [
                  "FULL_CONTROL"
                ],
                "type": "CanonicalUser",
                "uri": ""
              }
            ],
            "hosted_zone_id": "Z2M4EHUR26P7ZW",
            "id": "gitlab-runner-977310042706-gitlab-runner-cache",
            "lifecycle_rule": [],
            "logging": [],
            "object_lock_configuration": [],
            "object_lock_enabled": false,
            "policy": "",
            "region": "ap-northeast-1",
            "replication_configuration": [],
            "request_payer": "BucketOwner",
            "server_side_encryption_configuration": [
              {
                "rule": [
                  {
                    "apply_server_side_encryption_by_default": [
                      {
                        "kms_master_key_id": "",
                        "sse_algorithm": "AES256"
                      }
                    ],
                    "bucket_key_enabled": false
                  }
                ]
              }
            ],
            "tags": {
              "Environment": "gitlab-runner",
              "Name": "gitlab-runner",
              "tf-aws-gitlab-runner:example": "runner-default",
              "tf-aws-gitlab-runner:instancelifecycle": "spot:yes"
            },
            "tags_all": {
              "Environment": "gitlab-runner",
              "Name": "gitlab-runner",
              "tf-aws-gitlab-runner:example": "runner-default",
              "tf-aws-gitlab-runner:instancelifecycle": "spot:yes"
            },
            "timeouts": null,
            "versioning": [
              {
                "enabled": false,
                "mfa_delete": false
              }
            ],
            "website": [],
            "website_domain": null,
            "website_endpoint": null
          },
          "sensitive_attributes": [],
          "private": "eyJlMmJmYjczMC1lY2FhLTExZTYtOGY4OC0zNDM2M2JjN2M0YzAiOnsiY3JlYXRlIjoxMjAwMDAwMDAwMDAwLCJkZWxldGUiOjM2MDAwMDAwMDAwMDAsInJlYWQiOjEyMDAwMDAwMDAwMDAsInVwZGF0ZSI6MTIwMDAwMDAwMDAwMH19",
          "dependencies": [
            "module.runner.module.cache.data.aws_caller_identity.current",
            "module.runner.module.cache.random_string.s3_suffix"
          ],
          "create_before_destroy": true
        }
      ]
    },
    {
      "module": "module.runner.module.cache[0]",
      "mode": "managed",
      "type": "aws_s3_bucket_lifecycle_configuration",
      "name": "build_cache_versioning",
      "provider": "provider[\"registry.terraform.io/hashicorp/aws\"]",
      "instances": [
        {
          "schema_version": 0,
          "attributes": {
            "bucket": "gitlab-runner-977310042706-gitlab-runner-cache",
            "expected_bucket_owner": "",
            "id": "gitlab-runner-977310042706-gitlab-runner-cache",
            "rule": [
              {
                "abort_incomplete_multipart_upload": [
                  {
                    "days_after_initiation": 1
                  }
                ],
                "expiration": [],
                "filter": [
                  {
                    "and": [],
                    "object_size_greater_than": "",
                    "object_size_less_than": "",
                    "prefix": "",
                    "tag": []
                  }
                ],
                "id": "AbortIncompleteMultipartUploads",
                "noncurrent_version_expiration": [],
                "noncurrent_version_transition": [],
                "prefix": "",
                "status": "Enabled",
                "transition": []
              },
              {
                "abort_incomplete_multipart_upload": [],
                "expiration": [
                  {
                    "date": "",
                    "days": 1,
                    "expired_object_delete_marker": false
                  }
                ],
                "filter": [
                  {
                    "and": [],
                    "object_size_greater_than": "",
                    "object_size_less_than": "",
                    "prefix": "runner/",
                    "tag": []
                  }
                ],
                "id": "clear",
                "noncurrent_version_expiration": [],
                "noncurrent_version_transition": [],
                "prefix": "",
                "status": "Enabled",
                "transition": []
              }
            ],
            "timeouts": null
          },
          "sensitive_attributes": [],
          "private": "eyJlMmJmYjczMC1lY2FhLTExZTYtOGY4OC0zNDM2M2JjN2M0YzAiOnsiY3JlYXRlIjoxODAwMDAwMDAwMDAsInVwZGF0ZSI6MTgwMDAwMDAwMDAwfX0=",
          "dependencies": [
            "module.runner.module.cache.aws_s3_bucket.build_cache",
            "module.runner.module.cache.data.aws_caller_identity.current",
            "module.runner.module.cache.random_string.s3_suffix"
          ]
        }
      ]
    },
    {
      "module": "module.runner.module.cache[0]",
      "mode": "managed",
      "type": "aws_s3_bucket_public_access_block",
      "name": "build_cache_policy",
      "provider": "provider[\"registry.terraform.io/hashicorp/aws\"]",
      "instances": [
        {
          "index_key": 0,
          "schema_version": 0,
          "attributes": {
            "block_public_acls": true,
            "block_public_policy": true,
            "bucket": "gitlab-runner-977310042706-gitlab-runner-cache",
            "id": "gitlab-runner-977310042706-gitlab-runner-cache",
            "ignore_public_acls": true,
            "restrict_public_buckets": true
          },
          "sensitive_attributes": [],
          "private": "bnVsbA==",
          "dependencies": [
            "module.runner.module.cache.aws_s3_bucket.build_cache",
            "module.runner.module.cache.data.aws_caller_identity.current",
            "module.runner.module.cache.random_string.s3_suffix"
          ]
        }
      ]
    },
    {
      "module": "module.runner.module.cache[0]",
      "mode": "managed",
      "type": "aws_s3_bucket_server_side_encryption_configuration",
      "name": "build_cache_encryption",
      "provider": "provider[\"registry.terraform.io/hashicorp/aws\"]",
      "instances": [
        {
          "schema_version": 0,
          "attributes": {
            "bucket": "gitlab-runner-977310042706-gitlab-runner-cache",
            "expected_bucket_owner": "",
            "id": "gitlab-runner-977310042706-gitlab-runner-cache",
            "rule": [
              {
                "apply_server_side_encryption_by_default": [
                  {
                    "kms_master_key_id": "",
                    "sse_algorithm": "aws:kms"
                  }
                ],
                "bucket_key_enabled": true
              }
            ]
          },
          "sensitive_attributes": [],
          "private": "bnVsbA==",
          "dependencies": [
            "module.runner.aws_kms_key.default",
            "module.runner.module.cache.aws_s3_bucket.build_cache",
            "module.runner.module.cache.data.aws_caller_identity.current",
            "module.runner.module.cache.random_string.s3_suffix"
          ]
        }
      ]
    },
    {
      "module": "module.runner.module.cache[0]",
      "mode": "managed",
      "type": "aws_s3_bucket_versioning",
      "name": "build_cache_versioning",
      "provider": "provider[\"registry.terraform.io/hashicorp/aws\"]",
      "instances": [
        {
          "schema_version": 0,
          "attributes": {
            "bucket": "gitlab-runner-977310042706-gitlab-runner-cache",
            "expected_bucket_owner": "",
            "id": "gitlab-runner-977310042706-gitlab-runner-cache",
            "mfa": null,
            "versioning_configuration": [
              {
                "mfa_delete": "",
                "status": "Suspended"
              }
            ]
          },
          "sensitive_attributes": [],
          "private": "bnVsbA==",
          "dependencies": [
            "module.runner.module.cache.aws_s3_bucket.build_cache",
            "module.runner.module.cache.data.aws_caller_identity.current",
            "module.runner.module.cache.random_string.s3_suffix"
          ]
        }
      ]
    },
    {
      "module": "module.runner.module.terminate_agent_hook",
      "mode": "data",
      "type": "archive_file",
      "name": "terminate_runner_instances_lambda",
      "provider": "provider[\"registry.terraform.io/hashicorp/archive\"]",
      "instances": [
        {
          "schema_version": 0,
          "attributes": {
            "excludes": null,
            "id": "385a98df0549cab7aa137c2ef53626ebd7e5771f",
            "output_base64sha256": "M2YE+2/u7Y93Kf0UIsvsixVeGAIpIe4AKDOfKjX1ljA=",
            "output_file_mode": null,
            "output_md5": "b88a29ef1b2e0034761afa48e4f0b93c",
            "output_path": "builds/lambda_function_9de860b79aae19cab2bd00759173d6ad23a6f563194f6e9b2acef79608a49066.zip",
            "output_sha": "385a98df0549cab7aa137c2ef53626ebd7e5771f",
            "output_size": 3038,
            "source": [],
            "source_content": null,
            "source_content_filename": null,
            "source_dir": null,
            "source_file": "../../modules/terminate-agent-hook/lambda/lambda_function.py",
            "type": "zip"
          },
          "sensitive_attributes": []
        }
      ]
    },
    {
      "module": "module.runner.module.terminate_agent_hook",
      "mode": "data",
      "type": "aws_caller_identity",
      "name": "this",
      "provider": "provider[\"registry.terraform.io/hashicorp/aws\"]",
      "instances": [
        {
          "schema_version": 0,
          "attributes": {
            "account_id": "977310042706",
            "arn": "arn:aws:sts::977310042706:assumed-role/OrganizationAccountAccessRole/e2oohara",
            "id": "977310042706",
            "user_id": "AROA6HDBXZJJCHOX6G4SC:e2oohara"
          },
          "sensitive_attributes": []
        }
      ]
    },
    {
      "module": "module.runner.module.terminate_agent_hook",
      "mode": "data",
      "type": "aws_iam_policy_document",
      "name": "assume_role",
      "provider": "provider[\"registry.terraform.io/hashicorp/aws\"]",
      "instances": [
        {
          "schema_version": 0,
          "attributes": {
            "id": "2690255455",
            "json": "{\n  \"Version\": \"2012-10-17\",\n  \"Statement\": [\n    {\n      \"Effect\": \"Allow\",\n      \"Action\": \"sts:AssumeRole\",\n      \"Principal\": {\n        \"Service\": \"lambda.amazonaws.com\"\n      }\n    }\n  ]\n}",
            "override_json": null,
            "override_policy_documents": null,
            "policy_id": null,
            "source_json": null,
            "source_policy_documents": null,
            "statement": [
              {
                "actions": [
                  "sts:AssumeRole"
                ],
                "condition": [],
                "effect": "Allow",
                "not_actions": [],
                "not_principals": [],
                "not_resources": [],
                "principals": [
                  {
                    "identifiers": [
                      "lambda.amazonaws.com"
                    ],
                    "type": "Service"
                  }
                ],
                "resources": [],
                "sid": ""
              }
            ],
            "version": "2012-10-17"
          },
          "sensitive_attributes": []
        }
      ]
    },
    {
      "module": "module.runner.module.terminate_agent_hook",
      "mode": "data",
      "type": "aws_iam_policy_document",
      "name": "lambda",
      "provider": "provider[\"registry.terraform.io/hashicorp/aws\"]",
      "instances": [
        {
          "schema_version": 0,
          "attributes": {
            "id": "559809995",
            "json": "{\n  \"Version\": \"2012-10-17\",\n  \"Statement\": [\n    {\n      \"Sid\": \"GitLabRunnerLifecycleGetInstances\",\n      \"Effect\": \"Allow\",\n      \"Action\": [\n        \"ec2:DescribeTags\",\n        \"ec2:DescribeRegions\",\n        \"ec2:DescribeInstances\",\n        \"ec2:DescribeInstanceStatus\"\n      ],\n      \"Resource\": \"*\"\n    },\n    {\n      \"Sid\": \"GitLabRunnerLifecycleTerminateInstances\",\n      \"Effect\": \"Allow\",\n      \"Action\": \"ec2:TerminateInstances\",\n      \"Resource\": \"arn:aws:ec2:ap-northeast-1:977310042706:instance/*\",\n      \"Condition\": {\n        \"StringLike\": {\n          \"ec2:ResourceTag/gitlab-runner-parent-id\": \"i-*\"\n        }\n      }\n    },\n    {\n      \"Sid\": \"GitLabRunnerLifecycleTerminateEvent\",\n      \"Effect\": \"Allow\",\n      \"Action\": \"autoscaling:CompleteLifecycleAction\",\n      \"Resource\": \"arn:aws:autoscaling:ap-northeast-1:977310042706:autoScalingGroup:188eec59-7e0a-47d9-b285-c74c135aa237:autoScalingGroupName/gitlab-runner-2025071406450345710000000e-asg\"\n    },\n    {\n      \"Sid\": \"GitLabRunnerLifecycleTerminateLogs\",\n      \"Effect\": \"Allow\",\n      \"Action\": [\n        \"logs:PutLogEvents\",\n        \"logs:CreateLogStream\"\n      ],\n      \"Resource\": [\n        \"arn:aws:logs:ap-northeast-1:977310042706:log-group:/aws/lambda/gitlab-runner-terminate-instances:log-stream:*\",\n        \"arn:aws:logs:ap-northeast-1:977310042706:log-group:/aws/lambda/gitlab-runner-terminate-instances\"\n      ]\n    },\n    {\n      \"Sid\": \"SSHKeyHousekeepingList\",\n      \"Effect\": \"Allow\",\n      \"Action\": \"ec2:DescribeKeyPairs\",\n      \"Resource\": \"*\"\n    },\n    {\n      \"Sid\": \"SSHKeyHousekeepingDelete\",\n      \"Effect\": \"Allow\",\n      \"Action\": \"ec2:DeleteKeyPair\",\n      \"Resource\": \"*\",\n      \"Condition\": {\n        \"StringLike\": {\n          \"ec2:KeyPairName\": \"runner-*\"\n        }\n      }\n    }\n  ]\n}",
            "override_json": null,
            "override_policy_documents": null,
            "policy_id": null,
            "source_json": null,
            "source_policy_documents": null,
            "statement": [
              {
                "actions": [
                  "ec2:DescribeInstanceStatus",
                  "ec2:DescribeInstances",
                  "ec2:DescribeRegions",
                  "ec2:DescribeTags"
                ],
                "condition": [],
                "effect": "Allow",
                "not_actions": [],
                "not_principals": [],
                "not_resources": [],
                "principals": [],
                "resources": [
                  "*"
                ],
                "sid": "GitLabRunnerLifecycleGetInstances"
              },
              {
                "actions": [
                  "ec2:TerminateInstances"
                ],
                "condition": [
                  {
                    "test": "StringLike",
                    "values": [
                      "i-*"
                    ],
                    "variable": "ec2:ResourceTag/gitlab-runner-parent-id"
                  }
                ],
                "effect": "Allow",
                "not_actions": [],
                "not_principals": [],
                "not_resources": [],
                "principals": [],
                "resources": [
                  "arn:aws:ec2:ap-northeast-1:977310042706:instance/*"
                ],
                "sid": "GitLabRunnerLifecycleTerminateInstances"
              },
              {
                "actions": [
                  "autoscaling:CompleteLifecycleAction"
                ],
                "condition": [],
                "effect": "Allow",
                "not_actions": [],
                "not_principals": [],
                "not_resources": [],
                "principals": [],
                "resources": [
                  "arn:aws:autoscaling:ap-northeast-1:977310042706:autoScalingGroup:188eec59-7e0a-47d9-b285-c74c135aa237:autoScalingGroupName/gitlab-runner-2025071406450345710000000e-asg"
                ],
                "sid": "GitLabRunnerLifecycleTerminateEvent"
              },
              {
                "actions": [
                  "logs:CreateLogStream",
                  "logs:PutLogEvents"
                ],
                "condition": [],
                "effect": "Allow",
                "not_actions": [],
                "not_principals": [],
                "not_resources": [],
                "principals": [],
                "resources": [
                  "arn:aws:logs:ap-northeast-1:977310042706:log-group:/aws/lambda/gitlab-runner-terminate-instances",
                  "arn:aws:logs:ap-northeast-1:977310042706:log-group:/aws/lambda/gitlab-runner-terminate-instances:log-stream:*"
                ],
                "sid": "GitLabRunnerLifecycleTerminateLogs"
              },
              {
                "actions": [
                  "ec2:DescribeKeyPairs"
                ],
                "condition": [],
                "effect": "Allow",
                "not_actions": [],
                "not_principals": [],
                "not_resources": [],
                "principals": [],
                "resources": [
                  "*"
                ],
                "sid": "SSHKeyHousekeepingList"
              },
              {
                "actions": [
                  "ec2:DeleteKeyPair"
                ],
                "condition": [
                  {
                    "test": "StringLike",
                    "values": [
                      "runner-*"
                    ],
                    "variable": "ec2:KeyPairName"
                  }
                ],
                "effect": "Allow",
                "not_actions": [],
                "not_principals": [],
                "not_resources": [],
                "principals": [],
                "resources": [
                  "*"
                ],
                "sid": "SSHKeyHousekeepingDelete"
              }
            ],
            "version": "2012-10-17"
          },
          "sensitive_attributes": []
        }
      ]
    },
    {
      "module": "module.runner.module.terminate_agent_hook",
      "mode": "data",
      "type": "aws_iam_policy_document",
      "name": "spot_request_housekeeping",
      "provider": "provider[\"registry.terraform.io/hashicorp/aws\"]",
      "instances": [
        {
          "schema_version": 0,
          "attributes": {
            "id": "669183565",
            "json": "{\n  \"Version\": \"2012-10-17\",\n  \"Statement\": [\n    {\n      \"Sid\": \"SpotRequestHousekeepingList\",\n      \"Effect\": \"Allow\",\n      \"Action\": [\n        \"ec2:DescribeSpotInstanceRequests\",\n        \"ec2:CancelSpotInstanceRequests\"\n      ],\n      \"Resource\": \"*\"\n    }\n  ]\n}",
            "override_json": null,
            "override_policy_documents": null,
            "policy_id": null,
            "source_json": null,
            "source_policy_documents": null,
            "statement": [
              {
                "actions": [
                  "ec2:CancelSpotInstanceRequests",
                  "ec2:DescribeSpotInstanceRequests"
                ],
                "condition": [],
                "effect": "Allow",
                "not_actions": [],
                "not_principals": [],
                "not_resources": [],
                "principals": [],
                "resources": [
                  "*"
                ],
                "sid": "SpotRequestHousekeepingList"
              }
            ],
            "version": "2012-10-17"
          },
          "sensitive_attributes": []
        }
      ]
    },
    {
      "module": "module.runner.module.terminate_agent_hook",
      "mode": "data",
      "type": "aws_partition",
      "name": "current",
      "provider": "provider[\"registry.terraform.io/hashicorp/aws\"]",
      "instances": [
        {
          "schema_version": 0,
          "attributes": {
            "dns_suffix": "amazonaws.com",
            "id": "aws",
            "partition": "aws",
            "reverse_dns_prefix": "com.amazonaws"
          },
          "sensitive_attributes": []
        }
      ]
    },
    {
      "module": "module.runner.module.terminate_agent_hook",
      "mode": "data",
      "type": "aws_region",
      "name": "this",
      "provider": "provider[\"registry.terraform.io/hashicorp/aws\"]",
      "instances": [
        {
          "schema_version": 0,
          "attributes": {
            "description": "Asia Pacific (Tokyo)",
            "endpoint": "ec2.ap-northeast-1.amazonaws.com",
            "id": "ap-northeast-1",
            "name": "ap-northeast-1"
          },
          "sensitive_attributes": []
        }
      ]
    },
    {
      "module": "module.runner.module.terminate_agent_hook",
      "mode": "managed",
      "type": "aws_autoscaling_lifecycle_hook",
      "name": "terminate_instances",
      "provider": "provider[\"registry.terraform.io/hashicorp/aws\"]",
      "instances": [
        {
          "schema_version": 0,
          "attributes": {
            "autoscaling_group_name": "gitlab-runner-2025071406450345710000000e-asg",
            "default_result": "CONTINUE",
            "heartbeat_timeout": 50,
            "id": "gitlab-runner-terminate-instances",
            "lifecycle_transition": "autoscaling:EC2_INSTANCE_TERMINATING",
            "name": "gitlab-runner-terminate-instances",
            "notification_metadata": "",
            "notification_target_arn": "",
            "role_arn": ""
          },
          "sensitive_attributes": [],
          "private": "bnVsbA==",
          "dependencies": [
            "data.aws_availability_zones.available",
            "data.aws_security_group.default",
            "module.runner.aws_autoscaling_group.gitlab_runner_instance",
            "module.runner.aws_cloudwatch_log_group.environment",
            "module.runner.aws_eip.gitlab_runner",
            "module.runner.aws_iam_instance_profile.docker_machine",
            "module.runner.aws_iam_role.docker_machine",
            "module.runner.aws_kms_key.default",
            "module.runner.aws_launch_template.fleet_gitlab_runner",
            "module.runner.aws_launch_template.gitlab_runner_instance",
            "module.runner.aws_security_group.docker_machine",
            "module.runner.aws_security_group.runner",
            "module.runner.data.aws_ami.docker-machine",
            "module.runner.data.aws_ami.runner",
            "module.runner.data.aws_availability_zone.runners",
            "module.runner.data.aws_caller_identity.current",
            "module.runner.data.aws_partition.current",
            "module.runner.data.aws_region.current",
            "module.runner.data.aws_subnet.runners",
            "module.runner.module.cache.aws_s3_bucket.build_cache",
            "module.runner.module.cache.data.aws_caller_identity.current",
            "module.runner.module.cache.random_string.s3_suffix",
            "module.runner.tls_private_key.fleet",
            "module.vpc.aws_subnet.private",
            "module.vpc.aws_vpc.this",
            "module.vpc.aws_vpc_ipv4_cidr_block_association.this"
          ]
        }
      ]
    },
    {
      "module": "module.runner.module.terminate_agent_hook",
      "mode": "managed",
      "type": "aws_cloudwatch_event_rule",
      "name": "terminate_instances",
      "provider": "provider[\"registry.terraform.io/hashicorp/aws\"]",
      "instances": [
        {
          "schema_version": 1,
          "attributes": {
            "arn": "arn:aws:events:ap-northeast-1:977310042706:rule/gitlab-runner-terminate-instances",
            "description": "Trigger GitLab runner instance lifecycle hook on termination.",
            "event_bus_name": "default",
            "event_pattern": "{\"detail\":{\"AutoScalingGroupName\":[\"gitlab-runner-2025071406450345710000000e-asg\"]},\"detail-type\":[\"EC2 Instance-terminate Lifecycle Action\"],\"source\":[\"aws.autoscaling\"]}",
            "id": "gitlab-runner-terminate-instances",
            "is_enabled": true,
            "name": "gitlab-runner-terminate-instances",
            "name_prefix": "",
            "role_arn": "",
            "schedule_expression": "",
            "state": "ENABLED",
            "tags": {
              "Environment": "gitlab-runner",
              "Name": "gitlab-runner",
              "tf-aws-gitlab-runner:example": "runner-default",
              "tf-aws-gitlab-runner:instancelifecycle": "spot:yes"
            },
            "tags_all": {
              "Environment": "gitlab-runner",
              "Name": "gitlab-runner",
              "tf-aws-gitlab-runner:example": "runner-default",
              "tf-aws-gitlab-runner:instancelifecycle": "spot:yes"
            }
          },
          "sensitive_attributes": [],
          "private": "eyJzY2hlbWFfdmVyc2lvbiI6IjEifQ==",
          "dependencies": [
            "data.aws_availability_zones.available",
            "data.aws_security_group.default",
            "module.runner.aws_autoscaling_group.gitlab_runner_instance",
            "module.runner.aws_cloudwatch_log_group.environment",
            "module.runner.aws_eip.gitlab_runner",
            "module.runner.aws_iam_instance_profile.docker_machine",
            "module.runner.aws_iam_role.docker_machine",
            "module.runner.aws_kms_key.default",
            "module.runner.aws_launch_template.fleet_gitlab_runner",
            "module.runner.aws_launch_template.gitlab_runner_instance",
            "module.runner.aws_security_group.docker_machine",
            "module.runner.aws_security_group.runner",
            "module.runner.data.aws_ami.docker-machine",
            "module.runner.data.aws_ami.runner",
            "module.runner.data.aws_availability_zone.runners",
            "module.runner.data.aws_caller_identity.current",
            "module.runner.data.aws_partition.current",
            "module.runner.data.aws_region.current",
            "module.runner.data.aws_subnet.runners",
            "module.runner.module.cache.aws_s3_bucket.build_cache",
            "module.runner.module.cache.data.aws_caller_identity.current",
            "module.runner.module.cache.random_string.s3_suffix",
            "module.runner.tls_private_key.fleet",
            "module.vpc.aws_subnet.private",
            "module.vpc.aws_vpc.this",
            "module.vpc.aws_vpc_ipv4_cidr_block_association.this"
          ]
        }
      ]
    },
    {
      "module": "module.runner.module.terminate_agent_hook",
      "mode": "managed",
      "type": "aws_cloudwatch_event_target",
      "name": "terminate_instances",
      "provider": "provider[\"registry.terraform.io/hashicorp/aws\"]",
      "instances": [
        {
          "schema_version": 1,
          "attributes": {
            "arn": "arn:aws:lambda:ap-northeast-1:977310042706:function:gitlab-runner-terminate-instances",
            "batch_target": [],
            "dead_letter_config": [],
            "ecs_target": [],
            "event_bus_name": "default",
            "http_target": [],
            "id": "gitlab-runner-terminate-instances-gitlab-runner-TriggerTerminateLambda",
            "input": "",
            "input_path": "",
            "input_transformer": [],
            "kinesis_target": [],
            "redshift_target": [],
            "retry_policy": [],
            "role_arn": "",
            "rule": "gitlab-runner-terminate-instances",
            "run_command_targets": [],
            "sagemaker_pipeline_target": [],
            "sqs_target": [],
            "target_id": "gitlab-runner-TriggerTerminateLambda"
          },
          "sensitive_attributes": [],
          "private": "eyJzY2hlbWFfdmVyc2lvbiI6IjEifQ==",
          "dependencies": [
            "data.aws_availability_zones.available",
            "data.aws_security_group.default",
            "module.runner.aws_autoscaling_group.gitlab_runner_instance",
            "module.runner.aws_cloudwatch_log_group.environment",
            "module.runner.aws_eip.gitlab_runner",
            "module.runner.aws_iam_instance_profile.docker_machine",
            "module.runner.aws_iam_role.docker_machine",
            "module.runner.aws_kms_key.default",
            "module.runner.aws_launch_template.fleet_gitlab_runner",
            "module.runner.aws_launch_template.gitlab_runner_instance",
            "module.runner.aws_security_group.docker_machine",
            "module.runner.aws_security_group.runner",
            "module.runner.data.aws_ami.docker-machine",
            "module.runner.data.aws_ami.runner",
            "module.runner.data.aws_availability_zone.runners",
            "module.runner.data.aws_caller_identity.current",
            "module.runner.data.aws_partition.current",
            "module.runner.data.aws_region.current",
            "module.runner.data.aws_subnet.runners",
            "module.runner.module.cache.aws_s3_bucket.build_cache",
            "module.runner.module.cache.data.aws_caller_identity.current",
            "module.runner.module.cache.random_string.s3_suffix",
            "module.runner.module.terminate_agent_hook.aws_cloudwatch_event_rule.terminate_instances",
            "module.runner.module.terminate_agent_hook.aws_iam_role.lambda",
            "module.runner.module.terminate_agent_hook.aws_lambda_function.terminate_runner_instances",
            "module.runner.module.terminate_agent_hook.data.archive_file.terminate_runner_instances_lambda",
            "module.runner.module.terminate_agent_hook.data.aws_iam_policy_document.assume_role",
            "module.runner.tls_private_key.fleet",
            "module.vpc.aws_subnet.private",
            "module.vpc.aws_vpc.this",
            "module.vpc.aws_vpc_ipv4_cidr_block_association.this"
          ]
        }
      ]
    },
    {
      "module": "module.runner.module.terminate_agent_hook",
      "mode": "managed",
      "type": "aws_cloudwatch_log_group",
      "name": "lambda",
      "provider": "provider[\"registry.terraform.io/hashicorp/aws\"]",
      "instances": [
        {
          "schema_version": 0,
          "attributes": {
            "arn": "arn:aws:logs:ap-northeast-1:977310042706:log-group:/aws/lambda/gitlab-runner-terminate-instances",
            "id": "/aws/lambda/gitlab-runner-terminate-instances",
            "kms_key_id": "",
            "log_group_class": "STANDARD",
            "name": "/aws/lambda/gitlab-runner-terminate-instances",
            "name_prefix": "",
            "retention_in_days": 14,
            "skip_destroy": false,
            "tags": {
              "Environment": "gitlab-runner",
              "Name": "gitlab-runner",
              "tf-aws-gitlab-runner:example": "runner-default",
              "tf-aws-gitlab-runner:instancelifecycle": "spot:yes"
            },
            "tags_all": {
              "Environment": "gitlab-runner",
              "Name": "gitlab-runner",
              "tf-aws-gitlab-runner:example": "runner-default",
              "tf-aws-gitlab-runner:instancelifecycle": "spot:yes"
            }
          },
          "sensitive_attributes": [],
          "private": "bnVsbA==",
          "dependencies": [
            "module.runner.aws_kms_key.default"
          ]
        }
      ]
    },
    {
      "module": "module.runner.module.terminate_agent_hook",
      "mode": "managed",
      "type": "aws_iam_policy",
      "name": "lambda",
      "provider": "provider[\"registry.terraform.io/hashicorp/aws\"]",
      "instances": [
        {
          "schema_version": 0,
          "attributes": {
            "arn": "arn:aws:iam::977310042706:policy/gitlab-runner-terminate-instances-lambda",
            "description": "",
            "id": "arn:aws:iam::977310042706:policy/gitlab-runner-terminate-instances-lambda",
            "name": "gitlab-runner-terminate-instances-lambda",
            "name_prefix": "",
            "path": "/",
            "policy": "{\"Statement\":[{\"Action\":[\"ec2:DescribeTags\",\"ec2:DescribeRegions\",\"ec2:DescribeInstances\",\"ec2:DescribeInstanceStatus\"],\"Effect\":\"Allow\",\"Resource\":\"*\",\"Sid\":\"GitLabRunnerLifecycleGetInstances\"},{\"Action\":\"ec2:TerminateInstances\",\"Condition\":{\"StringLike\":{\"ec2:ResourceTag/gitlab-runner-parent-id\":\"i-*\"}},\"Effect\":\"Allow\",\"Resource\":\"arn:aws:ec2:ap-northeast-1:977310042706:instance/*\",\"Sid\":\"GitLabRunnerLifecycleTerminateInstances\"},{\"Action\":\"autoscaling:CompleteLifecycleAction\",\"Effect\":\"Allow\",\"Resource\":\"arn:aws:autoscaling:ap-northeast-1:977310042706:autoScalingGroup:188eec59-7e0a-47d9-b285-c74c135aa237:autoScalingGroupName/gitlab-runner-2025071406450345710000000e-asg\",\"Sid\":\"GitLabRunnerLifecycleTerminateEvent\"},{\"Action\":[\"logs:PutLogEvents\",\"logs:CreateLogStream\"],\"Effect\":\"Allow\",\"Resource\":[\"arn:aws:logs:ap-northeast-1:977310042706:log-group:/aws/lambda/gitlab-runner-terminate-instances:log-stream:*\",\"arn:aws:logs:ap-northeast-1:977310042706:log-group:/aws/lambda/gitlab-runner-terminate-instances\"],\"Sid\":\"GitLabRunnerLifecycleTerminateLogs\"},{\"Action\":\"ec2:DescribeKeyPairs\",\"Effect\":\"Allow\",\"Resource\":\"*\",\"Sid\":\"SSHKeyHousekeepingList\"},{\"Action\":\"ec2:DeleteKeyPair\",\"Condition\":{\"StringLike\":{\"ec2:KeyPairName\":\"runner-*\"}},\"Effect\":\"Allow\",\"Resource\":\"*\",\"Sid\":\"SSHKeyHousekeepingDelete\"}],\"Version\":\"2012-10-17\"}",
            "policy_id": "ANPA6HDBXZJJEZYSSVM3B",
            "tags": {
              "Environment": "gitlab-runner",
              "Name": "gitlab-runner",
              "tf-aws-gitlab-runner:example": "runner-default",
              "tf-aws-gitlab-runner:instancelifecycle": "spot:yes"
            },
            "tags_all": {
              "Environment": "gitlab-runner",
              "Name": "gitlab-runner",
              "tf-aws-gitlab-runner:example": "runner-default",
              "tf-aws-gitlab-runner:instancelifecycle": "spot:yes"
            }
          },
          "sensitive_attributes": [],
          "private": "bnVsbA==",
          "dependencies": [
            "data.aws_availability_zones.available",
            "data.aws_security_group.default",
            "module.runner.aws_autoscaling_group.gitlab_runner_instance",
            "module.runner.aws_cloudwatch_log_group.environment",
            "module.runner.aws_eip.gitlab_runner",
            "module.runner.aws_iam_instance_profile.docker_machine",
            "module.runner.aws_iam_role.docker_machine",
            "module.runner.aws_kms_key.default",
            "module.runner.aws_launch_template.fleet_gitlab_runner",
            "module.runner.aws_launch_template.gitlab_runner_instance",
            "module.runner.aws_security_group.docker_machine",
            "module.runner.aws_security_group.runner",
            "module.runner.data.aws_ami.docker-machine",
            "module.runner.data.aws_ami.runner",
            "module.runner.data.aws_availability_zone.runners",
            "module.runner.data.aws_caller_identity.current",
            "module.runner.data.aws_partition.current",
            "module.runner.data.aws_region.current",
            "module.runner.data.aws_subnet.runners",
            "module.runner.module.cache.aws_s3_bucket.build_cache",
            "module.runner.module.cache.data.aws_caller_identity.current",
            "module.runner.module.cache.random_string.s3_suffix",
            "module.runner.module.terminate_agent_hook.aws_cloudwatch_log_group.lambda",
            "module.runner.module.terminate_agent_hook.data.aws_caller_identity.this",
            "module.runner.module.terminate_agent_hook.data.aws_iam_policy_document.lambda",
            "module.runner.module.terminate_agent_hook.data.aws_partition.current",
            "module.runner.module.terminate_agent_hook.data.aws_region.this",
            "module.runner.tls_private_key.fleet",
            "module.vpc.aws_subnet.private",
            "module.vpc.aws_vpc.this",
            "module.vpc.aws_vpc_ipv4_cidr_block_association.this"
          ]
        }
      ]
    },
    {
      "module": "module.runner.module.terminate_agent_hook",
      "mode": "managed",
      "type": "aws_iam_policy",
      "name": "spot_request_housekeeping",
      "provider": "provider[\"registry.terraform.io/hashicorp/aws\"]",
      "instances": [
        {
          "schema_version": 0,
          "attributes": {
            "arn": "arn:aws:iam::977310042706:policy/gitlab-runner-terminate-instances-cancel-spot",
            "description": "",
            "id": "arn:aws:iam::977310042706:policy/gitlab-runner-terminate-instances-cancel-spot",
            "name": "gitlab-runner-terminate-instances-cancel-spot",
            "name_prefix": "",
            "path": "/",
            "policy": "{\"Statement\":[{\"Action\":[\"ec2:DescribeSpotInstanceRequests\",\"ec2:CancelSpotInstanceRequests\"],\"Effect\":\"Allow\",\"Resource\":\"*\",\"Sid\":\"SpotRequestHousekeepingList\"}],\"Version\":\"2012-10-17\"}",
            "policy_id": "ANPA6HDBXZJJC2PK5OL24",
            "tags": {
              "Environment": "gitlab-runner",
              "Name": "gitlab-runner",
              "tf-aws-gitlab-runner:example": "runner-default",
              "tf-aws-gitlab-runner:instancelifecycle": "spot:yes"
            },
            "tags_all": {
              "Environment": "gitlab-runner",
              "Name": "gitlab-runner",
              "tf-aws-gitlab-runner:example": "runner-default",
              "tf-aws-gitlab-runner:instancelifecycle": "spot:yes"
            }
          },
          "sensitive_attributes": [],
          "private": "bnVsbA==",
          "dependencies": [
            "module.runner.module.terminate_agent_hook.data.aws_iam_policy_document.spot_request_housekeeping"
          ]
        }
      ]
    },
    {
      "module": "module.runner.module.terminate_agent_hook",
      "mode": "managed",
      "type": "aws_iam_role",
      "name": "lambda",
      "provider": "provider[\"registry.terraform.io/hashicorp/aws\"]",
      "instances": [
        {
          "schema_version": 0,
          "attributes": {
            "arn": "arn:aws:iam::977310042706:role/gitlab-runner-terminate-instances",
            "assume_role_policy": "{\"Statement\":[{\"Action\":\"sts:AssumeRole\",\"Effect\":\"Allow\",\"Principal\":{\"Service\":\"lambda.amazonaws.com\"}}],\"Version\":\"2012-10-17\"}",
            "create_date": "2025-07-14T06:44:49Z",
            "description": "Role for executing the terminate-instances instance termination function",
            "force_detach_policies": true,
            "id": "gitlab-runner-terminate-instances",
            "inline_policy": [],
            "managed_policy_arns": [],
            "max_session_duration": 3600,
            "name": "gitlab-runner-terminate-instances",
            "name_prefix": "",
            "path": "/",
            "permissions_boundary": "",
            "tags": {
              "Environment": "gitlab-runner",
              "Name": "gitlab-runner",
              "tf-aws-gitlab-runner:example": "runner-default",
              "tf-aws-gitlab-runner:instancelifecycle": "spot:yes"
            },
            "tags_all": {
              "Environment": "gitlab-runner",
              "Name": "gitlab-runner",
              "tf-aws-gitlab-runner:example": "runner-default",
              "tf-aws-gitlab-runner:instancelifecycle": "spot:yes"
            },
            "unique_id": "AROA6HDBXZJJDZB66APFR"
          },
          "sensitive_attributes": [],
          "private": "bnVsbA==",
          "dependencies": [
            "module.runner.data.aws_caller_identity.current",
            "module.runner.data.aws_partition.current",
            "module.runner.module.terminate_agent_hook.data.aws_iam_policy_document.assume_role"
          ]
        }
      ]
    },
    {
      "module": "module.runner.module.terminate_agent_hook",
      "mode": "managed",
      "type": "aws_iam_role_policy_attachment",
      "name": "lambda",
      "provider": "provider[\"registry.terraform.io/hashicorp/aws\"]",
      "instances": [
        {
          "schema_version": 0,
          "attributes": {
            "id": "gitlab-runner-terminate-instances-20250714064550745600000010",
            "policy_arn": "arn:aws:iam::977310042706:policy/gitlab-runner-terminate-instances-lambda",
            "role": "gitlab-runner-terminate-instances"
          },
          "sensitive_attributes": [],
          "private": "bnVsbA==",
          "dependencies": [
            "data.aws_availability_zones.available",
            "data.aws_security_group.default",
            "module.runner.aws_autoscaling_group.gitlab_runner_instance",
            "module.runner.aws_cloudwatch_log_group.environment",
            "module.runner.aws_eip.gitlab_runner",
            "module.runner.aws_iam_instance_profile.docker_machine",
            "module.runner.aws_iam_role.docker_machine",
            "module.runner.aws_kms_key.default",
            "module.runner.aws_launch_template.fleet_gitlab_runner",
            "module.runner.aws_launch_template.gitlab_runner_instance",
            "module.runner.aws_security_group.docker_machine",
            "module.runner.aws_security_group.runner",
            "module.runner.data.aws_ami.docker-machine",
            "module.runner.data.aws_ami.runner",
            "module.runner.data.aws_availability_zone.runners",
            "module.runner.data.aws_caller_identity.current",
            "module.runner.data.aws_partition.current",
            "module.runner.data.aws_region.current",
            "module.runner.data.aws_subnet.runners",
            "module.runner.module.cache.aws_s3_bucket.build_cache",
            "module.runner.module.cache.data.aws_caller_identity.current",
            "module.runner.module.cache.random_string.s3_suffix",
            "module.runner.module.terminate_agent_hook.aws_cloudwatch_log_group.lambda",
            "module.runner.module.terminate_agent_hook.aws_iam_policy.lambda",
            "module.runner.module.terminate_agent_hook.aws_iam_role.lambda",
            "module.runner.module.terminate_agent_hook.data.aws_caller_identity.this",
            "module.runner.module.terminate_agent_hook.data.aws_iam_policy_document.assume_role",
            "module.runner.module.terminate_agent_hook.data.aws_iam_policy_document.lambda",
            "module.runner.module.terminate_agent_hook.data.aws_partition.current",
            "module.runner.module.terminate_agent_hook.data.aws_region.this",
            "module.runner.tls_private_key.fleet",
            "module.vpc.aws_subnet.private",
            "module.vpc.aws_vpc.this",
            "module.vpc.aws_vpc_ipv4_cidr_block_association.this"
          ]
        }
      ]
    },
    {
      "module": "module.runner.module.terminate_agent_hook",
      "mode": "managed",
      "type": "aws_iam_role_policy_attachment",
      "name": "spot_request_housekeeping",
      "provider": "provider[\"registry.terraform.io/hashicorp/aws\"]",
      "instances": [
        {
          "schema_version": 0,
          "attributes": {
            "id": "gitlab-runner-terminate-instances-20250714064451124200000005",
            "policy_arn": "arn:aws:iam::977310042706:policy/gitlab-runner-terminate-instances-cancel-spot",
            "role": "gitlab-runner-terminate-instances"
          },
          "sensitive_attributes": [],
          "private": "bnVsbA==",
          "dependencies": [
            "module.runner.data.aws_caller_identity.current",
            "module.runner.data.aws_partition.current",
            "module.runner.module.terminate_agent_hook.aws_iam_policy.spot_request_housekeeping",
            "module.runner.module.terminate_agent_hook.aws_iam_role.lambda",
            "module.runner.module.terminate_agent_hook.data.aws_iam_policy_document.assume_role",
            "module.runner.module.terminate_agent_hook.data.aws_iam_policy_document.spot_request_housekeeping"
          ]
        }
      ]
    },
    {
      "module": "module.runner.module.terminate_agent_hook",
      "mode": "managed",
      "type": "aws_lambda_function",
      "name": "terminate_runner_instances",
      "provider": "provider[\"registry.terraform.io/hashicorp/aws\"]",
      "instances": [
        {
          "schema_version": 0,
          "attributes": {
            "architectures": [
              "x86_64"
            ],
            "arn": "arn:aws:lambda:ap-northeast-1:977310042706:function:gitlab-runner-terminate-instances",
            "code_signing_config_arn": "",
            "dead_letter_config": [],
            "description": "Lifecycle hook for terminating GitLab runner agent instances",
            "environment": [
              {
                "variables": {
                  "NAME_EXECUTOR_INSTANCE": "gitlab-runner"
                }
              }
            ],
            "ephemeral_storage": [
              {
                "size": 512
              }
            ],
            "file_system_config": [],
            "filename": "builds/lambda_function_9de860b79aae19cab2bd00759173d6ad23a6f563194f6e9b2acef79608a49066.zip",
            "function_name": "gitlab-runner-terminate-instances",
            "handler": "lambda_function.handler",
            "id": "gitlab-runner-terminate-instances",
            "image_config": [],
            "image_uri": "",
            "invoke_arn": "arn:aws:apigateway:ap-northeast-1:lambda:path/2015-03-31/functions/arn:aws:lambda:ap-northeast-1:977310042706:function:gitlab-runner-terminate-instances/invocations",
            "kms_key_arn": "",
            "last_modified": "2025-07-14T06:44:59.007+0000",
            "layers": null,
            "logging_config": [
              {
                "application_log_level": "",
                "log_format": "Text",
                "log_group": "/aws/lambda/gitlab-runner-terminate-instances",
                "system_log_level": ""
              }
            ],
            "memory_size": 128,
            "package_type": "Zip",
            "publish": true,
            "qualified_arn": "arn:aws:lambda:ap-northeast-1:977310042706:function:gitlab-runner-terminate-instances:7",
            "qualified_invoke_arn": "arn:aws:apigateway:ap-northeast-1:lambda:path/2015-03-31/functions/arn:aws:lambda:ap-northeast-1:977310042706:function:gitlab-runner-terminate-instances:7/invocations",
            "replace_security_groups_on_destroy": null,
            "replacement_security_group_ids": null,
            "reserved_concurrent_executions": -1,
            "role": "arn:aws:iam::977310042706:role/gitlab-runner-terminate-instances",
            "runtime": "python3.11",
            "s3_bucket": null,
            "s3_key": null,
            "s3_object_version": null,
            "signing_job_arn": "",
            "signing_profile_version_arn": "",
            "skip_destroy": false,
            "snap_start": [],
            "source_code_hash": "M2YE+2/u7Y93Kf0UIsvsixVeGAIpIe4AKDOfKjX1ljA=",
            "source_code_size": 3038,
            "tags": {
              "Environment": "gitlab-runner",
              "Name": "gitlab-runner",
              "tf-aws-gitlab-runner:example": "runner-default",
              "tf-aws-gitlab-runner:instancelifecycle": "spot:yes"
            },
            "tags_all": {
              "Environment": "gitlab-runner",
              "Name": "gitlab-runner",
              "tf-aws-gitlab-runner:example": "runner-default",
              "tf-aws-gitlab-runner:instancelifecycle": "spot:yes"
            },
            "timeout": 30,
            "timeouts": null,
            "tracing_config": [
              {
                "mode": "PassThrough"
              }
            ],
            "version": "7",
            "vpc_config": []
          },
          "sensitive_attributes": [],
          "private": "eyJlMmJmYjczMC1lY2FhLTExZTYtOGY4OC0zNDM2M2JjN2M0YzAiOnsiY3JlYXRlIjo2MDAwMDAwMDAwMDAsImRlbGV0ZSI6NjAwMDAwMDAwMDAwLCJ1cGRhdGUiOjYwMDAwMDAwMDAwMH19",
          "dependencies": [
            "module.runner.aws_kms_key.default",
            "module.runner.data.aws_caller_identity.current",
            "module.runner.data.aws_partition.current",
            "module.runner.module.terminate_agent_hook.aws_iam_role.lambda",
            "module.runner.module.terminate_agent_hook.data.archive_file.terminate_runner_instances_lambda",
            "module.runner.module.terminate_agent_hook.data.aws_iam_policy_document.assume_role"
          ]
        }
      ]
    },
    {
      "module": "module.runner.module.terminate_agent_hook",
      "mode": "managed",
      "type": "aws_lambda_permission",
      "name": "current_version_triggers",
      "provider": "provider[\"registry.terraform.io/hashicorp/aws\"]",
      "instances": [
        {
          "schema_version": 0,
          "attributes": {
            "action": "lambda:InvokeFunction",
            "event_source_token": null,
            "function_name": "gitlab-runner-terminate-instances",
            "function_url_auth_type": null,
            "id": "TerminateInstanceEvent",
            "principal": "events.amazonaws.com",
            "principal_org_id": null,
            "qualifier": "7",
            "source_account": null,
            "source_arn": "arn:aws:events:ap-northeast-1:977310042706:rule/gitlab-runner-terminate-instances",
            "statement_id": "TerminateInstanceEvent",
            "statement_id_prefix": ""
          },
          "sensitive_attributes": [],
          "private": "bnVsbA==",
          "dependencies": [
            "data.aws_availability_zones.available",
            "data.aws_security_group.default",
            "module.runner.aws_autoscaling_group.gitlab_runner_instance",
            "module.runner.aws_cloudwatch_log_group.environment",
            "module.runner.aws_eip.gitlab_runner",
            "module.runner.aws_iam_instance_profile.docker_machine",
            "module.runner.aws_iam_role.docker_machine",
            "module.runner.aws_kms_key.default",
            "module.runner.aws_launch_template.fleet_gitlab_runner",
            "module.runner.aws_launch_template.gitlab_runner_instance",
            "module.runner.aws_security_group.docker_machine",
            "module.runner.aws_security_group.runner",
            "module.runner.data.aws_ami.docker-machine",
            "module.runner.data.aws_ami.runner",
            "module.runner.data.aws_availability_zone.runners",
            "module.runner.data.aws_caller_identity.current",
            "module.runner.data.aws_partition.current",
            "module.runner.data.aws_region.current",
            "module.runner.data.aws_subnet.runners",
            "module.runner.module.cache.aws_s3_bucket.build_cache",
            "module.runner.module.cache.data.aws_caller_identity.current",
            "module.runner.module.cache.random_string.s3_suffix",
            "module.runner.module.terminate_agent_hook.aws_cloudwatch_event_rule.terminate_instances",
            "module.runner.module.terminate_agent_hook.aws_iam_role.lambda",
            "module.runner.module.terminate_agent_hook.aws_lambda_function.terminate_runner_instances",
            "module.runner.module.terminate_agent_hook.data.archive_file.terminate_runner_instances_lambda",
            "module.runner.module.terminate_agent_hook.data.aws_iam_policy_document.assume_role",
            "module.runner.tls_private_key.fleet",
            "module.vpc.aws_subnet.private",
            "module.vpc.aws_vpc.this",
            "module.vpc.aws_vpc_ipv4_cidr_block_association.this"
          ]
        }
      ]
    },
    {
      "module": "module.runner.module.terminate_agent_hook",
      "mode": "managed",
      "type": "aws_lambda_permission",
      "name": "unqualified_alias_triggers",
      "provider": "provider[\"registry.terraform.io/hashicorp/aws\"]",
      "instances": [
        {
          "schema_version": 0,
          "attributes": {
            "action": "lambda:InvokeFunction",
            "event_source_token": null,
            "function_name": "gitlab-runner-terminate-instances",
            "function_url_auth_type": null,
            "id": "TerminateInstanceEventUnqualified",
            "principal": "events.amazonaws.com",
            "principal_org_id": null,
            "qualifier": "",
            "source_account": null,
            "source_arn": "arn:aws:events:ap-northeast-1:977310042706:rule/gitlab-runner-terminate-instances",
            "statement_id": "TerminateInstanceEventUnqualified",
            "statement_id_prefix": ""
          },
          "sensitive_attributes": [],
          "private": "bnVsbA==",
          "dependencies": [
            "data.aws_availability_zones.available",
            "data.aws_security_group.default",
            "module.runner.aws_autoscaling_group.gitlab_runner_instance",
            "module.runner.aws_cloudwatch_log_group.environment",
            "module.runner.aws_eip.gitlab_runner",
            "module.runner.aws_iam_instance_profile.docker_machine",
            "module.runner.aws_iam_role.docker_machine",
            "module.runner.aws_kms_key.default",
            "module.runner.aws_launch_template.fleet_gitlab_runner",
            "module.runner.aws_launch_template.gitlab_runner_instance",
            "module.runner.aws_security_group.docker_machine",
            "module.runner.aws_security_group.runner",
            "module.runner.data.aws_ami.docker-machine",
            "module.runner.data.aws_ami.runner",
            "module.runner.data.aws_availability_zone.runners",
            "module.runner.data.aws_caller_identity.current",
            "module.runner.data.aws_partition.current",
            "module.runner.data.aws_region.current",
            "module.runner.data.aws_subnet.runners",
            "module.runner.module.cache.aws_s3_bucket.build_cache",
            "module.runner.module.cache.data.aws_caller_identity.current",
            "module.runner.module.cache.random_string.s3_suffix",
            "module.runner.module.terminate_agent_hook.aws_cloudwatch_event_rule.terminate_instances",
            "module.runner.module.terminate_agent_hook.aws_iam_role.lambda",
            "module.runner.module.terminate_agent_hook.aws_lambda_function.terminate_runner_instances",
            "module.runner.module.terminate_agent_hook.data.archive_file.terminate_runner_instances_lambda",
            "module.runner.module.terminate_agent_hook.data.aws_iam_policy_document.assume_role",
            "module.runner.tls_private_key.fleet",
            "module.vpc.aws_subnet.private",
            "module.vpc.aws_vpc.this",
            "module.vpc.aws_vpc_ipv4_cidr_block_association.this"
          ]
        }
      ]
    },
    {
      "module": "module.vpc",
      "mode": "managed",
      "type": "aws_default_network_acl",
      "name": "this",
      "provider": "provider[\"registry.terraform.io/hashicorp/aws\"]",
      "instances": [
        {
          "index_key": 0,
          "schema_version": 0,
          "attributes": {
            "arn": "arn:aws:ec2:ap-northeast-1:977310042706:network-acl/acl-0bdc3bfb285195269",
            "default_network_acl_id": "acl-0bdc3bfb285195269",
            "egress": [
              {
                "action": "allow",
                "cidr_block": "",
                "from_port": 0,
                "icmp_code": null,
                "icmp_type": null,
                "ipv6_cidr_block": "::/0",
                "protocol": "-1",
                "rule_no": 101,
                "to_port": 0
              },
              {
                "action": "allow",
                "cidr_block": "0.0.0.0/0",
                "from_port": 0,
                "icmp_code": null,
                "icmp_type": null,
                "ipv6_cidr_block": "",
                "protocol": "-1",
                "rule_no": 100,
                "to_port": 0
              }
            ],
            "id": "acl-0bdc3bfb285195269",
            "ingress": [
              {
                "action": "allow",
                "cidr_block": "",
                "from_port": 0,
                "icmp_code": null,
                "icmp_type": null,
                "ipv6_cidr_block": "::/0",
                "protocol": "-1",
                "rule_no": 101,
                "to_port": 0
              },
              {
                "action": "allow",
                "cidr_block": "0.0.0.0/0",
                "from_port": 0,
                "icmp_code": null,
                "icmp_type": null,
                "ipv6_cidr_block": "",
                "protocol": "-1",
                "rule_no": 100,
                "to_port": 0
              }
            ],
            "owner_id": "977310042706",
            "subnet_ids": [
              "subnet-00c264d1856129b67",
              "subnet-0c2d40dd097de6239"
            ],
            "tags": {
              "Environment": "gitlab-runner",
              "Name": "vpc-gitlab-runner-default"
            },
            "tags_all": {
              "Environment": "gitlab-runner",
              "Name": "vpc-gitlab-runner-default"
            },
            "vpc_id": "vpc-00716061a297d1582"
          },
          "sensitive_attributes": [],
          "private": "bnVsbA==",
          "dependencies": [
            "module.vpc.aws_vpc.this"
          ]
        }
      ]
    },
    {
      "module": "module.vpc",
      "mode": "managed",
      "type": "aws_default_route_table",
      "name": "default",
      "provider": "provider[\"registry.terraform.io/hashicorp/aws\"]",
      "instances": [
        {
          "index_key": 0,
          "schema_version": 0,
          "attributes": {
            "arn": "arn:aws:ec2:ap-northeast-1:977310042706:route-table/rtb-0ac721901b9088c85",
            "default_route_table_id": "rtb-0ac721901b9088c85",
            "id": "rtb-0ac721901b9088c85",
            "owner_id": "977310042706",
            "propagating_vgws": null,
            "route": [],
            "tags": {
              "Environment": "gitlab-runner",
              "Name": "vpc-gitlab-runner-default"
            },
            "tags_all": {
              "Environment": "gitlab-runner",
              "Name": "vpc-gitlab-runner-default"
            },
            "timeouts": {
              "create": "5m",
              "update": "5m"
            },
            "vpc_id": "vpc-00716061a297d1582"
          },
          "sensitive_attributes": [],
          "private": "eyJlMmJmYjczMC1lY2FhLTExZTYtOGY4OC0zNDM2M2JjN2M0YzAiOnsiY3JlYXRlIjozMDAwMDAwMDAwMDAsInVwZGF0ZSI6MzAwMDAwMDAwMDAwfX0=",
          "dependencies": [
            "module.vpc.aws_vpc.this"
          ]
        }
      ]
    },
    {
      "module": "module.vpc",
      "mode": "managed",
      "type": "aws_default_security_group",
      "name": "this",
      "provider": "provider[\"registry.terraform.io/hashicorp/aws\"]",
      "instances": [
        {
          "index_key": 0,
          "schema_version": 1,
          "attributes": {
            "arn": "arn:aws:ec2:ap-northeast-1:977310042706:security-group/sg-0911e91b5d4d650e0",
            "description": "default VPC security group",
            "egress": [],
            "id": "sg-0911e91b5d4d650e0",
            "ingress": [],
            "name": "default",
            "name_prefix": "",
            "owner_id": "977310042706",
            "revoke_rules_on_delete": false,
            "tags": {
              "Environment": "gitlab-runner",
              "Name": "vpc-gitlab-runner-default"
            },
            "tags_all": {
              "Environment": "gitlab-runner",
              "Name": "vpc-gitlab-runner-default"
            },
            "vpc_id": "vpc-00716061a297d1582"
          },
          "sensitive_attributes": [],
          "private": "eyJzY2hlbWFfdmVyc2lvbiI6IjEifQ==",
          "dependencies": [
            "module.vpc.aws_vpc.this"
          ]
        }
      ]
    },
    {
      "module": "module.vpc",
      "mode": "managed",
      "type": "aws_eip",
      "name": "nat",
      "provider": "provider[\"registry.terraform.io/hashicorp/aws\"]",
      "instances": [
        {
          "index_key": 0,
          "schema_version": 0,
          "attributes": {
            "address": null,
            "allocation_id": "eipalloc-023ee0fb2a963998f",
            "associate_with_private_ip": null,
            "association_id": "",
            "carrier_ip": "",
            "customer_owned_ip": "",
            "customer_owned_ipv4_pool": "",
            "domain": "vpc",
            "id": "eipalloc-023ee0fb2a963998f",
            "instance": "",
            "network_border_group": "ap-northeast-1",
            "network_interface": "",
            "private_dns": null,
            "private_ip": "",
            "public_dns": "ec2-35-75-90-104.ap-northeast-1.compute.amazonaws.com",
            "public_ip": "35.75.90.104",
            "public_ipv4_pool": "amazon",
            "tags": {
              "Environment": "gitlab-runner",
              "Name": "vpc-gitlab-runner-ap-northeast-1a"
            },
            "tags_all": {
              "Environment": "gitlab-runner",
              "Name": "vpc-gitlab-runner-ap-northeast-1a"
            },
            "timeouts": null,
            "vpc": true
          },
          "sensitive_attributes": [],
          "private": "eyJlMmJmYjczMC1lY2FhLTExZTYtOGY4OC0zNDM2M2JjN2M0YzAiOnsiZGVsZXRlIjoxODAwMDAwMDAwMDAsInJlYWQiOjkwMDAwMDAwMDAwMCwidXBkYXRlIjozMDAwMDAwMDAwMDB9fQ==",
          "dependencies": [
            "data.aws_availability_zones.available",
            "module.vpc.aws_internet_gateway.this",
            "module.vpc.aws_vpc.this",
            "module.vpc.aws_vpc_ipv4_cidr_block_association.this"
          ]
        }
      ]
    },
    {
      "module": "module.vpc",
      "mode": "managed",
      "type": "aws_internet_gateway",
      "name": "this",
      "provider": "provider[\"registry.terraform.io/hashicorp/aws\"]",
      "instances": [
        {
          "index_key": 0,
          "schema_version": 0,
          "attributes": {
            "arn": "arn:aws:ec2:ap-northeast-1:977310042706:internet-gateway/igw-09e9610eafccdf1db",
            "id": "igw-09e9610eafccdf1db",
            "owner_id": "977310042706",
            "tags": {
              "Environment": "gitlab-runner",
              "Name": "vpc-gitlab-runner"
            },
            "tags_all": {
              "Environment": "gitlab-runner",
              "Name": "vpc-gitlab-runner"
            },
            "timeouts": null,
            "vpc_id": "vpc-00716061a297d1582"
          },
          "sensitive_attributes": [],
          "private": "eyJlMmJmYjczMC1lY2FhLTExZTYtOGY4OC0zNDM2M2JjN2M0YzAiOnsiY3JlYXRlIjoxMjAwMDAwMDAwMDAwLCJkZWxldGUiOjEyMDAwMDAwMDAwMDAsInVwZGF0ZSI6MTIwMDAwMDAwMDAwMH19",
          "dependencies": [
            "module.vpc.aws_vpc.this",
            "module.vpc.aws_vpc_ipv4_cidr_block_association.this"
          ]
        }
      ]
    },
    {
      "module": "module.vpc",
      "mode": "managed",
      "type": "aws_nat_gateway",
      "name": "this",
      "provider": "provider[\"registry.terraform.io/hashicorp/aws\"]",
      "instances": [
        {
          "index_key": 0,
          "schema_version": 0,
          "attributes": {
            "allocation_id": "eipalloc-023ee0fb2a963998f",
            "association_id": "eipassoc-011bd5235584da307",
            "connectivity_type": "public",
            "id": "nat-07a9d96ae35e01b27",
            "network_interface_id": "eni-0b1ec172375aab8a8",
            "private_ip": "10.0.101.164",
            "public_ip": "35.75.90.104",
            "secondary_allocation_ids": null,
            "secondary_private_ip_address_count": 0,
            "secondary_private_ip_addresses": [],
            "subnet_id": "subnet-00c264d1856129b67",
            "tags": {
              "Environment": "gitlab-runner",
              "Name": "vpc-gitlab-runner-ap-northeast-1a"
            },
            "tags_all": {
              "Environment": "gitlab-runner",
              "Name": "vpc-gitlab-runner-ap-northeast-1a"
            },
            "timeouts": null
          },
          "sensitive_attributes": [],
          "private": "eyJlMmJmYjczMC1lY2FhLTExZTYtOGY4OC0zNDM2M2JjN2M0YzAiOnsiY3JlYXRlIjo2MDAwMDAwMDAwMDAsImRlbGV0ZSI6MTgwMDAwMDAwMDAwMCwidXBkYXRlIjo2MDAwMDAwMDAwMDB9fQ==",
          "dependencies": [
            "data.aws_availability_zones.available",
            "module.vpc.aws_eip.nat",
            "module.vpc.aws_internet_gateway.this",
            "module.vpc.aws_subnet.public",
            "module.vpc.aws_vpc.this",
            "module.vpc.aws_vpc_ipv4_cidr_block_association.this"
          ]
        }
      ]
    },
    {
      "module": "module.vpc",
      "mode": "managed",
      "type": "aws_route",
      "name": "private_nat_gateway",
      "provider": "provider[\"registry.terraform.io/hashicorp/aws\"]",
      "instances": [
        {
          "index_key": 0,
          "schema_version": 0,
          "attributes": {
            "carrier_gateway_id": "",
            "core_network_arn": "",
            "destination_cidr_block": "0.0.0.0/0",
            "destination_ipv6_cidr_block": "",
            "destination_prefix_list_id": "",
            "egress_only_gateway_id": "",
            "gateway_id": "",
            "id": "r-rtb-059dc43f8c36eb5111080289494",
            "instance_id": "",
            "instance_owner_id": "",
            "local_gateway_id": "",
            "nat_gateway_id": "nat-07a9d96ae35e01b27",
            "network_interface_id": "",
            "origin": "CreateRoute",
            "route_table_id": "rtb-059dc43f8c36eb511",
            "state": "active",
            "timeouts": {
              "create": "5m",
              "delete": null,
              "update": null
            },
            "transit_gateway_id": "",
            "vpc_endpoint_id": "",
            "vpc_peering_connection_id": ""
          },
          "sensitive_attributes": [],
          "private": "eyJlMmJmYjczMC1lY2FhLTExZTYtOGY4OC0zNDM2M2JjN2M0YzAiOnsiY3JlYXRlIjozMDAwMDAwMDAwMDAsImRlbGV0ZSI6MzAwMDAwMDAwMDAwLCJ1cGRhdGUiOjEyMDAwMDAwMDAwMH19",
          "dependencies": [
            "data.aws_availability_zones.available",
            "module.vpc.aws_eip.nat",
            "module.vpc.aws_internet_gateway.this",
            "module.vpc.aws_nat_gateway.this",
            "module.vpc.aws_route_table.private",
            "module.vpc.aws_subnet.public",
            "module.vpc.aws_vpc.this",
            "module.vpc.aws_vpc_ipv4_cidr_block_association.this"
          ]
        }
      ]
    },
    {
      "module": "module.vpc",
      "mode": "managed",
      "type": "aws_route",
      "name": "public_internet_gateway",
      "provider": "provider[\"registry.terraform.io/hashicorp/aws\"]",
      "instances": [
        {
          "index_key": 0,
          "schema_version": 0,
          "attributes": {
            "carrier_gateway_id": "",
            "core_network_arn": "",
            "destination_cidr_block": "0.0.0.0/0",
            "destination_ipv6_cidr_block": "",
            "destination_prefix_list_id": "",
            "egress_only_gateway_id": "",
            "gateway_id": "igw-09e9610eafccdf1db",
            "id": "r-rtb-008821d61729df9c41080289494",
            "instance_id": "",
            "instance_owner_id": "",
            "local_gateway_id": "",
            "nat_gateway_id": "",
            "network_interface_id": "",
            "origin": "CreateRoute",
            "route_table_id": "rtb-008821d61729df9c4",
            "state": "active",
            "timeouts": {
              "create": "5m",
              "delete": null,
              "update": null
            },
            "transit_gateway_id": "",
            "vpc_endpoint_id": "",
            "vpc_peering_connection_id": ""
          },
          "sensitive_attributes": [],
          "private": "eyJlMmJmYjczMC1lY2FhLTExZTYtOGY4OC0zNDM2M2JjN2M0YzAiOnsiY3JlYXRlIjozMDAwMDAwMDAwMDAsImRlbGV0ZSI6MzAwMDAwMDAwMDAwLCJ1cGRhdGUiOjEyMDAwMDAwMDAwMH19",
          "dependencies": [
            "module.vpc.aws_internet_gateway.this",
            "module.vpc.aws_route_table.public",
            "module.vpc.aws_vpc.this",
            "module.vpc.aws_vpc_ipv4_cidr_block_association.this"
          ]
        }
      ]
    },
    {
      "module": "module.vpc",
      "mode": "managed",
      "type": "aws_route_table",
      "name": "private",
      "provider": "provider[\"registry.terraform.io/hashicorp/aws\"]",
      "instances": [
        {
          "index_key": 0,
          "schema_version": 0,
          "attributes": {
            "arn": "arn:aws:ec2:ap-northeast-1:977310042706:route-table/rtb-059dc43f8c36eb511",
            "id": "rtb-059dc43f8c36eb511",
            "owner_id": "977310042706",
            "propagating_vgws": [],
            "route": [],
            "tags": {
              "Environment": "gitlab-runner",
              "Name": "vpc-gitlab-runner-private"
            },
            "tags_all": {
              "Environment": "gitlab-runner",
              "Name": "vpc-gitlab-runner-private"
            },
            "timeouts": null,
            "vpc_id": "vpc-00716061a297d1582"
          },
          "sensitive_attributes": [],
          "private": "eyJlMmJmYjczMC1lY2FhLTExZTYtOGY4OC0zNDM2M2JjN2M0YzAiOnsiY3JlYXRlIjozMDAwMDAwMDAwMDAsImRlbGV0ZSI6MzAwMDAwMDAwMDAwLCJ1cGRhdGUiOjEyMDAwMDAwMDAwMH19",
          "dependencies": [
            "data.aws_availability_zones.available",
            "module.vpc.aws_vpc.this",
            "module.vpc.aws_vpc_ipv4_cidr_block_association.this"
          ]
        }
      ]
    },
    {
      "module": "module.vpc",
      "mode": "managed",
      "type": "aws_route_table",
      "name": "public",
      "provider": "provider[\"registry.terraform.io/hashicorp/aws\"]",
      "instances": [
        {
          "index_key": 0,
          "schema_version": 0,
          "attributes": {
            "arn": "arn:aws:ec2:ap-northeast-1:977310042706:route-table/rtb-008821d61729df9c4",
            "id": "rtb-008821d61729df9c4",
            "owner_id": "977310042706",
            "propagating_vgws": [],
            "route": [],
            "tags": {
              "Environment": "gitlab-runner",
              "Name": "vpc-gitlab-runner-public"
            },
            "tags_all": {
              "Environment": "gitlab-runner",
              "Name": "vpc-gitlab-runner-public"
            },
            "timeouts": null,
            "vpc_id": "vpc-00716061a297d1582"
          },
          "sensitive_attributes": [],
          "private": "eyJlMmJmYjczMC1lY2FhLTExZTYtOGY4OC0zNDM2M2JjN2M0YzAiOnsiY3JlYXRlIjozMDAwMDAwMDAwMDAsImRlbGV0ZSI6MzAwMDAwMDAwMDAwLCJ1cGRhdGUiOjEyMDAwMDAwMDAwMH19",
          "dependencies": [
            "module.vpc.aws_vpc.this",
            "module.vpc.aws_vpc_ipv4_cidr_block_association.this"
          ]
        }
      ]
    },
    {
      "module": "module.vpc",
      "mode": "managed",
      "type": "aws_route_table_association",
      "name": "private",
      "provider": "provider[\"registry.terraform.io/hashicorp/aws\"]",
      "instances": [
        {
          "index_key": 0,
          "schema_version": 0,
          "attributes": {
            "gateway_id": "",
            "id": "rtbassoc-0b394565b19a5a334",
            "route_table_id": "rtb-059dc43f8c36eb511",
            "subnet_id": "subnet-0c2d40dd097de6239",
            "timeouts": null
          },
          "sensitive_attributes": [],
          "private": "eyJlMmJmYjczMC1lY2FhLTExZTYtOGY4OC0zNDM2M2JjN2M0YzAiOnsiY3JlYXRlIjozMDAwMDAwMDAwMDAsImRlbGV0ZSI6MzAwMDAwMDAwMDAwLCJ1cGRhdGUiOjEyMDAwMDAwMDAwMH19",
          "dependencies": [
            "data.aws_availability_zones.available",
            "module.vpc.aws_route_table.private",
            "module.vpc.aws_subnet.private",
            "module.vpc.aws_vpc.this",
            "module.vpc.aws_vpc_ipv4_cidr_block_association.this"
          ]
        }
      ]
    },
    {
      "module": "module.vpc",
      "mode": "managed",
      "type": "aws_route_table_association",
      "name": "public",
      "provider": "provider[\"registry.terraform.io/hashicorp/aws\"]",
      "instances": [
        {
          "index_key": 0,
          "schema_version": 0,
          "attributes": {
            "gateway_id": "",
            "id": "rtbassoc-0787a08f80ee56cfb",
            "route_table_id": "rtb-008821d61729df9c4",
            "subnet_id": "subnet-00c264d1856129b67",
            "timeouts": null
          },
          "sensitive_attributes": [],
          "private": "eyJlMmJmYjczMC1lY2FhLTExZTYtOGY4OC0zNDM2M2JjN2M0YzAiOnsiY3JlYXRlIjozMDAwMDAwMDAwMDAsImRlbGV0ZSI6MzAwMDAwMDAwMDAwLCJ1cGRhdGUiOjEyMDAwMDAwMDAwMH19",
          "dependencies": [
            "data.aws_availability_zones.available",
            "module.vpc.aws_route_table.public",
            "module.vpc.aws_subnet.public",
            "module.vpc.aws_vpc.this",
            "module.vpc.aws_vpc_ipv4_cidr_block_association.this"
          ]
        }
      ]
    },
    {
      "module": "module.vpc",
      "mode": "managed",
      "type": "aws_subnet",
      "name": "private",
      "provider": "provider[\"registry.terraform.io/hashicorp/aws\"]",
      "instances": [
        {
          "index_key": 0,
          "schema_version": 1,
          "attributes": {
            "arn": "arn:aws:ec2:ap-northeast-1:977310042706:subnet/subnet-0c2d40dd097de6239",
            "assign_ipv6_address_on_creation": false,
            "availability_zone": "ap-northeast-1a",
            "availability_zone_id": "apne1-az4",
            "cidr_block": "10.0.1.0/24",
            "customer_owned_ipv4_pool": "",
            "enable_dns64": false,
            "enable_lni_at_device_index": 0,
            "enable_resource_name_dns_a_record_on_launch": false,
            "enable_resource_name_dns_aaaa_record_on_launch": false,
            "id": "subnet-0c2d40dd097de6239",
            "ipv6_cidr_block": "",
            "ipv6_cidr_block_association_id": "",
            "ipv6_native": false,
            "map_customer_owned_ip_on_launch": false,
            "map_public_ip_on_launch": false,
            "outpost_arn": "",
            "owner_id": "977310042706",
            "private_dns_hostname_type_on_launch": "ip-name",
            "tags": {
              "Environment": "gitlab-runner",
              "Name": "vpc-gitlab-runner-private-ap-northeast-1a"
            },
            "tags_all": {
              "Environment": "gitlab-runner",
              "Name": "vpc-gitlab-runner-private-ap-northeast-1a"
            },
            "timeouts": null,
            "vpc_id": "vpc-00716061a297d1582"
          },
          "sensitive_attributes": [],
          "private": "eyJlMmJmYjczMC1lY2FhLTExZTYtOGY4OC0zNDM2M2JjN2M0YzAiOnsiY3JlYXRlIjo2MDAwMDAwMDAwMDAsImRlbGV0ZSI6MTIwMDAwMDAwMDAwMH0sInNjaGVtYV92ZXJzaW9uIjoiMSJ9",
          "dependencies": [
            "data.aws_availability_zones.available",
            "module.vpc.aws_vpc.this",
            "module.vpc.aws_vpc_ipv4_cidr_block_association.this"
          ],
          "create_before_destroy": true
        }
      ]
    },
    {
      "module": "module.vpc",
      "mode": "managed",
      "type": "aws_subnet",
      "name": "public",
      "provider": "provider[\"registry.terraform.io/hashicorp/aws\"]",
      "instances": [
        {
          "index_key": 0,
          "schema_version": 1,
          "attributes": {
            "arn": "arn:aws:ec2:ap-northeast-1:977310042706:subnet/subnet-00c264d1856129b67",
            "assign_ipv6_address_on_creation": false,
            "availability_zone": "ap-northeast-1a",
            "availability_zone_id": "apne1-az4",
            "cidr_block": "10.0.101.0/24",
            "customer_owned_ipv4_pool": "",
            "enable_dns64": false,
            "enable_lni_at_device_index": 0,
            "enable_resource_name_dns_a_record_on_launch": false,
            "enable_resource_name_dns_aaaa_record_on_launch": false,
            "id": "subnet-00c264d1856129b67",
            "ipv6_cidr_block": "",
            "ipv6_cidr_block_association_id": "",
            "ipv6_native": false,
            "map_customer_owned_ip_on_launch": false,
            "map_public_ip_on_launch": false,
            "outpost_arn": "",
            "owner_id": "977310042706",
            "private_dns_hostname_type_on_launch": "ip-name",
            "tags": {
              "Environment": "gitlab-runner",
              "Name": "vpc-gitlab-runner-public-ap-northeast-1a"
            },
            "tags_all": {
              "Environment": "gitlab-runner",
              "Name": "vpc-gitlab-runner-public-ap-northeast-1a"
            },
            "timeouts": null,
            "vpc_id": "vpc-00716061a297d1582"
          },
          "sensitive_attributes": [],
          "private": "eyJlMmJmYjczMC1lY2FhLTExZTYtOGY4OC0zNDM2M2JjN2M0YzAiOnsiY3JlYXRlIjo2MDAwMDAwMDAwMDAsImRlbGV0ZSI6MTIwMDAwMDAwMDAwMH0sInNjaGVtYV92ZXJzaW9uIjoiMSJ9",
          "dependencies": [
            "data.aws_availability_zones.available",
            "module.vpc.aws_vpc.this",
            "module.vpc.aws_vpc_ipv4_cidr_block_association.this"
          ]
        }
      ]
    },
    {
      "module": "module.vpc",
      "mode": "managed",
      "type": "aws_vpc",
      "name": "this",
      "provider": "provider[\"registry.terraform.io/hashicorp/aws\"]",
      "instances": [
        {
          "index_key": 0,
          "schema_version": 1,
          "attributes": {
            "arn": "arn:aws:ec2:ap-northeast-1:977310042706:vpc/vpc-00716061a297d1582",
            "assign_generated_ipv6_cidr_block": false,
            "cidr_block": "10.0.0.0/16",
            "default_network_acl_id": "acl-0bdc3bfb285195269",
            "default_route_table_id": "rtb-0ac721901b9088c85",
            "default_security_group_id": "sg-0911e91b5d4d650e0",
            "dhcp_options_id": "dopt-d2502bb6",
            "enable_dns_hostnames": true,
            "enable_dns_support": true,
            "enable_network_address_usage_metrics": false,
            "id": "vpc-00716061a297d1582",
            "instance_tenancy": "default",
            "ipv4_ipam_pool_id": null,
            "ipv4_netmask_length": null,
            "ipv6_association_id": "",
            "ipv6_cidr_block": "",
            "ipv6_cidr_block_network_border_group": "",
            "ipv6_ipam_pool_id": "",
            "ipv6_netmask_length": 0,
            "main_route_table_id": "rtb-0ac721901b9088c85",
            "owner_id": "977310042706",
            "tags": {
              "Environment": "gitlab-runner",
              "Name": "vpc-gitlab-runner"
            },
            "tags_all": {
              "Environment": "gitlab-runner",
              "Name": "vpc-gitlab-runner"
            }
          },
          "sensitive_attributes": [],
          "private": "eyJzY2hlbWFfdmVyc2lvbiI6IjEifQ==",
          "create_before_destroy": true
        }
      ]
    },
    {
      "module": "module.vpc_endpoints",
      "mode": "data",
      "type": "aws_vpc_endpoint_service",
      "name": "this",
      "provider": "provider[\"registry.terraform.io/hashicorp/aws\"]",
      "instances": [
        {
          "index_key": "s3",
          "schema_version": 0,
          "attributes": {
            "acceptance_required": false,
            "arn": "arn:aws:ec2:ap-northeast-1:977310042706:vpc-endpoint-service/vpce-svc-0850920f07f39ee6f",
            "availability_zones": [
              "ap-northeast-1a",
              "ap-northeast-1c",
              "ap-northeast-1d"
            ],
            "base_endpoint_dns_names": [
              "s3.ap-northeast-1.vpce.amazonaws.com"
            ],
            "filter": [
              {
                "name": "service-type",
                "values": [
                  "Interface"
                ]
              }
            ],
            "id": "3691811387",
            "manages_vpc_endpoints": false,
            "owner": "amazon",
            "private_dns_name": "*.s3.ap-northeast-1.amazonaws.com",
            "service": "s3",
            "service_id": "vpce-svc-0850920f07f39ee6f",
            "service_name": "com.amazonaws.ap-northeast-1.s3",
            "service_type": "Interface",
            "supported_ip_address_types": [
              "ipv4"
            ],
            "tags": {},
            "timeouts": null,
            "vpc_endpoint_policy_supported": true
          },
          "sensitive_attributes": []
        }
      ]
    },
    {
      "module": "module.vpc_endpoints",
      "mode": "managed",
      "type": "aws_vpc_endpoint",
      "name": "this",
      "provider": "provider[\"registry.terraform.io/hashicorp/aws\"]",
      "instances": [
        {
          "index_key": "s3",
          "schema_version": 0,
          "attributes": {
            "arn": "arn:aws:ec2:ap-northeast-1:977310042706:vpc-endpoint/vpce-02db54dbda9c403c8",
            "auto_accept": null,
            "cidr_blocks": [
              "3.5.152.0/21",
              "52.219.162.0/23",
              "52.219.0.0/20",
              "52.219.16.0/22",
              "52.219.196.0/22",
              "52.219.172.0/22",
              "52.219.195.0/24",
              "52.219.200.0/23",
              "52.219.150.0/23",
              "52.219.20.0/24",
              "52.219.152.0/22",
              "52.219.136.0/22",
              "52.219.68.0/22"
            ],
            "dns_entry": [],
            "dns_options": [
              {
                "dns_record_ip_type": "ipv4",
                "private_dns_only_for_inbound_resolver_endpoint": false
              }
            ],
            "id": "vpce-02db54dbda9c403c8",
            "ip_address_type": "ipv4",
            "network_interface_ids": [],
            "owner_id": "977310042706",
            "policy": "{\"Statement\":[{\"Action\":\"*\",\"Effect\":\"Allow\",\"Principal\":\"*\",\"Resource\":\"*\"}]}",
            "prefix_list_id": "pl-61a54008",
            "private_dns_enabled": false,
            "requester_managed": false,
            "route_table_ids": [],
            "security_group_ids": [
              "sg-0911e91b5d4d650e0"
            ],
            "service_name": "com.amazonaws.ap-northeast-1.s3",
            "state": "available",
            "subnet_ids": [],
            "tags": {
              "Environment": "gitlab-runner",
              "Name": "s3-vpc-endpoint"
            },
            "tags_all": {
              "Environment": "gitlab-runner",
              "Name": "s3-vpc-endpoint"
            },
            "timeouts": {
              "create": "10m",
              "delete": "10m",
              "update": "10m"
            },
            "vpc_endpoint_type": "Interface",
            "vpc_id": "vpc-00716061a297d1582"
          },
          "sensitive_attributes": [],
          "private": "eyJlMmJmYjczMC1lY2FhLTExZTYtOGY4OC0zNDM2M2JjN2M0YzAiOnsiY3JlYXRlIjo2MDAwMDAwMDAwMDAsImRlbGV0ZSI6NjAwMDAwMDAwMDAwLCJ1cGRhdGUiOjYwMDAwMDAwMDAwMH19",
          "dependencies": [
            "module.vpc.aws_vpc.this",
            "module.vpc_endpoints.aws_security_group.this",
            "module.vpc_endpoints.data.aws_vpc_endpoint_service.this"
          ]
        }
      ]
    }
  ],
  "check_results": []
}
