{
  "version": 4,
  "terraform_version": "1.3.0",
  "serial": 126,
  "lineage": "5e44309b-7ee7-6a9b-61ee-629a44e34646",
  "outputs": {},
  "resources": [
    {
      "mode": "data",
      "type": "aws_availability_zones",
      "name": "available",
      "provider": "provider[\"registry.terraform.io/hashicorp/aws\"]",
      "instances": [
        {
          "schema_version": 0,
          "attributes": {
            "all_availability_zones": null,
            "exclude_names": null,
            "exclude_zone_ids": null,
            "filter": null,
            "group_names": [
              "ap-northeast-1"
            ],
            "id": "ap-northeast-1",
            "names": [
              "ap-northeast-1a",
              "ap-northeast-1c",
              "ap-northeast-1d"
            ],
            "state": "available",
            "timeouts": null,
            "zone_ids": [
              "apne1-az4",
              "apne1-az1",
              "apne1-az2"
            ]
          },
          "sensitive_attributes": []
        }
      ]
    },
    {
      "mode": "data",
      "type": "aws_security_group",
      "name": "default",
      "provider": "provider[\"registry.terraform.io/hashicorp/aws\"]",
      "instances": [
        {
          "schema_version": 0,
          "attributes": {
            "arn": "arn:aws:ec2:ap-northeast-1:977310042706:security-group/sg-030e8569f03e15bc5",
            "description": "default VPC security group",
            "filter": null,
            "id": "sg-030e8569f03e15bc5",
            "name": "default",
            "tags": {
              "Environment": "gitlab-runner",
              "Name": "vpc-gitlab-runner-default"
            },
            "timeouts": null,
            "vpc_id": "vpc-0f07ef622557ef666"
          },
          "sensitive_attributes": []
        }
      ]
    },
    {
      "module": "module.runner",
      "mode": "data",
      "type": "aws_ami",
      "name": "docker-machine",
      "provider": "provider[\"registry.terraform.io/hashicorp/aws\"]",
      "instances": [
        {
          "index_key": 0,
          "schema_version": 0,
          "attributes": {
            "architecture": "x86_64",
            "arn": "arn:aws:ec2:ap-northeast-1::image/ami-070a0e65c762aad52",
            "block_device_mappings": [
              {
                "device_name": "/dev/sda1",
                "ebs": {
                  "delete_on_termination": "true",
                  "encrypted": "false",
                  "iops": "0",
                  "snapshot_id": "snap-08913e1c992cb3c65",
                  "throughput": "0",
                  "volume_size": "8",
                  "volume_type": "gp2"
                },
                "no_device": "",
                "virtual_name": ""
              },
              {
                "device_name": "/dev/sdb",
                "ebs": {},
                "no_device": "",
                "virtual_name": "ephemeral0"
              },
              {
                "device_name": "/dev/sdc",
                "ebs": {},
                "no_device": "",
                "virtual_name": "ephemeral1"
              }
            ],
            "boot_mode": "legacy-bios",
            "creation_date": "2024-04-16T23:24:31.000Z",
            "deprecation_time": "2026-04-16T23:24:31.000Z",
            "description": "Canonical, Ubuntu, 20.04 LTS, amd64 focal image build on 2024-04-16",
            "ena_support": true,
            "executable_users": null,
            "filter": [
              {
                "name": "name",
                "values": [
                  "ubuntu/images/hvm-ssd/ubuntu-focal-20.04-amd64-server-*"
                ]
              }
            ],
            "hypervisor": "xen",
            "id": "ami-070a0e65c762aad52",
            "image_id": "ami-070a0e65c762aad52",
            "image_location": "amazon/ubuntu/images/hvm-ssd/ubuntu-focal-20.04-amd64-server-20240416",
            "image_owner_alias": "amazon",
            "image_type": "machine",
            "imds_support": "",
            "include_deprecated": false,
            "kernel_id": "",
            "most_recent": true,
            "name": "ubuntu/images/hvm-ssd/ubuntu-focal-20.04-amd64-server-20240416",
            "name_regex": null,
            "owner_id": "099720109477",
            "owners": [
              "099720109477"
            ],
            "platform": "",
            "platform_details": "Linux/UNIX",
            "product_codes": [],
            "public": true,
            "ramdisk_id": "",
            "root_device_name": "/dev/sda1",
            "root_device_type": "ebs",
            "root_snapshot_id": "snap-08913e1c992cb3c65",
            "sriov_net_support": "simple",
            "state": "available",
            "state_reason": {
              "code": "UNSET",
              "message": "UNSET"
            },
            "tags": {},
            "timeouts": null,
            "tpm_support": "",
            "usage_operation": "RunInstances",
            "virtualization_type": "hvm"
          },
          "sensitive_attributes": []
        }
      ]
    },
    {
      "module": "module.runner",
      "mode": "data",
      "type": "aws_ami",
      "name": "runner",
      "provider": "provider[\"registry.terraform.io/hashicorp/aws\"]",
      "instances": [
        {
          "schema_version": 0,
          "attributes": {
            "architecture": "x86_64",
            "arn": "arn:aws:ec2:ap-northeast-1::image/ami-016ca7ae7c1996f70",
            "block_device_mappings": [
              {
                "device_name": "/dev/xvda",
                "ebs": {
                  "delete_on_termination": "true",
                  "encrypted": "false",
                  "iops": "0",
                  "snapshot_id": "snap-067afd95d9775de9c",
                  "throughput": "0",
                  "volume_size": "8",
                  "volume_type": "standard"
                },
                "no_device": "",
                "virtual_name": ""
              }
            ],
            "boot_mode": "",
            "creation_date": "2024-04-13T00:10:25.000Z",
            "deprecation_time": "2025-07-01T00:00:00.000Z",
            "description": "Amazon Linux 2 AMI 2.0.20240412.0 x86_64 HVM ebs",
            "ena_support": true,
            "executable_users": null,
            "filter": [
              {
                "name": "name",
                "values": [
                  "amzn2-ami-hvm-2.*-x86_64-ebs"
                ]
              }
            ],
            "hypervisor": "xen",
            "id": "ami-016ca7ae7c1996f70",
            "image_id": "ami-016ca7ae7c1996f70",
            "image_location": "amazon/amzn2-ami-hvm-2.0.20240412.0-x86_64-ebs",
            "image_owner_alias": "amazon",
            "image_type": "machine",
            "imds_support": "",
            "include_deprecated": false,
            "kernel_id": "",
            "most_recent": true,
            "name": "amzn2-ami-hvm-2.0.20240412.0-x86_64-ebs",
            "name_regex": null,
            "owner_id": "137112412989",
            "owners": [
              "amazon"
            ],
            "platform": "",
            "platform_details": "Linux/UNIX",
            "product_codes": [],
            "public": true,
            "ramdisk_id": "",
            "root_device_name": "/dev/xvda",
            "root_device_type": "ebs",
            "root_snapshot_id": "snap-067afd95d9775de9c",
            "sriov_net_support": "simple",
            "state": "available",
            "state_reason": {
              "code": "UNSET",
              "message": "UNSET"
            },
            "tags": {},
            "timeouts": null,
            "tpm_support": "",
            "usage_operation": "RunInstances",
            "virtualization_type": "hvm"
          },
          "sensitive_attributes": []
        }
      ]
    },
    {
      "module": "module.runner",
      "mode": "data",
      "type": "aws_availability_zone",
      "name": "runners",
      "provider": "provider[\"registry.terraform.io/hashicorp/aws\"]",
      "instances": [
        {
          "schema_version": 0,
          "attributes": {
            "all_availability_zones": null,
            "filter": null,
            "group_name": "ap-northeast-1",
            "id": "ap-northeast-1a",
            "name": "ap-northeast-1a",
            "name_suffix": "a",
            "network_border_group": "ap-northeast-1",
            "opt_in_status": "opt-in-not-required",
            "parent_zone_id": "",
            "parent_zone_name": "",
            "region": "ap-northeast-1",
            "state": "available",
            "timeouts": null,
            "zone_id": "apne1-az4",
            "zone_type": "availability-zone"
          },
          "sensitive_attributes": []
        }
      ]
    },
    {
      "module": "module.runner",
      "mode": "data",
      "type": "aws_caller_identity",
      "name": "current",
      "provider": "provider[\"registry.terraform.io/hashicorp/aws\"]",
      "instances": [
        {
          "schema_version": 0,
          "attributes": {
            "account_id": "977310042706",
            "arn": "arn:aws:sts::977310042706:assumed-role/OrganizationAccountAccessRole/e2oohara",
            "id": "977310042706",
            "user_id": "AROA6HDBXZJJCHOX6G4SC:e2oohara"
          },
          "sensitive_attributes": []
        }
      ]
    },
    {
      "module": "module.runner",
      "mode": "data",
      "type": "aws_partition",
      "name": "current",
      "provider": "provider[\"registry.terraform.io/hashicorp/aws\"]",
      "instances": [
        {
          "schema_version": 0,
          "attributes": {
            "dns_suffix": "amazonaws.com",
            "id": "aws",
            "partition": "aws",
            "reverse_dns_prefix": "com.amazonaws"
          },
          "sensitive_attributes": []
        }
      ]
    },
    {
      "module": "module.runner",
      "mode": "data",
      "type": "aws_region",
      "name": "current",
      "provider": "provider[\"registry.terraform.io/hashicorp/aws\"]",
      "instances": [
        {
          "schema_version": 0,
          "attributes": {
            "description": "Asia Pacific (Tokyo)",
            "endpoint": "ec2.ap-northeast-1.amazonaws.com",
            "id": "ap-northeast-1",
            "name": "ap-northeast-1"
          },
          "sensitive_attributes": []
        }
      ]
    },
    {
      "module": "module.runner",
      "mode": "data",
      "type": "aws_subnet",
      "name": "runners",
      "provider": "provider[\"registry.terraform.io/hashicorp/aws\"]",
      "instances": [
        {
          "schema_version": 0,
          "attributes": {
            "arn": "arn:aws:ec2:ap-northeast-1:977310042706:subnet/subnet-0c333026ec94846ee",
            "assign_ipv6_address_on_creation": false,
            "availability_zone": "ap-northeast-1a",
            "availability_zone_id": "apne1-az4",
            "available_ip_address_count": 249,
            "cidr_block": "10.0.1.0/24",
            "customer_owned_ipv4_pool": "",
            "default_for_az": false,
            "enable_dns64": false,
            "enable_lni_at_device_index": 0,
            "enable_resource_name_dns_a_record_on_launch": false,
            "enable_resource_name_dns_aaaa_record_on_launch": false,
            "filter": null,
            "id": "subnet-0c333026ec94846ee",
            "ipv6_cidr_block": "",
            "ipv6_cidr_block_association_id": "",
            "ipv6_native": false,
            "map_customer_owned_ip_on_launch": false,
            "map_public_ip_on_launch": false,
            "outpost_arn": "",
            "owner_id": "977310042706",
            "private_dns_hostname_type_on_launch": "ip-name",
            "state": "available",
            "tags": {
              "Environment": "gitlab-runner",
              "Name": "vpc-gitlab-runner-private-ap-northeast-1a"
            },
            "timeouts": null,
            "vpc_id": "vpc-0f07ef622557ef666"
          },
          "sensitive_attributes": []
        }
      ]
    },
    {
      "module": "module.runner",
      "mode": "managed",
      "type": "aws_autoscaling_group",
      "name": "gitlab_runner_instance",
      "provider": "provider[\"registry.terraform.io/hashicorp/aws\"]",
      "instances": [
        {
          "schema_version": 1,
          "attributes": {
            "arn": "arn:aws:autoscaling:ap-northeast-1:977310042706:autoScalingGroup:a9a0e417-67a7-4238-bcdf-9f1cbe50cb37:autoScalingGroupName/gitlab-runner-2024042100024795210000000e-asg",
            "availability_zones": [
              "ap-northeast-1a"
            ],
            "capacity_rebalance": false,
            "context": "",
            "default_cooldown": 300,
            "default_instance_warmup": 0,
            "desired_capacity": 1,
            "desired_capacity_type": "",
            "enabled_metrics": [
              "GroupDesiredCapacity",
              "GroupInServiceCapacity"
            ],
            "force_delete": false,
            "force_delete_warm_pool": false,
            "health_check_grace_period": 0,
            "health_check_type": "EC2",
            "id": "gitlab-runner-2024042100024795210000000e-asg",
            "ignore_failed_scaling_activities": false,
            "initial_lifecycle_hook": [],
            "instance_maintenance_policy": [],
            "instance_refresh": [
              {
                "preferences": [
                  {
                    "auto_rollback": false,
                    "checkpoint_delay": "",
                    "checkpoint_percentages": [],
                    "instance_warmup": "",
                    "max_healthy_percentage": 100,
                    "min_healthy_percentage": 0,
                    "scale_in_protected_instances": "Ignore",
                    "skip_matching": false,
                    "standby_instances": "Ignore"
                  }
                ],
                "strategy": "Rolling",
                "triggers": [
                  "tag"
                ]
              }
            ],
            "launch_configuration": "",
            "launch_template": [
              {
                "id": "lt-0127b539dcb1f154c",
                "name": "gitlab-runner-2024042100024795210000000e",
                "version": "2"
              }
            ],
            "load_balancers": [],
            "max_instance_lifetime": 0,
            "max_size": 1,
            "metrics_granularity": "1Minute",
            "min_elb_capacity": null,
            "min_size": 1,
            "mixed_instances_policy": [],
            "name": "gitlab-runner-2024042100024795210000000e-asg",
            "name_prefix": "",
            "placement_group": "",
            "predicted_capacity": 0,
            "protect_from_scale_in": false,
            "service_linked_role_arn": "arn:aws:iam::977310042706:role/aws-service-role/autoscaling.amazonaws.com/AWSServiceRoleForAutoScaling",
            "suspended_processes": [],
            "tag": [
              {
                "key": "Environment",
                "propagate_at_launch": true,
                "value": "gitlab-runner"
              },
              {
                "key": "Name",
                "propagate_at_launch": true,
                "value": "gitlab-runner"
              },
              {
                "key": "tf-aws-gitlab-runner:example",
                "propagate_at_launch": true,
                "value": "runner-default"
              },
              {
                "key": "tf-aws-gitlab-runner:instancelifecycle",
                "propagate_at_launch": true,
                "value": "spot:yes"
              }
            ],
            "target_group_arns": [],
            "termination_policies": [],
            "timeouts": {
              "delete": "10m",
              "update": null
            },
            "traffic_source": [],
            "vpc_zone_identifier": [
              "subnet-0c333026ec94846ee"
            ],
            "wait_for_capacity_timeout": "10m",
            "wait_for_elb_capacity": null,
            "warm_pool": [],
            "warm_pool_size": 0
          },
          "sensitive_attributes": [],
          "private": "eyJlMmJmYjczMC1lY2FhLTExZTYtOGY4OC0zNDM2M2JjN2M0YzAiOnsiZGVsZXRlIjo2MDAwMDAwMDAwMDAsInVwZGF0ZSI6NjAwMDAwMDAwMDAwfSwic2NoZW1hX3ZlcnNpb24iOiIxIn0=",
          "dependencies": [
            "data.aws_availability_zones.available",
            "data.aws_security_group.default",
            "module.runner.aws_cloudwatch_log_group.environment",
            "module.runner.aws_eip.gitlab_runner",
            "module.runner.aws_iam_instance_profile.docker_machine",
            "module.runner.aws_iam_role.docker_machine",
            "module.runner.aws_kms_key.default",
            "module.runner.aws_launch_template.fleet_gitlab_runner",
            "module.runner.aws_launch_template.gitlab_runner_instance",
            "module.runner.aws_security_group.docker_machine",
            "module.runner.aws_security_group.runner",
            "module.runner.data.aws_ami.docker-machine",
            "module.runner.data.aws_ami.runner",
            "module.runner.data.aws_availability_zone.runners",
            "module.runner.data.aws_caller_identity.current",
            "module.runner.data.aws_partition.current",
            "module.runner.data.aws_region.current",
            "module.runner.module.cache.aws_s3_bucket.build_cache",
            "module.runner.module.cache.data.aws_caller_identity.current",
            "module.runner.module.cache.random_string.s3_suffix",
            "module.runner.tls_private_key.fleet",
            "module.vpc.aws_subnet.private",
            "module.vpc.aws_vpc.this",
            "module.vpc.aws_vpc_ipv4_cidr_block_association.this"
          ]
        }
      ]
    },
    {
      "module": "module.runner",
      "mode": "managed",
      "type": "aws_cloudwatch_log_group",
      "name": "environment",
      "provider": "provider[\"registry.terraform.io/hashicorp/aws\"]",
      "instances": [
        {
          "index_key": 0,
          "schema_version": 0,
          "attributes": {
            "arn": "arn:aws:logs:ap-northeast-1:977310042706:log-group:gitlab-runner",
            "id": "gitlab-runner",
            "kms_key_id": "",
            "log_group_class": "STANDARD",
            "name": "gitlab-runner",
            "name_prefix": "",
            "retention_in_days": 14,
            "skip_destroy": false,
            "tags": {
              "Environment": "gitlab-runner",
              "Name": "gitlab-runner",
              "tf-aws-gitlab-runner:example": "runner-default",
              "tf-aws-gitlab-runner:instancelifecycle": "spot:yes"
            },
            "tags_all": {
              "Environment": "gitlab-runner",
              "Name": "gitlab-runner",
              "tf-aws-gitlab-runner:example": "runner-default",
              "tf-aws-gitlab-runner:instancelifecycle": "spot:yes"
            }
          },
          "sensitive_attributes": [],
          "private": "bnVsbA==",
          "dependencies": [
            "module.runner.aws_kms_key.default"
          ],
          "create_before_destroy": true
        }
      ]
    },
    {
      "module": "module.runner",
      "mode": "managed",
      "type": "aws_iam_instance_profile",
      "name": "docker_machine",
      "provider": "provider[\"registry.terraform.io/hashicorp/aws\"]",
      "instances": [
        {
          "index_key": 0,
          "schema_version": 0,
          "attributes": {
            "arn": "arn:aws:iam::977310042706:instance-profile/gitlab-runner-docker-machine",
            "create_date": "2024-04-21T00:02:35Z",
            "id": "gitlab-runner-docker-machine",
            "name": "gitlab-runner-docker-machine",
            "name_prefix": "",
            "path": "/",
            "role": "gitlab-runner-docker-machine",
            "tags": {
              "Environment": "gitlab-runner",
              "Name": "gitlab-runner",
              "tf-aws-gitlab-runner:example": "runner-default",
              "tf-aws-gitlab-runner:instancelifecycle": "spot:yes"
            },
            "tags_all": {
              "Environment": "gitlab-runner",
              "Name": "gitlab-runner",
              "tf-aws-gitlab-runner:example": "runner-default",
              "tf-aws-gitlab-runner:instancelifecycle": "spot:yes"
            },
            "unique_id": "AIPA6HDBXZJJOAOIVOD5B"
          },
          "sensitive_attributes": [],
          "private": "bnVsbA==",
          "dependencies": [
            "module.runner.aws_iam_role.docker_machine",
            "module.runner.data.aws_caller_identity.current",
            "module.runner.data.aws_partition.current"
          ],
          "create_before_destroy": true
        }
      ]
    },
    {
      "module": "module.runner",
      "mode": "managed",
      "type": "aws_iam_instance_profile",
      "name": "instance",
      "provider": "provider[\"registry.terraform.io/hashicorp/aws\"]",
      "instances": [
        {
          "index_key": 0,
          "schema_version": 0,
          "attributes": {
            "arn": "arn:aws:iam::977310042706:instance-profile/gitlab-runner-instance",
            "create_date": "2024-04-21T00:02:34Z",
            "id": "gitlab-runner-instance",
            "name": "gitlab-runner-instance",
            "name_prefix": "",
            "path": "/",
            "role": "gitlab-runner-instance",
            "tags": {
              "Environment": "gitlab-runner",
              "Name": "gitlab-runner",
              "tf-aws-gitlab-runner:example": "runner-default",
              "tf-aws-gitlab-runner:instancelifecycle": "spot:yes"
            },
            "tags_all": {
              "Environment": "gitlab-runner",
              "Name": "gitlab-runner",
              "tf-aws-gitlab-runner:example": "runner-default",
              "tf-aws-gitlab-runner:instancelifecycle": "spot:yes"
            },
            "unique_id": "AIPA6HDBXZJJBX3RNJD33"
          },
          "sensitive_attributes": [],
          "private": "bnVsbA=="
        }
      ]
    },
    {
      "module": "module.runner",
      "mode": "managed",
      "type": "aws_iam_policy",
      "name": "instance_docker_machine_policy",
      "provider": "provider[\"registry.terraform.io/hashicorp/aws\"]",
      "instances": [
        {
          "index_key": 0,
          "schema_version": 0,
          "attributes": {
            "arn": "arn:aws:iam::977310042706:policy/gitlab-runner-docker-machine",
            "description": "Policy for docker machine.",
            "id": "arn:aws:iam::977310042706:policy/gitlab-runner-docker-machine",
            "name": "gitlab-runner-docker-machine",
            "name_prefix": "",
            "path": "/",
            "policy": "{\"Statement\":[{\"Action\":[\"ec2:DescribeKeyPairs\",\"ec2:TerminateInstances\",\"ec2:StopInstances\",\"ec2:StartInstances\",\"ec2:RunInstances\",\"ec2:RebootInstances\",\"ec2:CreateKeyPair\",\"ec2:DeleteKeyPair\",\"ec2:ImportKeyPair\",\"ec2:Describe*\",\"ec2:CreateTags\",\"ec2:RequestSpotInstances\",\"ec2:CancelSpotInstanceRequests\",\"ec2:DescribeSubnets\",\"ec2:AssociateIamInstanceProfile\",\"ec2:CreateFleet\"],\"Effect\":\"Allow\",\"Resource\":\"*\"},{\"Action\":[\"iam:PassRole\"],\"Effect\":\"Allow\",\"Resource\":\"arn:aws:iam::977310042706:role/gitlab-runner-docker-machine\"}],\"Version\":\"2012-10-17\"}",
            "policy_id": "ANPA6HDBXZJJMBCHO6BNJ",
            "tags": {
              "Environment": "gitlab-runner",
              "Name": "gitlab-runner",
              "tf-aws-gitlab-runner:example": "runner-default",
              "tf-aws-gitlab-runner:instancelifecycle": "spot:yes"
            },
            "tags_all": {
              "Environment": "gitlab-runner",
              "Name": "gitlab-runner",
              "tf-aws-gitlab-runner:example": "runner-default",
              "tf-aws-gitlab-runner:instancelifecycle": "spot:yes"
            }
          },
          "sensitive_attributes": [],
          "private": "bnVsbA==",
          "dependencies": [
            "module.runner.aws_iam_role.docker_machine",
            "module.runner.data.aws_caller_identity.current",
            "module.runner.data.aws_partition.current"
          ]
        }
      ]
    },
    {
      "module": "module.runner",
      "mode": "managed",
      "type": "aws_iam_policy",
      "name": "instance_session_manager_policy",
      "provider": "provider[\"registry.terraform.io/hashicorp/aws\"]",
      "instances": [
        {
          "index_key": 0,
          "schema_version": 0,
          "attributes": {
            "arn": "arn:aws:iam::977310042706:policy/gitlab-runner-session-manager",
            "description": "Policy session manager.",
            "id": "arn:aws:iam::977310042706:policy/gitlab-runner-session-manager",
            "name": "gitlab-runner-session-manager",
            "name_prefix": "",
            "path": "/",
            "policy": "{\"Statement\":[{\"Action\":[\"ssmmessages:CreateControlChannel\",\"ssmmessages:CreateDataChannel\",\"ssmmessages:OpenControlChannel\",\"ssmmessages:OpenDataChannel\"],\"Effect\":\"Allow\",\"Resource\":\"*\"}],\"Version\":\"2012-10-17\"}",
            "policy_id": "ANPA6HDBXZJJITMTHTZJN",
            "tags": {
              "Environment": "gitlab-runner",
              "Name": "gitlab-runner",
              "tf-aws-gitlab-runner:example": "runner-default",
              "tf-aws-gitlab-runner:instancelifecycle": "spot:yes"
            },
            "tags_all": {
              "Environment": "gitlab-runner",
              "Name": "gitlab-runner",
              "tf-aws-gitlab-runner:example": "runner-default",
              "tf-aws-gitlab-runner:instancelifecycle": "spot:yes"
            }
          },
          "sensitive_attributes": [],
          "private": "bnVsbA=="
        }
      ]
    },
    {
      "module": "module.runner",
      "mode": "managed",
      "type": "aws_iam_policy",
      "name": "service_linked_role",
      "provider": "provider[\"registry.terraform.io/hashicorp/aws\"]",
      "instances": [
        {
          "index_key": 0,
          "schema_version": 0,
          "attributes": {
            "arn": "arn:aws:iam::977310042706:policy/gitlab-runner-service_linked_role",
            "description": "Policy for creation of service linked roles.",
            "id": "arn:aws:iam::977310042706:policy/gitlab-runner-service_linked_role",
            "name": "gitlab-runner-service_linked_role",
            "name_prefix": "",
            "path": "/",
            "policy": "{\"Statement\":[{\"Action\":\"iam:CreateServiceLinkedRole\",\"Effect\":\"Allow\",\"Resource\":\"arn:aws:iam::*:role/aws-service-role/*\"}],\"Version\":\"2012-10-17\"}",
            "policy_id": "ANPA6HDBXZJJMNF42DAWD",
            "tags": {
              "Environment": "gitlab-runner",
              "Name": "gitlab-runner",
              "tf-aws-gitlab-runner:example": "runner-default",
              "tf-aws-gitlab-runner:instancelifecycle": "spot:yes"
            },
            "tags_all": {
              "Environment": "gitlab-runner",
              "Name": "gitlab-runner",
              "tf-aws-gitlab-runner:example": "runner-default",
              "tf-aws-gitlab-runner:instancelifecycle": "spot:yes"
            }
          },
          "sensitive_attributes": [],
          "private": "bnVsbA==",
          "dependencies": [
            "module.runner.data.aws_partition.current"
          ]
        }
      ]
    },
    {
      "module": "module.runner",
      "mode": "managed",
      "type": "aws_iam_policy",
      "name": "ssm",
      "provider": "provider[\"registry.terraform.io/hashicorp/aws\"]",
      "instances": [
        {
          "schema_version": 0,
          "attributes": {
            "arn": "arn:aws:iam::977310042706:policy/gitlab-runner-ssm",
            "description": "Policy for runner token param access via SSM",
            "id": "arn:aws:iam::977310042706:policy/gitlab-runner-ssm",
            "name": "gitlab-runner-ssm",
            "name_prefix": "",
            "path": "/",
            "policy": "{\"Statement\":[{\"Action\":[\"ssm:PutParameter\"],\"Effect\":\"Allow\",\"Resource\":\"*\"},{\"Action\":[\"ssm:GetParameter\",\"ssm:GetParameters\"],\"Effect\":\"Allow\",\"Resource\":\"arn:aws:ssm:*\"}],\"Version\":\"2012-10-17\"}",
            "policy_id": "ANPA6HDBXZJJACR42PMVI",
            "tags": {
              "Environment": "gitlab-runner",
              "Name": "gitlab-runner",
              "tf-aws-gitlab-runner:example": "runner-default",
              "tf-aws-gitlab-runner:instancelifecycle": "spot:yes"
            },
            "tags_all": {
              "Environment": "gitlab-runner",
              "Name": "gitlab-runner",
              "tf-aws-gitlab-runner:example": "runner-default",
              "tf-aws-gitlab-runner:instancelifecycle": "spot:yes"
            }
          },
          "sensitive_attributes": [],
          "private": "bnVsbA==",
          "dependencies": [
            "module.runner.data.aws_partition.current"
          ]
        }
      ]
    },
    {
      "module": "module.runner",
      "mode": "managed",
      "type": "aws_iam_role",
      "name": "docker_machine",
      "provider": "provider[\"registry.terraform.io/hashicorp/aws\"]",
      "instances": [
        {
          "index_key": 0,
          "schema_version": 0,
          "attributes": {
            "arn": "arn:aws:iam::977310042706:role/gitlab-runner-docker-machine",
            "assume_role_policy": "{\"Statement\":[{\"Action\":\"sts:AssumeRole\",\"Effect\":\"Allow\",\"Principal\":{\"Service\":\"ec2.amazonaws.com\"},\"Sid\":\"\"}],\"Version\":\"2012-10-17\"}",
            "create_date": "2024-04-21T00:02:34Z",
            "description": "",
            "force_detach_policies": false,
            "id": "gitlab-runner-docker-machine",
            "inline_policy": [],
            "managed_policy_arns": [],
            "max_session_duration": 3600,
            "name": "gitlab-runner-docker-machine",
            "name_prefix": "",
            "path": "/",
            "permissions_boundary": "",
            "tags": {
              "Environment": "gitlab-runner",
              "Name": "gitlab-runner",
              "tf-aws-gitlab-runner:example": "runner-default",
              "tf-aws-gitlab-runner:instancelifecycle": "spot:yes"
            },
            "tags_all": {
              "Environment": "gitlab-runner",
              "Name": "gitlab-runner",
              "tf-aws-gitlab-runner:example": "runner-default",
              "tf-aws-gitlab-runner:instancelifecycle": "spot:yes"
            },
            "unique_id": "AROA6HDBXZJJFSYXCERKW"
          },
          "sensitive_attributes": [],
          "private": "bnVsbA==",
          "dependencies": [
            "module.runner.data.aws_caller_identity.current",
            "module.runner.data.aws_partition.current"
          ],
          "create_before_destroy": true
        }
      ]
    },
    {
      "module": "module.runner",
      "mode": "managed",
      "type": "aws_iam_role",
      "name": "instance",
      "provider": "provider[\"registry.terraform.io/hashicorp/aws\"]",
      "instances": [
        {
          "index_key": 0,
          "schema_version": 0,
          "attributes": {
            "arn": "arn:aws:iam::977310042706:role/gitlab-runner-instance",
            "assume_role_policy": "{\"Statement\":[{\"Action\":\"sts:AssumeRole\",\"Effect\":\"Allow\",\"Principal\":{\"Service\":\"ec2.amazonaws.com\"},\"Sid\":\"\"}],\"Version\":\"2012-10-17\"}",
            "create_date": "2024-04-21T00:02:34Z",
            "description": "",
            "force_detach_policies": false,
            "id": "gitlab-runner-instance",
            "inline_policy": [
              {
                "name": "gitlab-runner-logging",
                "policy": "{\"Version\":\"2012-10-17\",\"Statement\":[{\"Action\":[\"logs:CreateLogGroup\",\"logs:CreateLogStream\",\"logs:PutLogEvents\",\"logs:DescribeLogStreams\"],\"Effect\":\"Allow\",\"Resource\":[\"arn:aws:logs:*:*:*\"],\"Sid\":\"allowLoggingToCloudWatch\"}]}"
              }
            ],
            "managed_policy_arns": [
              "arn:aws:iam::977310042706:policy/gitlab-runner-docker-machine",
              "arn:aws:iam::977310042706:policy/gitlab-runner-docker-machine-cache",
              "arn:aws:iam::977310042706:policy/gitlab-runner-service_linked_role",
              "arn:aws:iam::977310042706:policy/gitlab-runner-session-manager",
              "arn:aws:iam::977310042706:policy/gitlab-runner-ssm",
              "arn:aws:iam::aws:policy/AmazonSSMManagedInstanceCore"
            ],
            "max_session_duration": 3600,
            "name": "gitlab-runner-instance",
            "name_prefix": "",
            "path": "/",
            "permissions_boundary": "",
            "tags": {
              "Environment": "gitlab-runner",
              "Name": "gitlab-runner",
              "tf-aws-gitlab-runner:example": "runner-default",
              "tf-aws-gitlab-runner:instancelifecycle": "spot:yes"
            },
            "tags_all": {
              "Environment": "gitlab-runner",
              "Name": "gitlab-runner",
              "tf-aws-gitlab-runner:example": "runner-default",
              "tf-aws-gitlab-runner:instancelifecycle": "spot:yes"
            },
            "unique_id": "AROA6HDBXZJJA5SZ5RFLH"
          },
          "sensitive_attributes": [],
          "private": "bnVsbA==",
          "dependencies": [
            "module.runner.data.aws_caller_identity.current",
            "module.runner.data.aws_partition.current"
          ]
        }
      ]
    },
    {
      "module": "module.runner",
      "mode": "managed",
      "type": "aws_iam_role_policy",
      "name": "instance",
      "provider": "provider[\"registry.terraform.io/hashicorp/aws\"]",
      "instances": [
        {
          "index_key": 0,
          "schema_version": 0,
          "attributes": {
            "id": "gitlab-runner-instance:gitlab-runner-logging",
            "name": "gitlab-runner-logging",
            "name_prefix": "",
            "policy": "{\"Version\":\"2012-10-17\",\"Statement\":[{\"Action\":[\"logs:CreateLogGroup\",\"logs:CreateLogStream\",\"logs:PutLogEvents\",\"logs:DescribeLogStreams\"],\"Effect\":\"Allow\",\"Resource\":[\"arn:aws:logs:*:*:*\"],\"Sid\":\"allowLoggingToCloudWatch\"}]}",
            "role": "gitlab-runner-instance"
          },
          "sensitive_attributes": [],
          "private": "bnVsbA==",
          "dependencies": [
            "module.runner.aws_iam_role.instance",
            "module.runner.data.aws_caller_identity.current",
            "module.runner.data.aws_partition.current"
          ]
        }
      ]
    },
    {
      "module": "module.runner",
      "mode": "managed",
      "type": "aws_iam_role_policy_attachment",
      "name": "docker_machine_cache_instance",
      "provider": "provider[\"registry.terraform.io/hashicorp/aws\"]",
      "instances": [
        {
          "index_key": 0,
          "schema_version": 0,
          "attributes": {
            "id": "gitlab-runner-instance-20240421000236896300000007",
            "policy_arn": "arn:aws:iam::977310042706:policy/gitlab-runner-docker-machine-cache",
            "role": "gitlab-runner-instance"
          },
          "sensitive_attributes": [],
          "private": "bnVsbA==",
          "dependencies": [
            "module.runner.aws_iam_role.instance",
            "module.runner.data.aws_caller_identity.current",
            "module.runner.data.aws_partition.current",
            "module.runner.module.cache.aws_iam_policy.docker_machine_cache",
            "module.runner.module.cache.aws_s3_bucket.build_cache",
            "module.runner.module.cache.data.aws_caller_identity.current",
            "module.runner.module.cache.random_string.s3_suffix"
          ]
        }
      ]
    },
    {
      "module": "module.runner",
      "mode": "managed",
      "type": "aws_iam_role_policy_attachment",
      "name": "instance_docker_machine_policy",
      "provider": "provider[\"registry.terraform.io/hashicorp/aws\"]",
      "instances": [
        {
          "index_key": 0,
          "schema_version": 0,
          "attributes": {
            "id": "gitlab-runner-instance-20240421000236065000000006",
            "policy_arn": "arn:aws:iam::977310042706:policy/gitlab-runner-docker-machine",
            "role": "gitlab-runner-instance"
          },
          "sensitive_attributes": [],
          "private": "bnVsbA==",
          "dependencies": [
            "module.runner.aws_iam_policy.instance_docker_machine_policy",
            "module.runner.aws_iam_role.docker_machine",
            "module.runner.aws_iam_role.instance",
            "module.runner.data.aws_caller_identity.current",
            "module.runner.data.aws_partition.current"
          ]
        }
      ]
    },
    {
      "module": "module.runner",
      "mode": "managed",
      "type": "aws_iam_role_policy_attachment",
      "name": "instance_session_manager_aws_managed",
      "provider": "provider[\"registry.terraform.io/hashicorp/aws\"]",
      "instances": [
        {
          "index_key": 0,
          "schema_version": 0,
          "attributes": {
            "id": "gitlab-runner-instance-20240421000235010000000003",
            "policy_arn": "arn:aws:iam::aws:policy/AmazonSSMManagedInstanceCore",
            "role": "gitlab-runner-instance"
          },
          "sensitive_attributes": [],
          "private": "bnVsbA==",
          "dependencies": [
            "module.runner.aws_iam_role.instance",
            "module.runner.data.aws_caller_identity.current",
            "module.runner.data.aws_partition.current"
          ]
        }
      ]
    },
    {
      "module": "module.runner",
      "mode": "managed",
      "type": "aws_iam_role_policy_attachment",
      "name": "instance_session_manager_policy",
      "provider": "provider[\"registry.terraform.io/hashicorp/aws\"]",
      "instances": [
        {
          "index_key": 0,
          "schema_version": 0,
          "attributes": {
            "id": "gitlab-runner-instance-20240421000235006900000002",
            "policy_arn": "arn:aws:iam::977310042706:policy/gitlab-runner-session-manager",
            "role": "gitlab-runner-instance"
          },
          "sensitive_attributes": [],
          "private": "bnVsbA==",
          "dependencies": [
            "module.runner.aws_iam_policy.instance_session_manager_policy",
            "module.runner.aws_iam_role.instance",
            "module.runner.data.aws_caller_identity.current",
            "module.runner.data.aws_partition.current"
          ]
        }
      ]
    },
    {
      "module": "module.runner",
      "mode": "managed",
      "type": "aws_iam_role_policy_attachment",
      "name": "service_linked_role",
      "provider": "provider[\"registry.terraform.io/hashicorp/aws\"]",
      "instances": [
        {
          "index_key": 0,
          "schema_version": 0,
          "attributes": {
            "id": "gitlab-runner-instance-20240421000235059800000005",
            "policy_arn": "arn:aws:iam::977310042706:policy/gitlab-runner-service_linked_role",
            "role": "gitlab-runner-instance"
          },
          "sensitive_attributes": [],
          "private": "bnVsbA==",
          "dependencies": [
            "module.runner.aws_iam_policy.service_linked_role",
            "module.runner.aws_iam_role.instance",
            "module.runner.data.aws_caller_identity.current",
            "module.runner.data.aws_partition.current"
          ]
        }
      ]
    },
    {
      "module": "module.runner",
      "mode": "managed",
      "type": "aws_iam_role_policy_attachment",
      "name": "ssm",
      "provider": "provider[\"registry.terraform.io/hashicorp/aws\"]",
      "instances": [
        {
          "schema_version": 0,
          "attributes": {
            "id": "gitlab-runner-instance-20240421000235016200000004",
            "policy_arn": "arn:aws:iam::977310042706:policy/gitlab-runner-ssm",
            "role": "gitlab-runner-instance"
          },
          "sensitive_attributes": [],
          "private": "bnVsbA==",
          "dependencies": [
            "module.runner.aws_iam_policy.ssm",
            "module.runner.aws_iam_role.instance",
            "module.runner.data.aws_caller_identity.current",
            "module.runner.data.aws_partition.current"
          ]
        }
      ]
    },
    {
      "module": "module.runner",
      "mode": "managed",
      "type": "aws_launch_template",
      "name": "gitlab_runner_instance",
      "provider": "provider[\"registry.terraform.io/hashicorp/aws\"]",
      "instances": [
        {
          "schema_version": 0,
          "attributes": {
            "arn": "arn:aws:ec2:ap-northeast-1:977310042706:launch-template/lt-0127b539dcb1f154c",
            "block_device_mappings": [
              {
                "device_name": "/dev/xvda",
                "ebs": [
                  {
                    "delete_on_termination": "true",
                    "encrypted": "true",
                    "iops": 0,
                    "kms_key_id": "",
                    "snapshot_id": "",
                    "throughput": 0,
                    "volume_size": 8,
                    "volume_type": "gp3"
                  }
                ],
                "no_device": "",
                "virtual_name": ""
              }
            ],
            "capacity_reservation_specification": [],
            "cpu_options": [],
            "credit_specification": [],
            "default_version": 2,
            "description": "",
            "disable_api_stop": false,
            "disable_api_termination": false,
            "ebs_optimized": "true",
            "elastic_gpu_specifications": [],
            "elastic_inference_accelerator": [],
            "enclave_options": [],
            "hibernation_options": [],
            "iam_instance_profile": [
              {
                "arn": "",
                "name": "gitlab-runner-instance"
              }
            ],
            "id": "lt-0127b539dcb1f154c",
            "image_id": "ami-016ca7ae7c1996f70",
            "instance_initiated_shutdown_behavior": "",
            "instance_market_options": [],
            "instance_requirements": [],
            "instance_type": "t3.micro",
            "kernel_id": "",
            "key_name": "",
            "latest_version": 2,
            "license_specification": [],
            "maintenance_options": [],
            "metadata_options": [
              {
                "http_endpoint": "enabled",
                "http_protocol_ipv6": "",
                "http_put_response_hop_limit": 2,
                "http_tokens": "required",
                "instance_metadata_tags": "disabled"
              }
            ],
            "monitoring": [
              {
                "enabled": true
              }
            ],
            "name": "gitlab-runner-2024042100024795210000000e",
            "name_prefix": "gitlab-runner-",
            "network_interfaces": [
              {
                "associate_carrier_ip_address": "",
                "associate_public_ip_address": "false",
                "delete_on_termination": "",
                "description": "",
                "device_index": 0,
                "interface_type": "",
                "ipv4_address_count": 0,
                "ipv4_addresses": [],
                "ipv4_prefix_count": 0,
                "ipv4_prefixes": [],
                "ipv6_address_count": 0,
                "ipv6_addresses": [],
                "ipv6_prefix_count": 0,
                "ipv6_prefixes": [],
                "network_card_index": 0,
                "network_interface_id": "",
                "private_ip_address": "",
                "security_groups": [
                  "sg-0d001dc4a765c665a"
                ],
                "subnet_id": ""
              }
            ],
            "placement": [],
            "private_dns_name_options": [],
            "ram_disk_id": "",
            "security_group_names": [],
            "tag_specifications": [
              {
                "resource_type": "instance",
                "tags": {
                  "Environment": "gitlab-runner",
                  "Name": "gitlab-runner",
                  "tf-aws-gitlab-runner:example": "runner-default",
                  "tf-aws-gitlab-runner:instancelifecycle": "spot:yes"
                }
              },
              {
                "resource_type": "volume",
                "tags": {
                  "Environment": "gitlab-runner",
                  "Name": "gitlab-runner",
                  "tf-aws-gitlab-runner:example": "runner-default",
                  "tf-aws-gitlab-runner:instancelifecycle": "spot:yes"
                }
              }
            ],
            "tags": {
              "Environment": "gitlab-runner",
              "Name": "gitlab-runner",
              "tf-aws-gitlab-runner:example": "runner-default",
              "tf-aws-gitlab-runner:instancelifecycle": "spot:yes"
            },
            "tags_all": {
              "Environment": "gitlab-runner",
              "Name": "gitlab-runner",
              "tf-aws-gitlab-runner:example": "runner-default",
              "tf-aws-gitlab-runner:instancelifecycle": "spot:yes"
            },
            "update_default_version": true,
            "user_data": "H4sIAAAAAAAA/+R7e3Pbtpb4//wUp7RTx61BSrJjx75hZtzETf37JXau5d72juPlQOSRhJokWACUrDbdz76DByVSD9ttt3M7s+k0koCDg/N+AMjWF+GAFeGAyjEQ9PAeE3gNr58rRAgnVIQZH4WVREFSqmiQ8RF8hoyPRiiAKJjPAJHQex2mOAkTXkie4S70Xn/Z9Tw2hJsb2H6OyZjDkGYSdyGKQIkK4fb2H6DGWHgAEhWQe2/IPG8LTtMUkkoILBSMuVQFzREUN98lDFmGniEQVRLasVevzi7fe93eUdAJOkEXADKe0ExPLr4F5lvKc8oK2H5eY9719FpP8Tssou3nSSUyIEMgP8LH76/BHytVnoRh9/A46L04CNxnmFGFUoW0ZKFZ6QP5DvwfCZ1KgkmP5Kiolgwxs0SpjEhMeJHKE9jvdPxdz/O8IRfAgBXwazcIjn77B6TcAzCi8k+VwrxUJ0AIIeDDNvMAZlUOZAZVmVKF8OWXMBBI7+DzZ5AZYgmHHS/lBWohnhdS0SwDmqZMMV7QDErBR4LmEgrEFFMYzLT4QSaClUouU+M9hRjmdiEz+OnnhwjyDKIdB8+KUZMwyYdqSgWCJkGbFytGO94WNKBZARQyzkttCFjISqAhPskYMFlDYhr8WTa0AjVSOpUZH8lH2NJy/gkTZWh5k/Eq/YGqZAzv9dKEF0M2qgTVbBq71UMKCyW9hCp4bU3Y7VR/BnoZvHpF4OzyW+9mhAUKmt16UlGFscESOedkg8XiERaKGBjPu5n7bpqjHN16rVX1sJfxUSyVQJrHxsUi+NUIokjwPP2tATQSvCprmBFTGR0QURUFCo8VTDGaxSWXRpsQgVRUqJgPDa1NYnKUko5QrtJTzzxGUgvuAaq0eyiWYzzkIqcKIng2gGcpPPvu5NmHk2f930V2K/6t0t6afoyBOfCfl6u2Dm8L+miNT+BIgykOEot0xRZNlFYcnjdgp2N0XlSTqF1JR0mF6a5noeYhUT4Y4U5g28XBhwNmOitozpKw3pGwFAvF1CxMeVLlOuR/1j5HBASWgF1PYgqEAUHwZehoj6CSBKlUpLsY2rbfwpG/4llJxoxjaZFdYZnRpMl1GngLLf0HOV4QscR1y4i2Fz/WsToPIib7jgSWQH6GnZPe9o6FlTOpMCcCM6QSSVIiwDwTb8HpD314z4rqHnogUFtnaoykjogSxYQlJiO7oRRokepqQILFneqUbr4lKgMs6CCbr2/PGaNeTGEm0ZQDdov5lhrKA0jGdzaozmd4YYoGbws+Cj5hqbXnkprioaFgnRBMsivptMAUrJuBoiPpfTy9Oru4js8v+tenF2/O4vO3fxMTcIRdn76L/FZ4IJZBwtK97VXqfc/L71ImgJRW4e3Q0kg9rYnQijZQPM/m+cdLeFHXYhF0O14yxuQuZoVCMaEZRLDvSSyUmMWp1D7ox3H/7OL66t/x2/5FfHX28f3pm7O38Tf/jr/vn13Fb0+vT+PYN+FvHpz9nyQvfC9jUmER0zQVKKUe9z3v5sZSJ29vPQAXK5ekkfLkDoXvAWilRbZokyeh4y9A0gt+KvW8tqGMFxg7QD1mVGgp30gugK6NK8WFBrT7fZ3TZMwKNLPFhAle5FZMN5rUUmA8qFiWxrbAggjqPzs7O1793dZFeZUplrECobt5qreY0hj0Hlyq5U18u0yyYpQh6IU7viPHsr6A1OMCf65Qqniu52SmFe0B8EqVlYozljMNfdA5PvQA6p8dzxBTayewMrk1gymT2uPjhCZjrS5T95sZltMRLkR40n0ZdPaDLkmMFDWVbMIyHGEKtkmwo1WmM2HGDG03Ps2mdCZ9u5kc57Fkv6ChSQ+oTMYTFGw4a2094VmVozQIQkOZv+eHCQolwyRjWCj/1tNM6f+X2ApUXg6l3c83mZ+XyiHR3IjpXsG1hfjrFrtoJuMVLLqCy2fy5+whLGYbu+p6VhrpyX0rrv6YCiOqBZvtZYHcv3VGc1rpCK9YYsrRGhOjue8A+igmKE4X3if3A5rTX3hBpzqhzAG/qZI7VBdrXfH46Gi/2+kc9I46h6Q9ZcXVwvGeW2o0HlqSggs1tkm9hjsvJCa62K95bErGOaDl8DzN8A2vCjU3BD1yzQyVhx07ZP76YJe9FWyCxp8tl5j0/Ob8egafyRbQZanpN1blKF5gI/N4r2YlRmo/yDFlVe7vrYK6YmtJCGsA9UdE181MyoSwNNIfnWHnCIeHvd6LF/rz8HAdvKwGBeocErlvnWR/f7/TO8Tk+ODlwSHiulXaQ6lC4qI04UU2i7SnrgOuJC4viIwa14vARCIiS67motuI2pgFUzNiiuhoXUIgzj56nd5B56DX7XQ6vYMX3U73Zcf+OV6HWJcE0dkinu+1UO+poSkGWoMneE/zMsO9ensc0ipT62FrzjI2xGSWZLinGT6ZodyL40XGj+NNAsWBJLxULGe/YPq4oHJeMMUFK0abRc9ovjDWUnDdYTwo0rX641wRHYmjl2vN08Rf6wqjcn8Dd0JXV9G6SZqziOaMdI46tIOHL5Kjwx6l6YteHSr2mky36rRImxYTmPp7sBGICJQlLySSMS+JSXNRzxFy61z+/p3gUzW+omqRbm6Ww1FAK8VlQjNWjG7r6NuMTr3G2FJ8AviIgvHUpqmv4Cs4Jr0e6C85L8hQMPjKr3HqtZoVHaROJaPhNb+bcf8PUtVdR9UGojrkeK/XI739Jcr2zKz9T1K1J6viCfR6rpndWJg6VuLaPgI5XhSo5i/bLAUDegcybLtRuL34FY4eqXs900oMUffNV65FMOXhUPAc+v0PptOZ0IyZEzimPF26xvXhIZ1KkDKHESpdotMcFQoJhOi6VS6nEvdRnx+SKVNjkmIiZiapAHFZYSU3um4hEeAHH+fb3HRug3/RrEI9rwSQFHY+iU/Fzq7m6fry7SXoSEg6+6TXOwE1ZuaIaoJC6k0SWsAAQWDOJ5gClSA5L/QnzTJIaJZpVuSUqWSsO0IO9cqj4CDofu2Oer8Af3shEx+i/4b/+vRr8FXztHcLyozqhgzvlZMvee1o0QPw//qXF0bSUnGh65qGlP1fP/nm2yf/BD41N/vk78Env5J0hHGirRqFhun+ZuqpWjdl1dANEMInKKaCKQRighP0TcHRVzpkgtPdY6rbpChCJlojUVsm9mi8PpV8x9R7Omibm5MF6r5VcShwamViWya/7pO3gBWJQNN26O62xbtW3RSBCj2uedEQFn3Bp7pZakJH7oy+QeiiKW1B7q5Z+ny7NfJ1d3e3rbWN2BPw2+ghgjYyf/dvqr5HOBOwE5jfO7vmjMJEDScO09pYh/HrM4QvIvCLKst8uL31nKc01sR1fmoeTnAwly56GZAp+M9+raHihKf4mw+GO1NYwcfL/jWQ9xvaY3OXMTmog21oWygtA2104DtuHbFavYb4dRRaXnqdjmYFvvyyyYYtQoxAHP+b226IHuzKNea59KKG9ODz5xXiLIStgBoC1jTMhzWEKaNMwncQ4M6KYm1dsTG9yLdJ1i42vZupQn1YxLj5PPlFg7Qnatc/u7q6vDqB86E9wnURQFsxk2BQ7sGMV5BXUoEsMdFNLbUzMUv9YIHvnql5Ch8y92WV8h2nzhpFZM8UdDU656UU/CdM1P8uNw6poWUtUzXAn2JrgcQxpu1Mf9ZJ3Zr8UlI3EHbm4VS+IZzQJNGt0B9O5K08Dp/BpfFdS/qy3/9uj9ZlU+3WPnxyQiRkjDRFofVtO7T6TLMpiSa8iwN0FGdMqsh2BLHuXmKLfRU4RXvapHtbhUJQa3xWCZsWZRpx6rqVlVlRFXFVKDoaYWqbnhWQnN6zvMpjxXLklYr2D3UoWoOotqLI/L0A2V6xsJXVVudxhhPMooKruBRcYaIwrfXWTg+1Ftckh9q5blrRzMR0V6m3nM1dgj2E2YFAGEKAQnARNxThdmzu6uBN3G7uu7L3irO/4VWWFjvK3ClJbb7a920tE4ArbU4/npsCEgSqShSYwnzHoI266e5zhzcfWB9wOet0GrLb2itW57vi4l8/3B/88/76sH89/oH+ePDPuGwHgeaidaGgFstjW9UJ6t359fvTb+Krs3fn/eur0+vzy4v4+vL/n13E315dfoj7/Q86W63q8lFWfl8YaiL4C4JRM5y2Xkv80RKj9relCuNxqS8tezwg/YFw9FAwejQUPSUQPSGQOMh5GW7Y14qwavgLS+KaRFf+LrVcj3Rbm03MlH1LvfqG6i60uzyhY3feulrDzYs8G7F8eA2h4FyFgZTjkKWxkDQoq8HDEJ65d8x5Coedzpppw5LM48Ut2O8+CLBLSSr/vMNK7bE3ndum487r7CdczLmI9hRIU323OW+X4bX4l6Tj++6d17dcZwsuEfjQVIRTXqRojHQ6nkHC85xK17/i4gYXUxhgxqfmehdpqlcPuZhSkYLMqByj3AOJCHUMkoomd9ophhmfBgnPQxp2D4+OXh51u2F3v3t4fNw99rbgXOlCdYAJraS9R+4bquFt/8K83KGskMtb6S6bmYW0gO+v3oPk+vdU50X3bIhXStNYE2/4KlLQel6HLUVz+Kh1ebLb8pa9pyhmb0Upe0859XJGsnS1afTprleXHar5mMuC7NiG6vc+OVh+dFDam3zpsMKEUcB7JagEXmSzlccG8LzWNJ1Kd2Vl1Wy+kkzjJb2w3r3gCmVoE1oLxG1Svwaz2xswXULrEEAokHc1XfWRtb2GXH7u0Fi9/NxhPjUvapqP0Bx2Mnvqzu6xhJur30oMWbPJfiA6Nvd24sBEkESgeaVAMzLGrLQUNTButpTFWLvPtv1lZBrIVoNto+/5wpzeWlbcHZs7vioF1i/qMNWuZptwexZChpRlJlRqhz3UNcjcKIQgyR0jpeDp0jVGsHzFGU46Qfcw6Lk7m6B7rJcGvbC9jmw/r0wSJXJ38T3f1flD5eUSdFPRT2M1qaTi+RN4hNfr97MFgk1bX9+vI0qHb5vl88na+bCSIjRPZs0b4U2rswKIfATYzK6OewBLgIS4M2XPHG6+EUgVAoW0yvMZ1FCSgxpTe+KZoDDB1z6TVJjq6FGiyGYGQx/xBJZqUa1mFwq5GC1FRSZlhTLcPzw6XItgXFkElvDQkTRf9vLgxZb5roM8For0Xnb2Xx53j16aJyQlFwp0rI50GbEY+u7yw1kUurElmSRWCISk9r664EZQ2iIWj5yNgDbLVZhnw8tAVSHR7j3/oWmrX2GDzHVIcM9FFHdXA/biwJ3umLZpgNpm6wYQXWZ7Z6UNZ+bhDKZAFchxpVI+LQJz1/Pq1dnlt/WNj4vl7jO0e82vThtNQP2cwrv5vmDq1nvbqOmvagoR2qfqhk431KDDOx0qFFGBasrFHeFFpoOComKEyvuBFkpumPsGh1xgNOfHDoPAAeeq/jWm2fz7Hd5jUq/2bvqWh1vvelZixAuUY668K8wpKwxNZ/dMRTOUnhZfX4f0yHiQOTi2Y7yMzDMUK6q4bptaohp73o0LNreGIUy/mUXmSZFJIHOK5hdwr17tnF1+u6PV8jjyxr8f+E9ehD35HizF2kpdg2gP4r0/fBPibS0eo7uIZBcwCQVXumbVteRAFy1cjVE4g6z/XUT75oOMFHSbF2Wr9NYPfdxdmN7Dvuaf3wk9eitRt5GLXL69sk+rUJiTY5OXcTLt8dbDaxcLguBvcM/W7lR1J7KhT+385i5y6uwq+82DjLdn78+uz556jrH+jsSgd1r56+7ayP+JuzZreteGGalYljnXCpYCvXaI+gq7EfQD23PaKGeqIqrLoscj3EpZ/4TE5G25Ot92fGYwgEvt/lPmOkupeAk0MeFtqtnRhA8QlGCjkUmirXRZ1/ibd3d1v/boL+A5iDLXLVhLFfB6cVm4Wxfmj5bPJU3u6Ahl0CifXLsQCjT/PoELhtJ5w1I9ZXNzIMo8kGP4DCZVtHuOtrl0XwQvg17da2ht1U++27zoGtHz/gcAAP//AQAA//+Hw2CTwTYAAA==",
            "vpc_security_group_ids": []
          },
          "sensitive_attributes": [],
          "private": "bnVsbA==",
          "dependencies": [
            "data.aws_availability_zones.available",
            "data.aws_security_group.default",
            "module.runner.aws_cloudwatch_log_group.environment",
            "module.runner.aws_eip.gitlab_runner",
            "module.runner.aws_iam_instance_profile.docker_machine",
            "module.runner.aws_iam_role.docker_machine",
            "module.runner.aws_kms_key.default",
            "module.runner.aws_launch_template.fleet_gitlab_runner",
            "module.runner.aws_security_group.docker_machine",
            "module.runner.aws_security_group.runner",
            "module.runner.data.aws_ami.docker-machine",
            "module.runner.data.aws_ami.runner",
            "module.runner.data.aws_availability_zone.runners",
            "module.runner.data.aws_caller_identity.current",
            "module.runner.data.aws_partition.current",
            "module.runner.data.aws_region.current",
            "module.runner.module.cache.aws_s3_bucket.build_cache",
            "module.runner.module.cache.data.aws_caller_identity.current",
            "module.runner.module.cache.random_string.s3_suffix",
            "module.runner.tls_private_key.fleet",
            "module.vpc.aws_subnet.private",
            "module.vpc.aws_vpc.this",
            "module.vpc.aws_vpc_ipv4_cidr_block_association.this"
          ],
          "create_before_destroy": true
        }
      ]
    },
    {
      "module": "module.runner",
      "mode": "managed",
      "type": "aws_security_group",
      "name": "docker_machine",
      "provider": "provider[\"registry.terraform.io/hashicorp/aws\"]",
      "instances": [
        {
          "index_key": 0,
          "schema_version": 1,
          "attributes": {
            "arn": "arn:aws:ec2:ap-northeast-1:977310042706:security-group/sg-050975da11d1e8d63",
            "description": "A security group containing Runner Worker instances",
            "egress": [
              {
                "cidr_blocks": [
                  "0.0.0.0/0"
                ],
                "description": "Allow all egress traffic for Runner Workers.",
                "from_port": 0,
                "ipv6_cidr_blocks": [
                  "::/0"
                ],
                "prefix_list_ids": [],
                "protocol": "-1",
                "security_groups": [],
                "self": false,
                "to_port": 0
              }
            ],
            "id": "sg-050975da11d1e8d63",
            "ingress": [
              {
                "cidr_blocks": [],
                "description": "Allow SSH traffic from sg-0d001dc4a765c665a to docker-machine instances in group gitlab-runner-docker-machine20240421000245101800000009 on port 22",
                "from_port": 22,
                "ipv6_cidr_blocks": [],
                "prefix_list_ids": [],
                "protocol": "tcp",
                "security_groups": [
                  "sg-0d001dc4a765c665a"
                ],
                "self": false,
                "to_port": 22
              },
              {
                "cidr_blocks": [],
                "description": "Allow SSH traffic within group gitlab-runner-docker-machine20240421000245101800000009 on port 22",
                "from_port": 22,
                "ipv6_cidr_blocks": [],
                "prefix_list_ids": [],
                "protocol": "tcp",
                "security_groups": [],
                "self": true,
                "to_port": 22
              },
              {
                "cidr_blocks": [],
                "description": "Allow docker-machine traffic from group gitlab-runner2024042100024566950000000c to docker-machine instances in group gitlab-runner-docker-machine20240421000245101800000009",
                "from_port": 2376,
                "ipv6_cidr_blocks": [],
                "prefix_list_ids": [],
                "protocol": "tcp",
                "security_groups": [
                  "sg-0d001dc4a765c665a"
                ],
                "self": false,
                "to_port": 2376
              },
              {
                "cidr_blocks": [],
                "description": "Allow docker-machine traffic within group gitlab-runner-docker-machine20240421000245101800000009 on port 2376",
                "from_port": 2376,
                "ipv6_cidr_blocks": [],
                "prefix_list_ids": [],
                "protocol": "tcp",
                "security_groups": [],
                "self": true,
                "to_port": 2376
              }
            ],
            "name": "gitlab-runner-docker-machine20240421000245101800000009",
            "name_prefix": "gitlab-runner-docker-machine",
            "owner_id": "977310042706",
            "revoke_rules_on_delete": false,
            "tags": {
              "Environment": "gitlab-runner",
              "Name": "gitlab-runner",
              "tf-aws-gitlab-runner:example": "runner-default",
              "tf-aws-gitlab-runner:instancelifecycle": "spot:yes"
            },
            "tags_all": {
              "Environment": "gitlab-runner",
              "Name": "gitlab-runner",
              "tf-aws-gitlab-runner:example": "runner-default",
              "tf-aws-gitlab-runner:instancelifecycle": "spot:yes"
            },
            "timeouts": null,
            "vpc_id": "vpc-0f07ef622557ef666"
          },
          "sensitive_attributes": [],
          "private": "eyJlMmJmYjczMC1lY2FhLTExZTYtOGY4OC0zNDM2M2JjN2M0YzAiOnsiY3JlYXRlIjo2MDAwMDAwMDAwMDAsImRlbGV0ZSI6OTAwMDAwMDAwMDAwfSwic2NoZW1hX3ZlcnNpb24iOiIxIn0=",
          "dependencies": [
            "module.vpc.aws_vpc.this"
          ],
          "create_before_destroy": true
        }
      ]
    },
    {
      "module": "module.runner",
      "mode": "managed",
      "type": "aws_security_group",
      "name": "runner",
      "provider": "provider[\"registry.terraform.io/hashicorp/aws\"]",
      "instances": [
        {
          "schema_version": 1,
          "attributes": {
            "arn": "arn:aws:ec2:ap-northeast-1:977310042706:security-group/sg-0d001dc4a765c665a",
            "description": "A security group containing gitlab-runner agent instances",
            "egress": [
              {
                "cidr_blocks": [
                  "0.0.0.0/0"
                ],
                "description": "",
                "from_port": 0,
                "ipv6_cidr_blocks": [
                  "::/0"
                ],
                "prefix_list_ids": [],
                "protocol": "-1",
                "security_groups": [],
                "self": false,
                "to_port": 0
              }
            ],
            "id": "sg-0d001dc4a765c665a",
            "ingress": [],
            "name": "gitlab-runner2024042100024566950000000c",
            "name_prefix": "gitlab-runner",
            "owner_id": "977310042706",
            "revoke_rules_on_delete": false,
            "tags": {
              "Environment": "gitlab-runner",
              "Name": "gitlab-runner",
              "tf-aws-gitlab-runner:example": "runner-default",
              "tf-aws-gitlab-runner:instancelifecycle": "spot:yes"
            },
            "tags_all": {
              "Environment": "gitlab-runner",
              "Name": "gitlab-runner",
              "tf-aws-gitlab-runner:example": "runner-default",
              "tf-aws-gitlab-runner:instancelifecycle": "spot:yes"
            },
            "timeouts": null,
            "vpc_id": "vpc-0f07ef622557ef666"
          },
          "sensitive_attributes": [],
          "private": "eyJlMmJmYjczMC1lY2FhLTExZTYtOGY4OC0zNDM2M2JjN2M0YzAiOnsiY3JlYXRlIjo2MDAwMDAwMDAwMDAsImRlbGV0ZSI6OTAwMDAwMDAwMDAwfSwic2NoZW1hX3ZlcnNpb24iOiIxIn0=",
          "dependencies": [
            "data.aws_security_group.default",
            "module.vpc.aws_vpc.this"
          ],
          "create_before_destroy": true
        }
      ]
    },
    {
      "module": "module.runner",
      "mode": "managed",
      "type": "aws_security_group_rule",
      "name": "docker_machine_docker_runner",
      "provider": "provider[\"registry.terraform.io/hashicorp/aws\"]",
      "instances": [
        {
          "index_key": 0,
          "schema_version": 2,
          "attributes": {
            "cidr_blocks": null,
            "description": "Allow docker-machine traffic from group gitlab-runner2024042100024566950000000c to docker-machine instances in group gitlab-runner-docker-machine20240421000245101800000009",
            "from_port": 2376,
            "id": "sgrule-2395144827",
            "ipv6_cidr_blocks": null,
            "prefix_list_ids": null,
            "protocol": "tcp",
            "security_group_id": "sg-050975da11d1e8d63",
            "security_group_rule_id": "sgr-08fe245267b466cf2",
            "self": false,
            "source_security_group_id": "sg-0d001dc4a765c665a",
            "timeouts": null,
            "to_port": 2376,
            "type": "ingress"
          },
          "sensitive_attributes": [],
          "private": "eyJlMmJmYjczMC1lY2FhLTExZTYtOGY4OC0zNDM2M2JjN2M0YzAiOnsiY3JlYXRlIjozMDAwMDAwMDAwMDB9LCJzY2hlbWFfdmVyc2lvbiI6IjIifQ==",
          "dependencies": [
            "data.aws_security_group.default",
            "module.runner.aws_security_group.docker_machine",
            "module.runner.aws_security_group.runner",
            "module.vpc.aws_vpc.this"
          ]
        }
      ]
    },
    {
      "module": "module.runner",
      "mode": "managed",
      "type": "aws_security_group_rule",
      "name": "docker_machine_docker_self",
      "provider": "provider[\"registry.terraform.io/hashicorp/aws\"]",
      "instances": [
        {
          "index_key": 0,
          "schema_version": 2,
          "attributes": {
            "cidr_blocks": null,
            "description": "Allow docker-machine traffic within group gitlab-runner-docker-machine20240421000245101800000009 on port 2376",
            "from_port": 2376,
            "id": "sgrule-2723878105",
            "ipv6_cidr_blocks": null,
            "prefix_list_ids": null,
            "protocol": "tcp",
            "security_group_id": "sg-050975da11d1e8d63",
            "security_group_rule_id": "sgr-0a817e28d19f92339",
            "self": true,
            "source_security_group_id": null,
            "timeouts": null,
            "to_port": 2376,
            "type": "ingress"
          },
          "sensitive_attributes": [],
          "private": "eyJlMmJmYjczMC1lY2FhLTExZTYtOGY4OC0zNDM2M2JjN2M0YzAiOnsiY3JlYXRlIjozMDAwMDAwMDAwMDB9LCJzY2hlbWFfdmVyc2lvbiI6IjIifQ==",
          "dependencies": [
            "module.runner.aws_security_group.docker_machine",
            "module.vpc.aws_vpc.this"
          ]
        }
      ]
    },
    {
      "module": "module.runner",
      "mode": "managed",
      "type": "aws_security_group_rule",
      "name": "docker_machine_ssh_runner",
      "provider": "provider[\"registry.terraform.io/hashicorp/aws\"]",
      "instances": [
        {
          "index_key": 0,
          "schema_version": 2,
          "attributes": {
            "cidr_blocks": null,
            "description": "Allow SSH traffic from sg-0d001dc4a765c665a to docker-machine instances in group gitlab-runner-docker-machine20240421000245101800000009 on port 22",
            "from_port": 22,
            "id": "sgrule-1506572909",
            "ipv6_cidr_blocks": null,
            "prefix_list_ids": null,
            "protocol": "tcp",
            "security_group_id": "sg-050975da11d1e8d63",
            "security_group_rule_id": "sgr-00ed976cf68e8cb56",
            "self": false,
            "source_security_group_id": "sg-0d001dc4a765c665a",
            "timeouts": null,
            "to_port": 22,
            "type": "ingress"
          },
          "sensitive_attributes": [],
          "private": "eyJlMmJmYjczMC1lY2FhLTExZTYtOGY4OC0zNDM2M2JjN2M0YzAiOnsiY3JlYXRlIjozMDAwMDAwMDAwMDB9LCJzY2hlbWFfdmVyc2lvbiI6IjIifQ==",
          "dependencies": [
            "data.aws_security_group.default",
            "module.runner.aws_security_group.docker_machine",
            "module.runner.aws_security_group.runner",
            "module.vpc.aws_vpc.this"
          ]
        }
      ]
    },
    {
      "module": "module.runner",
      "mode": "managed",
      "type": "aws_security_group_rule",
      "name": "docker_machine_ssh_self",
      "provider": "provider[\"registry.terraform.io/hashicorp/aws\"]",
      "instances": [
        {
          "index_key": 0,
          "schema_version": 2,
          "attributes": {
            "cidr_blocks": null,
            "description": "Allow SSH traffic within group gitlab-runner-docker-machine20240421000245101800000009 on port 22",
            "from_port": 22,
            "id": "sgrule-1968467151",
            "ipv6_cidr_blocks": null,
            "prefix_list_ids": null,
            "protocol": "tcp",
            "security_group_id": "sg-050975da11d1e8d63",
            "security_group_rule_id": "sgr-0bf37c1c6f667e36b",
            "self": true,
            "source_security_group_id": null,
            "timeouts": null,
            "to_port": 22,
            "type": "ingress"
          },
          "sensitive_attributes": [],
          "private": "eyJlMmJmYjczMC1lY2FhLTExZTYtOGY4OC0zNDM2M2JjN2M0YzAiOnsiY3JlYXRlIjozMDAwMDAwMDAwMDB9LCJzY2hlbWFfdmVyc2lvbiI6IjIifQ==",
          "dependencies": [
            "module.runner.aws_security_group.docker_machine",
            "module.vpc.aws_vpc.this"
          ]
        }
      ]
    },
    {
      "module": "module.runner",
      "mode": "managed",
      "type": "aws_ssm_parameter",
      "name": "runner_registration_token",
      "provider": "provider[\"registry.terraform.io/hashicorp/aws\"]",
      "instances": [
        {
          "schema_version": 0,
          "attributes": {
            "allowed_pattern": "",
            "arn": "arn:aws:ssm:ap-northeast-1:977310042706:parameter/gitlab-runner-runner-token",
            "data_type": "text",
            "description": "",
            "id": "gitlab-runner-runner-token",
            "insecure_value": null,
            "key_id": "alias/aws/ssm",
            "name": "gitlab-runner-runner-token",
            "overwrite": null,
            "tags": {
              "Environment": "gitlab-runner",
              "Name": "gitlab-runner",
              "tf-aws-gitlab-runner:example": "runner-default",
              "tf-aws-gitlab-runner:instancelifecycle": "spot:yes"
            },
            "tags_all": {
              "Environment": "gitlab-runner",
              "Name": "gitlab-runner",
              "tf-aws-gitlab-runner:example": "runner-default",
              "tf-aws-gitlab-runner:instancelifecycle": "spot:yes"
            },
            "tier": "Standard",
            "type": "SecureString",
            "value": "{\"token\": \"2UzQkstXxzBL_mSQ6eZ8\", \"usage_counter\": 1}",
            "version": 3
          },
          "sensitive_attributes": [],
          "private": "bnVsbA==",
          "dependencies": [
            "module.runner.aws_kms_key.default"
          ]
        }
      ]
    },
    {
      "module": "module.runner",
      "mode": "managed",
      "type": "aws_ssm_parameter",
      "name": "runner_sentry_dsn",
      "provider": "provider[\"registry.terraform.io/hashicorp/aws\"]",
      "instances": [
        {
          "schema_version": 0,
          "attributes": {
            "allowed_pattern": "",
            "arn": "arn:aws:ssm:ap-northeast-1:977310042706:parameter/gitlab-runner-sentry-dsn",
            "data_type": "text",
            "description": "",
            "id": "gitlab-runner-sentry-dsn",
            "insecure_value": null,
            "key_id": "alias/aws/ssm",
            "name": "gitlab-runner-sentry-dsn",
            "overwrite": null,
            "tags": {
              "Environment": "gitlab-runner",
              "Name": "gitlab-runner",
              "tf-aws-gitlab-runner:example": "runner-default",
              "tf-aws-gitlab-runner:instancelifecycle": "spot:yes"
            },
            "tags_all": {
              "Environment": "gitlab-runner",
              "Name": "gitlab-runner",
              "tf-aws-gitlab-runner:example": "runner-default",
              "tf-aws-gitlab-runner:instancelifecycle": "spot:yes"
            },
            "tier": "Standard",
            "type": "SecureString",
            "value": "null",
            "version": 1
          },
          "sensitive_attributes": [],
          "private": "bnVsbA==",
          "dependencies": [
            "module.runner.aws_kms_key.default"
          ]
        }
      ]
    },
    {
      "module": "module.runner.module.cache[0]",
      "mode": "data",
      "type": "aws_caller_identity",
      "name": "current",
      "provider": "provider[\"registry.terraform.io/hashicorp/aws\"]",
      "instances": [
        {
          "schema_version": 0,
          "attributes": {
            "account_id": "977310042706",
            "arn": "arn:aws:sts::977310042706:assumed-role/OrganizationAccountAccessRole/e2oohara",
            "id": "977310042706",
            "user_id": "AROA6HDBXZJJCHOX6G4SC:e2oohara"
          },
          "sensitive_attributes": []
        }
      ]
    },
    {
      "module": "module.runner.module.cache[0]",
      "mode": "managed",
      "type": "aws_iam_policy",
      "name": "docker_machine_cache",
      "provider": "provider[\"registry.terraform.io/hashicorp/aws\"]",
      "instances": [
        {
          "schema_version": 0,
          "attributes": {
            "arn": "arn:aws:iam::977310042706:policy/gitlab-runner-docker-machine-cache",
            "description": "Policy for docker machine instance to access cache",
            "id": "arn:aws:iam::977310042706:policy/gitlab-runner-docker-machine-cache",
            "name": "gitlab-runner-docker-machine-cache",
            "name_prefix": "",
            "path": "/",
            "policy": "{\"Statement\":[{\"Action\":[\"s3:PutObject\",\"s3:PutObjectAcl\",\"s3:GetObject\",\"s3:GetObjectAcl\"],\"Effect\":\"Allow\",\"Resource\":[\"arn:aws:s3:::gitlab-runner-977310042706-gitlab-runner-cache/*\"],\"Sid\":\"allowGitLabRunnersAccessCache\"}],\"Version\":\"2012-10-17\"}",
            "policy_id": "ANPA6HDBXZJJCKDRG2WCY",
            "tags": {
              "Environment": "gitlab-runner",
              "Name": "gitlab-runner",
              "tf-aws-gitlab-runner:example": "runner-default",
              "tf-aws-gitlab-runner:instancelifecycle": "spot:yes"
            },
            "tags_all": {
              "Environment": "gitlab-runner",
              "Name": "gitlab-runner",
              "tf-aws-gitlab-runner:example": "runner-default",
              "tf-aws-gitlab-runner:instancelifecycle": "spot:yes"
            }
          },
          "sensitive_attributes": [],
          "private": "bnVsbA==",
          "dependencies": [
            "module.runner.module.cache.aws_s3_bucket.build_cache",
            "module.runner.module.cache.data.aws_caller_identity.current",
            "module.runner.module.cache.random_string.s3_suffix"
          ]
        }
      ]
    },
    {
      "module": "module.runner.module.cache[0]",
      "mode": "managed",
      "type": "aws_s3_bucket",
      "name": "build_cache",
      "provider": "provider[\"registry.terraform.io/hashicorp/aws\"]",
      "instances": [
        {
          "schema_version": 0,
          "attributes": {
            "acceleration_status": "",
            "acl": null,
            "arn": "arn:aws:s3:::gitlab-runner-977310042706-gitlab-runner-cache",
            "bucket": "gitlab-runner-977310042706-gitlab-runner-cache",
            "bucket_domain_name": "gitlab-runner-977310042706-gitlab-runner-cache.s3.amazonaws.com",
            "bucket_prefix": "",
            "bucket_regional_domain_name": "gitlab-runner-977310042706-gitlab-runner-cache.s3.ap-northeast-1.amazonaws.com",
            "cors_rule": [],
            "force_destroy": true,
            "grant": [
              {
                "id": "7c13be9f31f23c1e6fc96beb24d1aa033d11d4fb07c7d02a7ff53760cff4c929",
                "permissions": [
                  "FULL_CONTROL"
                ],
                "type": "CanonicalUser",
                "uri": ""
              }
            ],
            "hosted_zone_id": "Z2M4EHUR26P7ZW",
            "id": "gitlab-runner-977310042706-gitlab-runner-cache",
            "lifecycle_rule": [
              {
                "abort_incomplete_multipart_upload_days": 1,
                "enabled": true,
                "expiration": [],
                "id": "AbortIncompleteMultipartUploads",
                "noncurrent_version_expiration": [],
                "noncurrent_version_transition": [],
                "prefix": "",
                "tags": {},
                "transition": []
              },
              {
                "abort_incomplete_multipart_upload_days": 0,
                "enabled": true,
                "expiration": [
                  {
                    "date": "",
                    "days": 1,
                    "expired_object_delete_marker": false
                  }
                ],
                "id": "clear",
                "noncurrent_version_expiration": [],
                "noncurrent_version_transition": [],
                "prefix": "runner/",
                "tags": {},
                "transition": []
              }
            ],
            "logging": [],
            "object_lock_configuration": [],
            "object_lock_enabled": false,
            "policy": "",
            "region": "ap-northeast-1",
            "replication_configuration": [],
            "request_payer": "BucketOwner",
            "server_side_encryption_configuration": [
              {
                "rule": [
                  {
                    "apply_server_side_encryption_by_default": [
                      {
                        "kms_master_key_id": "",
                        "sse_algorithm": "aws:kms"
                      }
                    ],
                    "bucket_key_enabled": true
                  }
                ]
              }
            ],
            "tags": {
              "Environment": "gitlab-runner",
              "Name": "gitlab-runner",
              "tf-aws-gitlab-runner:example": "runner-default",
              "tf-aws-gitlab-runner:instancelifecycle": "spot:yes"
            },
            "tags_all": {
              "Environment": "gitlab-runner",
              "Name": "gitlab-runner",
              "tf-aws-gitlab-runner:example": "runner-default",
              "tf-aws-gitlab-runner:instancelifecycle": "spot:yes"
            },
            "timeouts": null,
            "versioning": [
              {
                "enabled": false,
                "mfa_delete": false
              }
            ],
            "website": [],
            "website_domain": null,
            "website_endpoint": null
          },
          "sensitive_attributes": [],
          "private": "eyJlMmJmYjczMC1lY2FhLTExZTYtOGY4OC0zNDM2M2JjN2M0YzAiOnsiY3JlYXRlIjoxMjAwMDAwMDAwMDAwLCJkZWxldGUiOjM2MDAwMDAwMDAwMDAsInJlYWQiOjEyMDAwMDAwMDAwMDAsInVwZGF0ZSI6MTIwMDAwMDAwMDAwMH19",
          "dependencies": [
            "module.runner.module.cache.data.aws_caller_identity.current",
            "module.runner.module.cache.random_string.s3_suffix"
          ],
          "create_before_destroy": true
        }
      ]
    },
    {
      "module": "module.runner.module.cache[0]",
      "mode": "managed",
      "type": "aws_s3_bucket_lifecycle_configuration",
      "name": "build_cache_versioning",
      "provider": "provider[\"registry.terraform.io/hashicorp/aws\"]",
      "instances": [
        {
          "schema_version": 0,
          "attributes": {
            "bucket": "gitlab-runner-977310042706-gitlab-runner-cache",
            "expected_bucket_owner": "",
            "id": "gitlab-runner-977310042706-gitlab-runner-cache",
            "rule": [
              {
                "abort_incomplete_multipart_upload": [
                  {
                    "days_after_initiation": 1
                  }
                ],
                "expiration": [],
                "filter": [
                  {
                    "and": [],
                    "object_size_greater_than": "",
                    "object_size_less_than": "",
                    "prefix": "",
                    "tag": []
                  }
                ],
                "id": "AbortIncompleteMultipartUploads",
                "noncurrent_version_expiration": [],
                "noncurrent_version_transition": [],
                "prefix": "",
                "status": "Enabled",
                "transition": []
              },
              {
                "abort_incomplete_multipart_upload": [],
                "expiration": [
                  {
                    "date": "",
                    "days": 1,
                    "expired_object_delete_marker": false
                  }
                ],
                "filter": [
                  {
                    "and": [],
                    "object_size_greater_than": "",
                    "object_size_less_than": "",
                    "prefix": "runner/",
                    "tag": []
                  }
                ],
                "id": "clear",
                "noncurrent_version_expiration": [],
                "noncurrent_version_transition": [],
                "prefix": "",
                "status": "Enabled",
                "transition": []
              }
            ],
            "timeouts": null
          },
          "sensitive_attributes": [],
          "private": "eyJlMmJmYjczMC1lY2FhLTExZTYtOGY4OC0zNDM2M2JjN2M0YzAiOnsiY3JlYXRlIjoxODAwMDAwMDAwMDAsInVwZGF0ZSI6MTgwMDAwMDAwMDAwfX0=",
          "dependencies": [
            "module.runner.module.cache.aws_s3_bucket.build_cache",
            "module.runner.module.cache.data.aws_caller_identity.current",
            "module.runner.module.cache.random_string.s3_suffix"
          ]
        }
      ]
    },
    {
      "module": "module.runner.module.cache[0]",
      "mode": "managed",
      "type": "aws_s3_bucket_public_access_block",
      "name": "build_cache_policy",
      "provider": "provider[\"registry.terraform.io/hashicorp/aws\"]",
      "instances": [
        {
          "index_key": 0,
          "schema_version": 0,
          "attributes": {
            "block_public_acls": true,
            "block_public_policy": true,
            "bucket": "gitlab-runner-977310042706-gitlab-runner-cache",
            "id": "gitlab-runner-977310042706-gitlab-runner-cache",
            "ignore_public_acls": true,
            "restrict_public_buckets": true
          },
          "sensitive_attributes": [],
          "private": "bnVsbA==",
          "dependencies": [
            "module.runner.module.cache.aws_s3_bucket.build_cache",
            "module.runner.module.cache.data.aws_caller_identity.current",
            "module.runner.module.cache.random_string.s3_suffix"
          ]
        }
      ]
    },
    {
      "module": "module.runner.module.cache[0]",
      "mode": "managed",
      "type": "aws_s3_bucket_server_side_encryption_configuration",
      "name": "build_cache_encryption",
      "provider": "provider[\"registry.terraform.io/hashicorp/aws\"]",
      "instances": [
        {
          "schema_version": 0,
          "attributes": {
            "bucket": "gitlab-runner-977310042706-gitlab-runner-cache",
            "expected_bucket_owner": "",
            "id": "gitlab-runner-977310042706-gitlab-runner-cache",
            "rule": [
              {
                "apply_server_side_encryption_by_default": [
                  {
                    "kms_master_key_id": "",
                    "sse_algorithm": "aws:kms"
                  }
                ],
                "bucket_key_enabled": true
              }
            ]
          },
          "sensitive_attributes": [],
          "private": "bnVsbA==",
          "dependencies": [
            "module.runner.aws_kms_key.default",
            "module.runner.module.cache.aws_s3_bucket.build_cache",
            "module.runner.module.cache.data.aws_caller_identity.current",
            "module.runner.module.cache.random_string.s3_suffix"
          ]
        }
      ]
    },
    {
      "module": "module.runner.module.cache[0]",
      "mode": "managed",
      "type": "aws_s3_bucket_versioning",
      "name": "build_cache_versioning",
      "provider": "provider[\"registry.terraform.io/hashicorp/aws\"]",
      "instances": [
        {
          "schema_version": 0,
          "attributes": {
            "bucket": "gitlab-runner-977310042706-gitlab-runner-cache",
            "expected_bucket_owner": "",
            "id": "gitlab-runner-977310042706-gitlab-runner-cache",
            "mfa": null,
            "versioning_configuration": [
              {
                "mfa_delete": "",
                "status": "Suspended"
              }
            ]
          },
          "sensitive_attributes": [],
          "private": "bnVsbA==",
          "dependencies": [
            "module.runner.module.cache.aws_s3_bucket.build_cache",
            "module.runner.module.cache.data.aws_caller_identity.current",
            "module.runner.module.cache.random_string.s3_suffix"
          ]
        }
      ]
    },
    {
      "module": "module.runner.module.terminate_agent_hook",
      "mode": "data",
      "type": "archive_file",
      "name": "terminate_runner_instances_lambda",
      "provider": "provider[\"registry.terraform.io/hashicorp/archive\"]",
      "instances": [
        {
          "schema_version": 0,
          "attributes": {
            "excludes": null,
            "id": "385a98df0549cab7aa137c2ef53626ebd7e5771f",
            "output_base64sha256": "M2YE+2/u7Y93Kf0UIsvsixVeGAIpIe4AKDOfKjX1ljA=",
            "output_file_mode": null,
            "output_md5": "b88a29ef1b2e0034761afa48e4f0b93c",
            "output_path": "builds/lambda_function_9de860b79aae19cab2bd00759173d6ad23a6f563194f6e9b2acef79608a49066.zip",
            "output_sha": "385a98df0549cab7aa137c2ef53626ebd7e5771f",
            "output_size": 3038,
            "source": [],
            "source_content": null,
            "source_content_filename": null,
            "source_dir": null,
            "source_file": "../../modules/terminate-agent-hook/lambda/lambda_function.py",
            "type": "zip"
          },
          "sensitive_attributes": []
        }
      ]
    },
    {
      "module": "module.runner.module.terminate_agent_hook",
      "mode": "data",
      "type": "aws_caller_identity",
      "name": "this",
      "provider": "provider[\"registry.terraform.io/hashicorp/aws\"]",
      "instances": [
        {
          "schema_version": 0,
          "attributes": {
            "account_id": "977310042706",
            "arn": "arn:aws:sts::977310042706:assumed-role/OrganizationAccountAccessRole/e2oohara",
            "id": "977310042706",
            "user_id": "AROA6HDBXZJJCHOX6G4SC:e2oohara"
          },
          "sensitive_attributes": []
        }
      ]
    },
    {
      "module": "module.runner.module.terminate_agent_hook",
      "mode": "data",
      "type": "aws_iam_policy_document",
      "name": "assume_role",
      "provider": "provider[\"registry.terraform.io/hashicorp/aws\"]",
      "instances": [
        {
          "schema_version": 0,
          "attributes": {
            "id": "2690255455",
            "json": "{\n  \"Version\": \"2012-10-17\",\n  \"Statement\": [\n    {\n      \"Effect\": \"Allow\",\n      \"Action\": \"sts:AssumeRole\",\n      \"Principal\": {\n        \"Service\": \"lambda.amazonaws.com\"\n      }\n    }\n  ]\n}",
            "override_json": null,
            "override_policy_documents": null,
            "policy_id": null,
            "source_json": null,
            "source_policy_documents": null,
            "statement": [
              {
                "actions": [
                  "sts:AssumeRole"
                ],
                "condition": [],
                "effect": "Allow",
                "not_actions": [],
                "not_principals": [],
                "not_resources": [],
                "principals": [
                  {
                    "identifiers": [
                      "lambda.amazonaws.com"
                    ],
                    "type": "Service"
                  }
                ],
                "resources": [],
                "sid": ""
              }
            ],
            "version": "2012-10-17"
          },
          "sensitive_attributes": []
        }
      ]
    },
    {
      "module": "module.runner.module.terminate_agent_hook",
      "mode": "data",
      "type": "aws_iam_policy_document",
      "name": "lambda",
      "provider": "provider[\"registry.terraform.io/hashicorp/aws\"]",
      "instances": [
        {
          "schema_version": 0,
          "attributes": {
            "id": "3061905785",
            "json": "{\n  \"Version\": \"2012-10-17\",\n  \"Statement\": [\n    {\n      \"Sid\": \"GitLabRunnerLifecycleGetInstances\",\n      \"Effect\": \"Allow\",\n      \"Action\": [\n        \"ec2:DescribeTags\",\n        \"ec2:DescribeRegions\",\n        \"ec2:DescribeInstances\",\n        \"ec2:DescribeInstanceStatus\"\n      ],\n      \"Resource\": \"*\"\n    },\n    {\n      \"Sid\": \"GitLabRunnerLifecycleTerminateInstances\",\n      \"Effect\": \"Allow\",\n      \"Action\": \"ec2:TerminateInstances\",\n      \"Resource\": \"arn:aws:ec2:ap-northeast-1:977310042706:instance/*\",\n      \"Condition\": {\n        \"StringLike\": {\n          \"ec2:ResourceTag/gitlab-runner-parent-id\": \"i-*\"\n        }\n      }\n    },\n    {\n      \"Sid\": \"GitLabRunnerLifecycleTerminateEvent\",\n      \"Effect\": \"Allow\",\n      \"Action\": \"autoscaling:CompleteLifecycleAction\",\n      \"Resource\": \"arn:aws:autoscaling:ap-northeast-1:977310042706:autoScalingGroup:a9a0e417-67a7-4238-bcdf-9f1cbe50cb37:autoScalingGroupName/gitlab-runner-2024042100024795210000000e-asg\"\n    },\n    {\n      \"Sid\": \"GitLabRunnerLifecycleTerminateLogs\",\n      \"Effect\": \"Allow\",\n      \"Action\": [\n        \"logs:PutLogEvents\",\n        \"logs:CreateLogStream\"\n      ],\n      \"Resource\": [\n        \"arn:aws:logs:ap-northeast-1:977310042706:log-group:/aws/lambda/gitlab-runner-terminate-instances:log-stream:*\",\n        \"arn:aws:logs:ap-northeast-1:977310042706:log-group:/aws/lambda/gitlab-runner-terminate-instances\"\n      ]\n    },\n    {\n      \"Sid\": \"SSHKeyHousekeepingList\",\n      \"Effect\": \"Allow\",\n      \"Action\": \"ec2:DescribeKeyPairs\",\n      \"Resource\": \"*\"\n    },\n    {\n      \"Sid\": \"SSHKeyHousekeepingDelete\",\n      \"Effect\": \"Allow\",\n      \"Action\": \"ec2:DeleteKeyPair\",\n      \"Resource\": \"*\",\n      \"Condition\": {\n        \"StringLike\": {\n          \"ec2:KeyPairName\": \"runner-*\"\n        }\n      }\n    }\n  ]\n}",
            "override_json": null,
            "override_policy_documents": null,
            "policy_id": null,
            "source_json": null,
            "source_policy_documents": null,
            "statement": [
              {
                "actions": [
                  "ec2:DescribeInstanceStatus",
                  "ec2:DescribeInstances",
                  "ec2:DescribeRegions",
                  "ec2:DescribeTags"
                ],
                "condition": [],
                "effect": "Allow",
                "not_actions": [],
                "not_principals": [],
                "not_resources": [],
                "principals": [],
                "resources": [
                  "*"
                ],
                "sid": "GitLabRunnerLifecycleGetInstances"
              },
              {
                "actions": [
                  "ec2:TerminateInstances"
                ],
                "condition": [
                  {
                    "test": "StringLike",
                    "values": [
                      "i-*"
                    ],
                    "variable": "ec2:ResourceTag/gitlab-runner-parent-id"
                  }
                ],
                "effect": "Allow",
                "not_actions": [],
                "not_principals": [],
                "not_resources": [],
                "principals": [],
                "resources": [
                  "arn:aws:ec2:ap-northeast-1:977310042706:instance/*"
                ],
                "sid": "GitLabRunnerLifecycleTerminateInstances"
              },
              {
                "actions": [
                  "autoscaling:CompleteLifecycleAction"
                ],
                "condition": [],
                "effect": "Allow",
                "not_actions": [],
                "not_principals": [],
                "not_resources": [],
                "principals": [],
                "resources": [
                  "arn:aws:autoscaling:ap-northeast-1:977310042706:autoScalingGroup:a9a0e417-67a7-4238-bcdf-9f1cbe50cb37:autoScalingGroupName/gitlab-runner-2024042100024795210000000e-asg"
                ],
                "sid": "GitLabRunnerLifecycleTerminateEvent"
              },
              {
                "actions": [
                  "logs:CreateLogStream",
                  "logs:PutLogEvents"
                ],
                "condition": [],
                "effect": "Allow",
                "not_actions": [],
                "not_principals": [],
                "not_resources": [],
                "principals": [],
                "resources": [
                  "arn:aws:logs:ap-northeast-1:977310042706:log-group:/aws/lambda/gitlab-runner-terminate-instances",
                  "arn:aws:logs:ap-northeast-1:977310042706:log-group:/aws/lambda/gitlab-runner-terminate-instances:log-stream:*"
                ],
                "sid": "GitLabRunnerLifecycleTerminateLogs"
              },
              {
                "actions": [
                  "ec2:DescribeKeyPairs"
                ],
                "condition": [],
                "effect": "Allow",
                "not_actions": [],
                "not_principals": [],
                "not_resources": [],
                "principals": [],
                "resources": [
                  "*"
                ],
                "sid": "SSHKeyHousekeepingList"
              },
              {
                "actions": [
                  "ec2:DeleteKeyPair"
                ],
                "condition": [
                  {
                    "test": "StringLike",
                    "values": [
                      "runner-*"
                    ],
                    "variable": "ec2:KeyPairName"
                  }
                ],
                "effect": "Allow",
                "not_actions": [],
                "not_principals": [],
                "not_resources": [],
                "principals": [],
                "resources": [
                  "*"
                ],
                "sid": "SSHKeyHousekeepingDelete"
              }
            ],
            "version": "2012-10-17"
          },
          "sensitive_attributes": []
        }
      ]
    },
    {
      "module": "module.runner.module.terminate_agent_hook",
      "mode": "data",
      "type": "aws_iam_policy_document",
      "name": "spot_request_housekeeping",
      "provider": "provider[\"registry.terraform.io/hashicorp/aws\"]",
      "instances": [
        {
          "schema_version": 0,
          "attributes": {
            "id": "669183565",
            "json": "{\n  \"Version\": \"2012-10-17\",\n  \"Statement\": [\n    {\n      \"Sid\": \"SpotRequestHousekeepingList\",\n      \"Effect\": \"Allow\",\n      \"Action\": [\n        \"ec2:DescribeSpotInstanceRequests\",\n        \"ec2:CancelSpotInstanceRequests\"\n      ],\n      \"Resource\": \"*\"\n    }\n  ]\n}",
            "override_json": null,
            "override_policy_documents": null,
            "policy_id": null,
            "source_json": null,
            "source_policy_documents": null,
            "statement": [
              {
                "actions": [
                  "ec2:CancelSpotInstanceRequests",
                  "ec2:DescribeSpotInstanceRequests"
                ],
                "condition": [],
                "effect": "Allow",
                "not_actions": [],
                "not_principals": [],
                "not_resources": [],
                "principals": [],
                "resources": [
                  "*"
                ],
                "sid": "SpotRequestHousekeepingList"
              }
            ],
            "version": "2012-10-17"
          },
          "sensitive_attributes": []
        }
      ]
    },
    {
      "module": "module.runner.module.terminate_agent_hook",
      "mode": "data",
      "type": "aws_partition",
      "name": "current",
      "provider": "provider[\"registry.terraform.io/hashicorp/aws\"]",
      "instances": [
        {
          "schema_version": 0,
          "attributes": {
            "dns_suffix": "amazonaws.com",
            "id": "aws",
            "partition": "aws",
            "reverse_dns_prefix": "com.amazonaws"
          },
          "sensitive_attributes": []
        }
      ]
    },
    {
      "module": "module.runner.module.terminate_agent_hook",
      "mode": "data",
      "type": "aws_region",
      "name": "this",
      "provider": "provider[\"registry.terraform.io/hashicorp/aws\"]",
      "instances": [
        {
          "schema_version": 0,
          "attributes": {
            "description": "Asia Pacific (Tokyo)",
            "endpoint": "ec2.ap-northeast-1.amazonaws.com",
            "id": "ap-northeast-1",
            "name": "ap-northeast-1"
          },
          "sensitive_attributes": []
        }
      ]
    },
    {
      "module": "module.runner.module.terminate_agent_hook",
      "mode": "managed",
      "type": "aws_autoscaling_lifecycle_hook",
      "name": "terminate_instances",
      "provider": "provider[\"registry.terraform.io/hashicorp/aws\"]",
      "instances": [
        {
          "schema_version": 0,
          "attributes": {
            "autoscaling_group_name": "gitlab-runner-2024042100024795210000000e-asg",
            "default_result": "CONTINUE",
            "heartbeat_timeout": 50,
            "id": "gitlab-runner-terminate-instances",
            "lifecycle_transition": "autoscaling:EC2_INSTANCE_TERMINATING",
            "name": "gitlab-runner-terminate-instances",
            "notification_metadata": "",
            "notification_target_arn": "",
            "role_arn": ""
          },
          "sensitive_attributes": [],
          "private": "bnVsbA==",
          "dependencies": [
            "data.aws_availability_zones.available",
            "data.aws_security_group.default",
            "module.runner.aws_autoscaling_group.gitlab_runner_instance",
            "module.runner.aws_cloudwatch_log_group.environment",
            "module.runner.aws_eip.gitlab_runner",
            "module.runner.aws_iam_instance_profile.docker_machine",
            "module.runner.aws_iam_role.docker_machine",
            "module.runner.aws_kms_key.default",
            "module.runner.aws_launch_template.fleet_gitlab_runner",
            "module.runner.aws_launch_template.gitlab_runner_instance",
            "module.runner.aws_security_group.docker_machine",
            "module.runner.aws_security_group.runner",
            "module.runner.data.aws_ami.docker-machine",
            "module.runner.data.aws_ami.runner",
            "module.runner.data.aws_availability_zone.runners",
            "module.runner.data.aws_caller_identity.current",
            "module.runner.data.aws_partition.current",
            "module.runner.data.aws_region.current",
            "module.runner.module.cache.aws_s3_bucket.build_cache",
            "module.runner.module.cache.data.aws_caller_identity.current",
            "module.runner.module.cache.random_string.s3_suffix",
            "module.runner.tls_private_key.fleet",
            "module.vpc.aws_subnet.private",
            "module.vpc.aws_vpc.this",
            "module.vpc.aws_vpc_ipv4_cidr_block_association.this"
          ]
        }
      ]
    },
    {
      "module": "module.runner.module.terminate_agent_hook",
      "mode": "managed",
      "type": "aws_cloudwatch_event_rule",
      "name": "terminate_instances",
      "provider": "provider[\"registry.terraform.io/hashicorp/aws\"]",
      "instances": [
        {
          "schema_version": 1,
          "attributes": {
            "arn": "arn:aws:events:ap-northeast-1:977310042706:rule/gitlab-runner-terminate-instances",
            "description": "Trigger GitLab runner instance lifecycle hook on termination.",
            "event_bus_name": "default",
            "event_pattern": "{\"detail\":{\"AutoScalingGroupName\":[\"gitlab-runner-2024042100024795210000000e-asg\"]},\"detail-type\":[\"EC2 Instance-terminate Lifecycle Action\"],\"source\":[\"aws.autoscaling\"]}",
            "id": "gitlab-runner-terminate-instances",
            "is_enabled": true,
            "name": "gitlab-runner-terminate-instances",
            "name_prefix": "",
            "role_arn": "",
            "schedule_expression": "",
            "state": "ENABLED",
            "tags": {
              "Environment": "gitlab-runner",
              "Name": "gitlab-runner",
              "tf-aws-gitlab-runner:example": "runner-default",
              "tf-aws-gitlab-runner:instancelifecycle": "spot:yes"
            },
            "tags_all": {
              "Environment": "gitlab-runner",
              "Name": "gitlab-runner",
              "tf-aws-gitlab-runner:example": "runner-default",
              "tf-aws-gitlab-runner:instancelifecycle": "spot:yes"
            }
          },
          "sensitive_attributes": [],
          "private": "eyJzY2hlbWFfdmVyc2lvbiI6IjEifQ==",
          "dependencies": [
            "data.aws_availability_zones.available",
            "data.aws_security_group.default",
            "module.runner.aws_autoscaling_group.gitlab_runner_instance",
            "module.runner.aws_cloudwatch_log_group.environment",
            "module.runner.aws_eip.gitlab_runner",
            "module.runner.aws_iam_instance_profile.docker_machine",
            "module.runner.aws_iam_role.docker_machine",
            "module.runner.aws_kms_key.default",
            "module.runner.aws_launch_template.fleet_gitlab_runner",
            "module.runner.aws_launch_template.gitlab_runner_instance",
            "module.runner.aws_security_group.docker_machine",
            "module.runner.aws_security_group.runner",
            "module.runner.data.aws_ami.docker-machine",
            "module.runner.data.aws_ami.runner",
            "module.runner.data.aws_availability_zone.runners",
            "module.runner.data.aws_caller_identity.current",
            "module.runner.data.aws_partition.current",
            "module.runner.data.aws_region.current",
            "module.runner.module.cache.aws_s3_bucket.build_cache",
            "module.runner.module.cache.data.aws_caller_identity.current",
            "module.runner.module.cache.random_string.s3_suffix",
            "module.runner.tls_private_key.fleet",
            "module.vpc.aws_subnet.private",
            "module.vpc.aws_vpc.this",
            "module.vpc.aws_vpc_ipv4_cidr_block_association.this"
          ]
        }
      ]
    },
    {
      "module": "module.runner.module.terminate_agent_hook",
      "mode": "managed",
      "type": "aws_cloudwatch_event_target",
      "name": "terminate_instances",
      "provider": "provider[\"registry.terraform.io/hashicorp/aws\"]",
      "instances": [
        {
          "schema_version": 1,
          "attributes": {
            "arn": "arn:aws:lambda:ap-northeast-1:977310042706:function:gitlab-runner-terminate-instances",
            "batch_target": [],
            "dead_letter_config": [],
            "ecs_target": [],
            "event_bus_name": "default",
            "http_target": [],
            "id": "gitlab-runner-terminate-instances-gitlab-runner-TriggerTerminateLambda",
            "input": "",
            "input_path": "",
            "input_transformer": [],
            "kinesis_target": [],
            "redshift_target": [],
            "retry_policy": [],
            "role_arn": "",
            "rule": "gitlab-runner-terminate-instances",
            "run_command_targets": [],
            "sagemaker_pipeline_target": [],
            "sqs_target": [],
            "target_id": "gitlab-runner-TriggerTerminateLambda"
          },
          "sensitive_attributes": [],
          "private": "eyJzY2hlbWFfdmVyc2lvbiI6IjEifQ==",
          "dependencies": [
            "data.aws_availability_zones.available",
            "data.aws_security_group.default",
            "module.runner.aws_autoscaling_group.gitlab_runner_instance",
            "module.runner.aws_cloudwatch_log_group.environment",
            "module.runner.aws_eip.gitlab_runner",
            "module.runner.aws_iam_instance_profile.docker_machine",
            "module.runner.aws_iam_role.docker_machine",
            "module.runner.aws_kms_key.default",
            "module.runner.aws_launch_template.fleet_gitlab_runner",
            "module.runner.aws_launch_template.gitlab_runner_instance",
            "module.runner.aws_security_group.docker_machine",
            "module.runner.aws_security_group.runner",
            "module.runner.data.aws_ami.docker-machine",
            "module.runner.data.aws_ami.runner",
            "module.runner.data.aws_availability_zone.runners",
            "module.runner.data.aws_caller_identity.current",
            "module.runner.data.aws_partition.current",
            "module.runner.data.aws_region.current",
            "module.runner.module.cache.aws_s3_bucket.build_cache",
            "module.runner.module.cache.data.aws_caller_identity.current",
            "module.runner.module.cache.random_string.s3_suffix",
            "module.runner.module.terminate_agent_hook.aws_cloudwatch_event_rule.terminate_instances",
            "module.runner.module.terminate_agent_hook.aws_iam_role.lambda",
            "module.runner.module.terminate_agent_hook.aws_lambda_function.terminate_runner_instances",
            "module.runner.module.terminate_agent_hook.data.archive_file.terminate_runner_instances_lambda",
            "module.runner.module.terminate_agent_hook.data.aws_iam_policy_document.assume_role",
            "module.runner.tls_private_key.fleet",
            "module.vpc.aws_subnet.private",
            "module.vpc.aws_vpc.this",
            "module.vpc.aws_vpc_ipv4_cidr_block_association.this"
          ]
        }
      ]
    },
    {
      "module": "module.runner.module.terminate_agent_hook",
      "mode": "managed",
      "type": "aws_cloudwatch_log_group",
      "name": "lambda",
      "provider": "provider[\"registry.terraform.io/hashicorp/aws\"]",
      "instances": [
        {
          "schema_version": 0,
          "attributes": {
            "arn": "arn:aws:logs:ap-northeast-1:977310042706:log-group:/aws/lambda/gitlab-runner-terminate-instances",
            "id": "/aws/lambda/gitlab-runner-terminate-instances",
            "kms_key_id": "",
            "log_group_class": "STANDARD",
            "name": "/aws/lambda/gitlab-runner-terminate-instances",
            "name_prefix": "",
            "retention_in_days": 14,
            "skip_destroy": false,
            "tags": {
              "Environment": "gitlab-runner",
              "Name": "gitlab-runner",
              "tf-aws-gitlab-runner:example": "runner-default",
              "tf-aws-gitlab-runner:instancelifecycle": "spot:yes"
            },
            "tags_all": {
              "Environment": "gitlab-runner",
              "Name": "gitlab-runner",
              "tf-aws-gitlab-runner:example": "runner-default",
              "tf-aws-gitlab-runner:instancelifecycle": "spot:yes"
            }
          },
          "sensitive_attributes": [],
          "private": "bnVsbA==",
          "dependencies": [
            "module.runner.aws_kms_key.default"
          ]
        }
      ]
    },
    {
      "module": "module.runner.module.terminate_agent_hook",
      "mode": "managed",
      "type": "aws_iam_policy",
      "name": "lambda",
      "provider": "provider[\"registry.terraform.io/hashicorp/aws\"]",
      "instances": [
        {
          "schema_version": 0,
          "attributes": {
            "arn": "arn:aws:iam::977310042706:policy/gitlab-runner-terminate-instances-lambda",
            "description": "",
            "id": "arn:aws:iam::977310042706:policy/gitlab-runner-terminate-instances-lambda",
            "name": "gitlab-runner-terminate-instances-lambda",
            "name_prefix": "",
            "path": "/",
            "policy": "{\"Statement\":[{\"Action\":[\"ec2:DescribeTags\",\"ec2:DescribeRegions\",\"ec2:DescribeInstances\",\"ec2:DescribeInstanceStatus\"],\"Effect\":\"Allow\",\"Resource\":\"*\",\"Sid\":\"GitLabRunnerLifecycleGetInstances\"},{\"Action\":\"ec2:TerminateInstances\",\"Condition\":{\"StringLike\":{\"ec2:ResourceTag/gitlab-runner-parent-id\":\"i-*\"}},\"Effect\":\"Allow\",\"Resource\":\"arn:aws:ec2:ap-northeast-1:977310042706:instance/*\",\"Sid\":\"GitLabRunnerLifecycleTerminateInstances\"},{\"Action\":\"autoscaling:CompleteLifecycleAction\",\"Effect\":\"Allow\",\"Resource\":\"arn:aws:autoscaling:ap-northeast-1:977310042706:autoScalingGroup:a9a0e417-67a7-4238-bcdf-9f1cbe50cb37:autoScalingGroupName/gitlab-runner-2024042100024795210000000e-asg\",\"Sid\":\"GitLabRunnerLifecycleTerminateEvent\"},{\"Action\":[\"logs:PutLogEvents\",\"logs:CreateLogStream\"],\"Effect\":\"Allow\",\"Resource\":[\"arn:aws:logs:ap-northeast-1:977310042706:log-group:/aws/lambda/gitlab-runner-terminate-instances:log-stream:*\",\"arn:aws:logs:ap-northeast-1:977310042706:log-group:/aws/lambda/gitlab-runner-terminate-instances\"],\"Sid\":\"GitLabRunnerLifecycleTerminateLogs\"},{\"Action\":\"ec2:DescribeKeyPairs\",\"Effect\":\"Allow\",\"Resource\":\"*\",\"Sid\":\"SSHKeyHousekeepingList\"},{\"Action\":\"ec2:DeleteKeyPair\",\"Condition\":{\"StringLike\":{\"ec2:KeyPairName\":\"runner-*\"}},\"Effect\":\"Allow\",\"Resource\":\"*\",\"Sid\":\"SSHKeyHousekeepingDelete\"}],\"Version\":\"2012-10-17\"}",
            "policy_id": "ANPA6HDBXZJJAUJDQ7RLV",
            "tags": {
              "Environment": "gitlab-runner",
              "Name": "gitlab-runner",
              "tf-aws-gitlab-runner:example": "runner-default",
              "tf-aws-gitlab-runner:instancelifecycle": "spot:yes"
            },
            "tags_all": {
              "Environment": "gitlab-runner",
              "Name": "gitlab-runner",
              "tf-aws-gitlab-runner:example": "runner-default",
              "tf-aws-gitlab-runner:instancelifecycle": "spot:yes"
            }
          },
          "sensitive_attributes": [],
          "private": "bnVsbA==",
          "dependencies": [
            "module.runner.module.terminate_agent_hook.data.aws_iam_policy_document.lambda"
          ]
        }
      ]
    },
    {
      "module": "module.runner.module.terminate_agent_hook",
      "mode": "managed",
      "type": "aws_iam_policy",
      "name": "spot_request_housekeeping",
      "provider": "provider[\"registry.terraform.io/hashicorp/aws\"]",
      "instances": [
        {
          "schema_version": 0,
          "attributes": {
            "arn": "arn:aws:iam::977310042706:policy/gitlab-runner-terminate-instances-cancel-spot",
            "description": "",
            "id": "arn:aws:iam::977310042706:policy/gitlab-runner-terminate-instances-cancel-spot",
            "name": "gitlab-runner-terminate-instances-cancel-spot",
            "name_prefix": "",
            "path": "/",
            "policy": "{\"Statement\":[{\"Action\":[\"ec2:DescribeSpotInstanceRequests\",\"ec2:CancelSpotInstanceRequests\"],\"Effect\":\"Allow\",\"Resource\":\"*\",\"Sid\":\"SpotRequestHousekeepingList\"}],\"Version\":\"2012-10-17\"}",
            "policy_id": "ANPA6HDBXZJJKNXMEEH37",
            "tags": {
              "Environment": "gitlab-runner",
              "Name": "gitlab-runner",
              "tf-aws-gitlab-runner:example": "runner-default",
              "tf-aws-gitlab-runner:instancelifecycle": "spot:yes"
            },
            "tags_all": {
              "Environment": "gitlab-runner",
              "Name": "gitlab-runner",
              "tf-aws-gitlab-runner:example": "runner-default",
              "tf-aws-gitlab-runner:instancelifecycle": "spot:yes"
            }
          },
          "sensitive_attributes": [],
          "private": "bnVsbA==",
          "dependencies": [
            "module.runner.module.terminate_agent_hook.data.aws_iam_policy_document.spot_request_housekeeping"
          ]
        }
      ]
    },
    {
      "module": "module.runner.module.terminate_agent_hook",
      "mode": "managed",
      "type": "aws_iam_role",
      "name": "lambda",
      "provider": "provider[\"registry.terraform.io/hashicorp/aws\"]",
      "instances": [
        {
          "schema_version": 0,
          "attributes": {
            "arn": "arn:aws:iam::977310042706:role/gitlab-runner-terminate-instances",
            "assume_role_policy": "{\"Statement\":[{\"Action\":\"sts:AssumeRole\",\"Effect\":\"Allow\",\"Principal\":{\"Service\":\"lambda.amazonaws.com\"}}],\"Version\":\"2012-10-17\"}",
            "create_date": "2024-04-21T00:02:34Z",
            "description": "Role for executing the terminate-instances instance termination function",
            "force_detach_policies": true,
            "id": "gitlab-runner-terminate-instances",
            "inline_policy": [],
            "managed_policy_arns": [
              "arn:aws:iam::977310042706:policy/gitlab-runner-terminate-instances-cancel-spot",
              "arn:aws:iam::977310042706:policy/gitlab-runner-terminate-instances-lambda"
            ],
            "max_session_duration": 3600,
            "name": "gitlab-runner-terminate-instances",
            "name_prefix": "",
            "path": "/",
            "permissions_boundary": "",
            "tags": {
              "Environment": "gitlab-runner",
              "Name": "gitlab-runner",
              "tf-aws-gitlab-runner:example": "runner-default",
              "tf-aws-gitlab-runner:instancelifecycle": "spot:yes"
            },
            "tags_all": {
              "Environment": "gitlab-runner",
              "Name": "gitlab-runner",
              "tf-aws-gitlab-runner:example": "runner-default",
              "tf-aws-gitlab-runner:instancelifecycle": "spot:yes"
            },
            "unique_id": "AROA6HDBXZJJFVGKFJS4E"
          },
          "sensitive_attributes": [],
          "private": "bnVsbA==",
          "dependencies": [
            "module.runner.data.aws_caller_identity.current",
            "module.runner.data.aws_partition.current",
            "module.runner.module.terminate_agent_hook.data.aws_iam_policy_document.assume_role"
          ]
        }
      ]
    },
    {
      "module": "module.runner.module.terminate_agent_hook",
      "mode": "managed",
      "type": "aws_iam_role_policy_attachment",
      "name": "lambda",
      "provider": "provider[\"registry.terraform.io/hashicorp/aws\"]",
      "instances": [
        {
          "schema_version": 0,
          "attributes": {
            "id": "gitlab-runner-terminate-instances-20240421000314544500000010",
            "policy_arn": "arn:aws:iam::977310042706:policy/gitlab-runner-terminate-instances-lambda",
            "role": "gitlab-runner-terminate-instances"
          },
          "sensitive_attributes": [],
          "private": "bnVsbA==",
          "dependencies": [
            "module.runner.data.aws_caller_identity.current",
            "module.runner.data.aws_partition.current",
            "module.runner.module.terminate_agent_hook.aws_iam_policy.lambda",
            "module.runner.module.terminate_agent_hook.aws_iam_role.lambda",
            "module.runner.module.terminate_agent_hook.data.aws_iam_policy_document.assume_role",
            "module.runner.module.terminate_agent_hook.data.aws_iam_policy_document.lambda"
          ]
        }
      ]
    },
    {
      "module": "module.runner.module.terminate_agent_hook",
      "mode": "managed",
      "type": "aws_iam_role_policy_attachment",
      "name": "spot_request_housekeeping",
      "provider": "provider[\"registry.terraform.io/hashicorp/aws\"]",
      "instances": [
        {
          "schema_version": 0,
          "attributes": {
            "id": "gitlab-runner-terminate-instances-20240421000234961000000001",
            "policy_arn": "arn:aws:iam::977310042706:policy/gitlab-runner-terminate-instances-cancel-spot",
            "role": "gitlab-runner-terminate-instances"
          },
          "sensitive_attributes": [],
          "private": "bnVsbA==",
          "dependencies": [
            "module.runner.data.aws_caller_identity.current",
            "module.runner.data.aws_partition.current",
            "module.runner.module.terminate_agent_hook.aws_iam_policy.spot_request_housekeeping",
            "module.runner.module.terminate_agent_hook.aws_iam_role.lambda",
            "module.runner.module.terminate_agent_hook.data.aws_iam_policy_document.assume_role",
            "module.runner.module.terminate_agent_hook.data.aws_iam_policy_document.spot_request_housekeeping"
          ]
        }
      ]
    },
    {
      "module": "module.runner.module.terminate_agent_hook",
      "mode": "managed",
      "type": "aws_lambda_function",
      "name": "terminate_runner_instances",
      "provider": "provider[\"registry.terraform.io/hashicorp/aws\"]",
      "instances": [
        {
          "schema_version": 0,
          "attributes": {
            "architectures": [
              "x86_64"
            ],
            "arn": "arn:aws:lambda:ap-northeast-1:977310042706:function:gitlab-runner-terminate-instances",
            "code_signing_config_arn": "",
            "dead_letter_config": [],
            "description": "Lifecycle hook for terminating GitLab runner agent instances",
            "environment": [
              {
                "variables": {
                  "NAME_EXECUTOR_INSTANCE": "gitlab-runner"
                }
              }
            ],
            "ephemeral_storage": [
              {
                "size": 512
              }
            ],
            "file_system_config": [],
            "filename": "builds/lambda_function_9de860b79aae19cab2bd00759173d6ad23a6f563194f6e9b2acef79608a49066.zip",
            "function_name": "gitlab-runner-terminate-instances",
            "handler": "lambda_function.handler",
            "id": "gitlab-runner-terminate-instances",
            "image_config": [],
            "image_uri": "",
            "invoke_arn": "arn:aws:apigateway:ap-northeast-1:lambda:path/2015-03-31/functions/arn:aws:lambda:ap-northeast-1:977310042706:function:gitlab-runner-terminate-instances/invocations",
            "kms_key_arn": "",
            "last_modified": "2024-04-21T00:03:13.959+0000",
            "layers": [],
            "logging_config": [
              {
                "application_log_level": "",
                "log_format": "Text",
                "log_group": "/aws/lambda/gitlab-runner-terminate-instances",
                "system_log_level": ""
              }
            ],
            "memory_size": 128,
            "package_type": "Zip",
            "publish": true,
            "qualified_arn": "arn:aws:lambda:ap-northeast-1:977310042706:function:gitlab-runner-terminate-instances:5",
            "qualified_invoke_arn": "arn:aws:apigateway:ap-northeast-1:lambda:path/2015-03-31/functions/arn:aws:lambda:ap-northeast-1:977310042706:function:gitlab-runner-terminate-instances:5/invocations",
            "replace_security_groups_on_destroy": null,
            "replacement_security_group_ids": null,
            "reserved_concurrent_executions": -1,
            "role": "arn:aws:iam::977310042706:role/gitlab-runner-terminate-instances",
            "runtime": "python3.11",
            "s3_bucket": null,
            "s3_key": null,
            "s3_object_version": null,
            "signing_job_arn": "",
            "signing_profile_version_arn": "",
            "skip_destroy": false,
            "snap_start": [],
            "source_code_hash": "M2YE+2/u7Y93Kf0UIsvsixVeGAIpIe4AKDOfKjX1ljA=",
            "source_code_size": 3038,
            "tags": {
              "Environment": "gitlab-runner",
              "Name": "gitlab-runner",
              "tf-aws-gitlab-runner:example": "runner-default",
              "tf-aws-gitlab-runner:instancelifecycle": "spot:yes"
            },
            "tags_all": {
              "Environment": "gitlab-runner",
              "Name": "gitlab-runner",
              "tf-aws-gitlab-runner:example": "runner-default",
              "tf-aws-gitlab-runner:instancelifecycle": "spot:yes"
            },
            "timeout": 30,
            "timeouts": null,
            "tracing_config": [
              {
                "mode": "PassThrough"
              }
            ],
            "version": "5",
            "vpc_config": []
          },
          "sensitive_attributes": [],
          "private": "eyJlMmJmYjczMC1lY2FhLTExZTYtOGY4OC0zNDM2M2JjN2M0YzAiOnsiY3JlYXRlIjo2MDAwMDAwMDAwMDAsImRlbGV0ZSI6NjAwMDAwMDAwMDAwLCJ1cGRhdGUiOjYwMDAwMDAwMDAwMH19",
          "dependencies": [
            "module.runner.aws_kms_key.default",
            "module.runner.data.aws_caller_identity.current",
            "module.runner.data.aws_partition.current",
            "module.runner.module.terminate_agent_hook.aws_iam_role.lambda",
            "module.runner.module.terminate_agent_hook.data.archive_file.terminate_runner_instances_lambda",
            "module.runner.module.terminate_agent_hook.data.aws_iam_policy_document.assume_role"
          ]
        }
      ]
    },
    {
      "module": "module.runner.module.terminate_agent_hook",
      "mode": "managed",
      "type": "aws_lambda_permission",
      "name": "current_version_triggers",
      "provider": "provider[\"registry.terraform.io/hashicorp/aws\"]",
      "instances": [
        {
          "schema_version": 0,
          "attributes": {
            "action": "lambda:InvokeFunction",
            "event_source_token": null,
            "function_name": "gitlab-runner-terminate-instances",
            "function_url_auth_type": null,
            "id": "TerminateInstanceEvent",
            "principal": "events.amazonaws.com",
            "principal_org_id": null,
            "qualifier": "5",
            "source_account": null,
            "source_arn": "arn:aws:events:ap-northeast-1:977310042706:rule/gitlab-runner-terminate-instances",
            "statement_id": "TerminateInstanceEvent",
            "statement_id_prefix": ""
          },
          "sensitive_attributes": [],
          "private": "bnVsbA==",
          "dependencies": [
            "data.aws_availability_zones.available",
            "data.aws_security_group.default",
            "module.runner.aws_autoscaling_group.gitlab_runner_instance",
            "module.runner.aws_cloudwatch_log_group.environment",
            "module.runner.aws_eip.gitlab_runner",
            "module.runner.aws_iam_instance_profile.docker_machine",
            "module.runner.aws_iam_role.docker_machine",
            "module.runner.aws_kms_key.default",
            "module.runner.aws_launch_template.fleet_gitlab_runner",
            "module.runner.aws_launch_template.gitlab_runner_instance",
            "module.runner.aws_security_group.docker_machine",
            "module.runner.aws_security_group.runner",
            "module.runner.data.aws_ami.docker-machine",
            "module.runner.data.aws_ami.runner",
            "module.runner.data.aws_availability_zone.runners",
            "module.runner.data.aws_caller_identity.current",
            "module.runner.data.aws_partition.current",
            "module.runner.data.aws_region.current",
            "module.runner.module.cache.aws_s3_bucket.build_cache",
            "module.runner.module.cache.data.aws_caller_identity.current",
            "module.runner.module.cache.random_string.s3_suffix",
            "module.runner.module.terminate_agent_hook.aws_cloudwatch_event_rule.terminate_instances",
            "module.runner.module.terminate_agent_hook.aws_iam_role.lambda",
            "module.runner.module.terminate_agent_hook.aws_lambda_function.terminate_runner_instances",
            "module.runner.module.terminate_agent_hook.data.archive_file.terminate_runner_instances_lambda",
            "module.runner.module.terminate_agent_hook.data.aws_iam_policy_document.assume_role",
            "module.runner.tls_private_key.fleet",
            "module.vpc.aws_subnet.private",
            "module.vpc.aws_vpc.this",
            "module.vpc.aws_vpc_ipv4_cidr_block_association.this"
          ]
        }
      ]
    },
    {
      "module": "module.runner.module.terminate_agent_hook",
      "mode": "managed",
      "type": "aws_lambda_permission",
      "name": "unqualified_alias_triggers",
      "provider": "provider[\"registry.terraform.io/hashicorp/aws\"]",
      "instances": [
        {
          "schema_version": 0,
          "attributes": {
            "action": "lambda:InvokeFunction",
            "event_source_token": null,
            "function_name": "gitlab-runner-terminate-instances",
            "function_url_auth_type": null,
            "id": "TerminateInstanceEventUnqualified",
            "principal": "events.amazonaws.com",
            "principal_org_id": null,
            "qualifier": "",
            "source_account": null,
            "source_arn": "arn:aws:events:ap-northeast-1:977310042706:rule/gitlab-runner-terminate-instances",
            "statement_id": "TerminateInstanceEventUnqualified",
            "statement_id_prefix": ""
          },
          "sensitive_attributes": [],
          "private": "bnVsbA==",
          "dependencies": [
            "data.aws_availability_zones.available",
            "data.aws_security_group.default",
            "module.runner.aws_autoscaling_group.gitlab_runner_instance",
            "module.runner.aws_cloudwatch_log_group.environment",
            "module.runner.aws_eip.gitlab_runner",
            "module.runner.aws_iam_instance_profile.docker_machine",
            "module.runner.aws_iam_role.docker_machine",
            "module.runner.aws_kms_key.default",
            "module.runner.aws_launch_template.fleet_gitlab_runner",
            "module.runner.aws_launch_template.gitlab_runner_instance",
            "module.runner.aws_security_group.docker_machine",
            "module.runner.aws_security_group.runner",
            "module.runner.data.aws_ami.docker-machine",
            "module.runner.data.aws_ami.runner",
            "module.runner.data.aws_availability_zone.runners",
            "module.runner.data.aws_caller_identity.current",
            "module.runner.data.aws_partition.current",
            "module.runner.data.aws_region.current",
            "module.runner.module.cache.aws_s3_bucket.build_cache",
            "module.runner.module.cache.data.aws_caller_identity.current",
            "module.runner.module.cache.random_string.s3_suffix",
            "module.runner.module.terminate_agent_hook.aws_cloudwatch_event_rule.terminate_instances",
            "module.runner.module.terminate_agent_hook.aws_iam_role.lambda",
            "module.runner.module.terminate_agent_hook.aws_lambda_function.terminate_runner_instances",
            "module.runner.module.terminate_agent_hook.data.archive_file.terminate_runner_instances_lambda",
            "module.runner.module.terminate_agent_hook.data.aws_iam_policy_document.assume_role",
            "module.runner.tls_private_key.fleet",
            "module.vpc.aws_subnet.private",
            "module.vpc.aws_vpc.this",
            "module.vpc.aws_vpc_ipv4_cidr_block_association.this"
          ]
        }
      ]
    },
    {
      "module": "module.vpc",
      "mode": "managed",
      "type": "aws_default_network_acl",
      "name": "this",
      "provider": "provider[\"registry.terraform.io/hashicorp/aws\"]",
      "instances": [
        {
          "index_key": 0,
          "schema_version": 0,
          "attributes": {
            "arn": "arn:aws:ec2:ap-northeast-1:977310042706:network-acl/acl-0749fe1f20765b5b7",
            "default_network_acl_id": "acl-0749fe1f20765b5b7",
            "egress": [
              {
                "action": "allow",
                "cidr_block": "",
                "from_port": 0,
                "icmp_code": 0,
                "icmp_type": 0,
                "ipv6_cidr_block": "::/0",
                "protocol": "-1",
                "rule_no": 101,
                "to_port": 0
              },
              {
                "action": "allow",
                "cidr_block": "0.0.0.0/0",
                "from_port": 0,
                "icmp_code": 0,
                "icmp_type": 0,
                "ipv6_cidr_block": "",
                "protocol": "-1",
                "rule_no": 100,
                "to_port": 0
              }
            ],
            "id": "acl-0749fe1f20765b5b7",
            "ingress": [
              {
                "action": "allow",
                "cidr_block": "",
                "from_port": 0,
                "icmp_code": 0,
                "icmp_type": 0,
                "ipv6_cidr_block": "::/0",
                "protocol": "-1",
                "rule_no": 101,
                "to_port": 0
              },
              {
                "action": "allow",
                "cidr_block": "0.0.0.0/0",
                "from_port": 0,
                "icmp_code": 0,
                "icmp_type": 0,
                "ipv6_cidr_block": "",
                "protocol": "-1",
                "rule_no": 100,
                "to_port": 0
              }
            ],
            "owner_id": "977310042706",
            "subnet_ids": [
              "subnet-0c333026ec94846ee",
              "subnet-0fad6379d55f9ed77"
            ],
            "tags": {
              "Environment": "gitlab-runner",
              "Name": "vpc-gitlab-runner-default"
            },
            "tags_all": {
              "Environment": "gitlab-runner",
              "Name": "vpc-gitlab-runner-default"
            },
            "vpc_id": "vpc-0f07ef622557ef666"
          },
          "sensitive_attributes": [],
          "private": "bnVsbA==",
          "dependencies": [
            "module.vpc.aws_vpc.this"
          ]
        }
      ]
    },
    {
      "module": "module.vpc",
      "mode": "managed",
      "type": "aws_default_route_table",
      "name": "default",
      "provider": "provider[\"registry.terraform.io/hashicorp/aws\"]",
      "instances": [
        {
          "index_key": 0,
          "schema_version": 0,
          "attributes": {
            "arn": "arn:aws:ec2:ap-northeast-1:977310042706:route-table/rtb-04a81f6be39ba0107",
            "default_route_table_id": "rtb-04a81f6be39ba0107",
            "id": "rtb-04a81f6be39ba0107",
            "owner_id": "977310042706",
            "propagating_vgws": [],
            "route": [],
            "tags": {
              "Environment": "gitlab-runner",
              "Name": "vpc-gitlab-runner-default"
            },
            "tags_all": {
              "Environment": "gitlab-runner",
              "Name": "vpc-gitlab-runner-default"
            },
            "timeouts": {
              "create": "5m",
              "update": "5m"
            },
            "vpc_id": "vpc-0f07ef622557ef666"
          },
          "sensitive_attributes": [],
          "private": "eyJlMmJmYjczMC1lY2FhLTExZTYtOGY4OC0zNDM2M2JjN2M0YzAiOnsiY3JlYXRlIjozMDAwMDAwMDAwMDAsInVwZGF0ZSI6MzAwMDAwMDAwMDAwfX0=",
          "dependencies": [
            "module.vpc.aws_vpc.this"
          ]
        }
      ]
    },
    {
      "module": "module.vpc",
      "mode": "managed",
      "type": "aws_default_security_group",
      "name": "this",
      "provider": "provider[\"registry.terraform.io/hashicorp/aws\"]",
      "instances": [
        {
          "index_key": 0,
          "schema_version": 1,
          "attributes": {
            "arn": "arn:aws:ec2:ap-northeast-1:977310042706:security-group/sg-030e8569f03e15bc5",
            "description": "default VPC security group",
            "egress": [],
            "id": "sg-030e8569f03e15bc5",
            "ingress": [],
            "name": "default",
            "name_prefix": "",
            "owner_id": "977310042706",
            "revoke_rules_on_delete": false,
            "tags": {
              "Environment": "gitlab-runner",
              "Name": "vpc-gitlab-runner-default"
            },
            "tags_all": {
              "Environment": "gitlab-runner",
              "Name": "vpc-gitlab-runner-default"
            },
            "vpc_id": "vpc-0f07ef622557ef666"
          },
          "sensitive_attributes": [],
          "private": "eyJzY2hlbWFfdmVyc2lvbiI6IjEifQ==",
          "dependencies": [
            "module.vpc.aws_vpc.this"
          ]
        }
      ]
    },
    {
      "module": "module.vpc",
      "mode": "managed",
      "type": "aws_eip",
      "name": "nat",
      "provider": "provider[\"registry.terraform.io/hashicorp/aws\"]",
      "instances": [
        {
          "index_key": 0,
          "schema_version": 0,
          "attributes": {
            "address": null,
            "allocation_id": "eipalloc-0d5b1ad9d0ae25fdc",
            "associate_with_private_ip": null,
            "association_id": "eipassoc-0b9eba0746751a34d",
            "carrier_ip": "",
            "customer_owned_ip": "",
            "customer_owned_ipv4_pool": "",
            "domain": "vpc",
            "id": "eipalloc-0d5b1ad9d0ae25fdc",
            "instance": "",
            "network_border_group": "ap-northeast-1",
            "network_interface": "eni-0441cf026d633cd46",
            "private_dns": "ip-10-0-101-91.ap-northeast-1.compute.internal",
            "private_ip": "10.0.101.91",
            "public_dns": "ec2-52-198-246-185.ap-northeast-1.compute.amazonaws.com",
            "public_ip": "52.198.246.185",
            "public_ipv4_pool": "amazon",
            "tags": {
              "Environment": "gitlab-runner",
              "Name": "vpc-gitlab-runner-ap-northeast-1a"
            },
            "tags_all": {
              "Environment": "gitlab-runner",
              "Name": "vpc-gitlab-runner-ap-northeast-1a"
            },
            "timeouts": null,
            "vpc": true
          },
          "sensitive_attributes": [],
          "private": "eyJlMmJmYjczMC1lY2FhLTExZTYtOGY4OC0zNDM2M2JjN2M0YzAiOnsiZGVsZXRlIjoxODAwMDAwMDAwMDAsInJlYWQiOjkwMDAwMDAwMDAwMCwidXBkYXRlIjozMDAwMDAwMDAwMDB9fQ==",
          "dependencies": [
            "data.aws_availability_zones.available",
            "module.vpc.aws_internet_gateway.this",
            "module.vpc.aws_vpc.this",
            "module.vpc.aws_vpc_ipv4_cidr_block_association.this"
          ]
        }
      ]
    },
    {
      "module": "module.vpc",
      "mode": "managed",
      "type": "aws_internet_gateway",
      "name": "this",
      "provider": "provider[\"registry.terraform.io/hashicorp/aws\"]",
      "instances": [
        {
          "index_key": 0,
          "schema_version": 0,
          "attributes": {
            "arn": "arn:aws:ec2:ap-northeast-1:977310042706:internet-gateway/igw-0880a78fddb00fff0",
            "id": "igw-0880a78fddb00fff0",
            "owner_id": "977310042706",
            "tags": {
              "Environment": "gitlab-runner",
              "Name": "vpc-gitlab-runner"
            },
            "tags_all": {
              "Environment": "gitlab-runner",
              "Name": "vpc-gitlab-runner"
            },
            "timeouts": null,
            "vpc_id": "vpc-0f07ef622557ef666"
          },
          "sensitive_attributes": [],
          "private": "eyJlMmJmYjczMC1lY2FhLTExZTYtOGY4OC0zNDM2M2JjN2M0YzAiOnsiY3JlYXRlIjoxMjAwMDAwMDAwMDAwLCJkZWxldGUiOjEyMDAwMDAwMDAwMDAsInVwZGF0ZSI6MTIwMDAwMDAwMDAwMH19",
          "dependencies": [
            "module.vpc.aws_vpc.this",
            "module.vpc.aws_vpc_ipv4_cidr_block_association.this"
          ]
        }
      ]
    },
    {
      "module": "module.vpc",
      "mode": "managed",
      "type": "aws_nat_gateway",
      "name": "this",
      "provider": "provider[\"registry.terraform.io/hashicorp/aws\"]",
      "instances": [
        {
          "index_key": 0,
          "schema_version": 0,
          "attributes": {
            "allocation_id": "eipalloc-0d5b1ad9d0ae25fdc",
            "association_id": "eipassoc-0b9eba0746751a34d",
            "connectivity_type": "public",
            "id": "nat-023f3902726434466",
            "network_interface_id": "eni-0441cf026d633cd46",
            "private_ip": "10.0.101.91",
            "public_ip": "52.198.246.185",
            "secondary_allocation_ids": [],
            "secondary_private_ip_address_count": 0,
            "secondary_private_ip_addresses": [],
            "subnet_id": "subnet-0fad6379d55f9ed77",
            "tags": {
              "Environment": "gitlab-runner",
              "Name": "vpc-gitlab-runner-ap-northeast-1a"
            },
            "tags_all": {
              "Environment": "gitlab-runner",
              "Name": "vpc-gitlab-runner-ap-northeast-1a"
            },
            "timeouts": null
          },
          "sensitive_attributes": [],
          "private": "eyJlMmJmYjczMC1lY2FhLTExZTYtOGY4OC0zNDM2M2JjN2M0YzAiOnsiY3JlYXRlIjo2MDAwMDAwMDAwMDAsImRlbGV0ZSI6MTgwMDAwMDAwMDAwMCwidXBkYXRlIjo2MDAwMDAwMDAwMDB9fQ==",
          "dependencies": [
            "data.aws_availability_zones.available",
            "module.vpc.aws_eip.nat",
            "module.vpc.aws_internet_gateway.this",
            "module.vpc.aws_subnet.public",
            "module.vpc.aws_vpc.this",
            "module.vpc.aws_vpc_ipv4_cidr_block_association.this"
          ]
        }
      ]
    },
    {
      "module": "module.vpc",
      "mode": "managed",
      "type": "aws_route",
      "name": "private_nat_gateway",
      "provider": "provider[\"registry.terraform.io/hashicorp/aws\"]",
      "instances": [
        {
          "index_key": 0,
          "schema_version": 0,
          "attributes": {
            "carrier_gateway_id": "",
            "core_network_arn": "",
            "destination_cidr_block": "0.0.0.0/0",
            "destination_ipv6_cidr_block": "",
            "destination_prefix_list_id": "",
            "egress_only_gateway_id": "",
            "gateway_id": "",
            "id": "r-rtb-0c0bd692aef6387b51080289494",
            "instance_id": "",
            "instance_owner_id": "",
            "local_gateway_id": "",
            "nat_gateway_id": "nat-023f3902726434466",
            "network_interface_id": "",
            "origin": "CreateRoute",
            "route_table_id": "rtb-0c0bd692aef6387b5",
            "state": "active",
            "timeouts": {
              "create": "5m",
              "delete": null,
              "update": null
            },
            "transit_gateway_id": "",
            "vpc_endpoint_id": "",
            "vpc_peering_connection_id": ""
          },
          "sensitive_attributes": [],
          "private": "eyJlMmJmYjczMC1lY2FhLTExZTYtOGY4OC0zNDM2M2JjN2M0YzAiOnsiY3JlYXRlIjozMDAwMDAwMDAwMDAsImRlbGV0ZSI6MzAwMDAwMDAwMDAwLCJ1cGRhdGUiOjEyMDAwMDAwMDAwMH19",
          "dependencies": [
            "data.aws_availability_zones.available",
            "module.vpc.aws_eip.nat",
            "module.vpc.aws_internet_gateway.this",
            "module.vpc.aws_nat_gateway.this",
            "module.vpc.aws_route_table.private",
            "module.vpc.aws_subnet.public",
            "module.vpc.aws_vpc.this",
            "module.vpc.aws_vpc_ipv4_cidr_block_association.this"
          ]
        }
      ]
    },
    {
      "module": "module.vpc",
      "mode": "managed",
      "type": "aws_route",
      "name": "public_internet_gateway",
      "provider": "provider[\"registry.terraform.io/hashicorp/aws\"]",
      "instances": [
        {
          "index_key": 0,
          "schema_version": 0,
          "attributes": {
            "carrier_gateway_id": "",
            "core_network_arn": "",
            "destination_cidr_block": "0.0.0.0/0",
            "destination_ipv6_cidr_block": "",
            "destination_prefix_list_id": "",
            "egress_only_gateway_id": "",
            "gateway_id": "igw-0880a78fddb00fff0",
            "id": "r-rtb-0ada75bd40e5f06371080289494",
            "instance_id": "",
            "instance_owner_id": "",
            "local_gateway_id": "",
            "nat_gateway_id": "",
            "network_interface_id": "",
            "origin": "CreateRoute",
            "route_table_id": "rtb-0ada75bd40e5f0637",
            "state": "active",
            "timeouts": {
              "create": "5m",
              "delete": null,
              "update": null
            },
            "transit_gateway_id": "",
            "vpc_endpoint_id": "",
            "vpc_peering_connection_id": ""
          },
          "sensitive_attributes": [],
          "private": "eyJlMmJmYjczMC1lY2FhLTExZTYtOGY4OC0zNDM2M2JjN2M0YzAiOnsiY3JlYXRlIjozMDAwMDAwMDAwMDAsImRlbGV0ZSI6MzAwMDAwMDAwMDAwLCJ1cGRhdGUiOjEyMDAwMDAwMDAwMH19",
          "dependencies": [
            "module.vpc.aws_internet_gateway.this",
            "module.vpc.aws_route_table.public",
            "module.vpc.aws_vpc.this",
            "module.vpc.aws_vpc_ipv4_cidr_block_association.this"
          ]
        }
      ]
    },
    {
      "module": "module.vpc",
      "mode": "managed",
      "type": "aws_route_table",
      "name": "private",
      "provider": "provider[\"registry.terraform.io/hashicorp/aws\"]",
      "instances": [
        {
          "index_key": 0,
          "schema_version": 0,
          "attributes": {
            "arn": "arn:aws:ec2:ap-northeast-1:977310042706:route-table/rtb-0c0bd692aef6387b5",
            "id": "rtb-0c0bd692aef6387b5",
            "owner_id": "977310042706",
            "propagating_vgws": [],
            "route": [
              {
                "carrier_gateway_id": "",
                "cidr_block": "0.0.0.0/0",
                "core_network_arn": "",
                "destination_prefix_list_id": "",
                "egress_only_gateway_id": "",
                "gateway_id": "",
                "ipv6_cidr_block": "",
                "local_gateway_id": "",
                "nat_gateway_id": "nat-023f3902726434466",
                "network_interface_id": "",
                "transit_gateway_id": "",
                "vpc_endpoint_id": "",
                "vpc_peering_connection_id": ""
              }
            ],
            "tags": {
              "Environment": "gitlab-runner",
              "Name": "vpc-gitlab-runner-private"
            },
            "tags_all": {
              "Environment": "gitlab-runner",
              "Name": "vpc-gitlab-runner-private"
            },
            "timeouts": null,
            "vpc_id": "vpc-0f07ef622557ef666"
          },
          "sensitive_attributes": [],
          "private": "eyJlMmJmYjczMC1lY2FhLTExZTYtOGY4OC0zNDM2M2JjN2M0YzAiOnsiY3JlYXRlIjozMDAwMDAwMDAwMDAsImRlbGV0ZSI6MzAwMDAwMDAwMDAwLCJ1cGRhdGUiOjEyMDAwMDAwMDAwMH19",
          "dependencies": [
            "data.aws_availability_zones.available",
            "module.vpc.aws_vpc.this",
            "module.vpc.aws_vpc_ipv4_cidr_block_association.this"
          ]
        }
      ]
    },
    {
      "module": "module.vpc",
      "mode": "managed",
      "type": "aws_route_table",
      "name": "public",
      "provider": "provider[\"registry.terraform.io/hashicorp/aws\"]",
      "instances": [
        {
          "index_key": 0,
          "schema_version": 0,
          "attributes": {
            "arn": "arn:aws:ec2:ap-northeast-1:977310042706:route-table/rtb-0ada75bd40e5f0637",
            "id": "rtb-0ada75bd40e5f0637",
            "owner_id": "977310042706",
            "propagating_vgws": [],
            "route": [
              {
                "carrier_gateway_id": "",
                "cidr_block": "0.0.0.0/0",
                "core_network_arn": "",
                "destination_prefix_list_id": "",
                "egress_only_gateway_id": "",
                "gateway_id": "igw-0880a78fddb00fff0",
                "ipv6_cidr_block": "",
                "local_gateway_id": "",
                "nat_gateway_id": "",
                "network_interface_id": "",
                "transit_gateway_id": "",
                "vpc_endpoint_id": "",
                "vpc_peering_connection_id": ""
              }
            ],
            "tags": {
              "Environment": "gitlab-runner",
              "Name": "vpc-gitlab-runner-public"
            },
            "tags_all": {
              "Environment": "gitlab-runner",
              "Name": "vpc-gitlab-runner-public"
            },
            "timeouts": null,
            "vpc_id": "vpc-0f07ef622557ef666"
          },
          "sensitive_attributes": [],
          "private": "eyJlMmJmYjczMC1lY2FhLTExZTYtOGY4OC0zNDM2M2JjN2M0YzAiOnsiY3JlYXRlIjozMDAwMDAwMDAwMDAsImRlbGV0ZSI6MzAwMDAwMDAwMDAwLCJ1cGRhdGUiOjEyMDAwMDAwMDAwMH19",
          "dependencies": [
            "module.vpc.aws_vpc.this",
            "module.vpc.aws_vpc_ipv4_cidr_block_association.this"
          ]
        }
      ]
    },
    {
      "module": "module.vpc",
      "mode": "managed",
      "type": "aws_route_table_association",
      "name": "private",
      "provider": "provider[\"registry.terraform.io/hashicorp/aws\"]",
      "instances": [
        {
          "index_key": 0,
          "schema_version": 0,
          "attributes": {
            "gateway_id": "",
            "id": "rtbassoc-0444fb1b022904d08",
            "route_table_id": "rtb-0c0bd692aef6387b5",
            "subnet_id": "subnet-0c333026ec94846ee",
            "timeouts": null
          },
          "sensitive_attributes": [],
          "private": "eyJlMmJmYjczMC1lY2FhLTExZTYtOGY4OC0zNDM2M2JjN2M0YzAiOnsiY3JlYXRlIjozMDAwMDAwMDAwMDAsImRlbGV0ZSI6MzAwMDAwMDAwMDAwLCJ1cGRhdGUiOjEyMDAwMDAwMDAwMH19",
          "dependencies": [
            "data.aws_availability_zones.available",
            "module.vpc.aws_route_table.private",
            "module.vpc.aws_subnet.private",
            "module.vpc.aws_vpc.this",
            "module.vpc.aws_vpc_ipv4_cidr_block_association.this"
          ]
        }
      ]
    },
    {
      "module": "module.vpc",
      "mode": "managed",
      "type": "aws_route_table_association",
      "name": "public",
      "provider": "provider[\"registry.terraform.io/hashicorp/aws\"]",
      "instances": [
        {
          "index_key": 0,
          "schema_version": 0,
          "attributes": {
            "gateway_id": "",
            "id": "rtbassoc-07aef5c6642fed362",
            "route_table_id": "rtb-0ada75bd40e5f0637",
            "subnet_id": "subnet-0fad6379d55f9ed77",
            "timeouts": null
          },
          "sensitive_attributes": [],
          "private": "eyJlMmJmYjczMC1lY2FhLTExZTYtOGY4OC0zNDM2M2JjN2M0YzAiOnsiY3JlYXRlIjozMDAwMDAwMDAwMDAsImRlbGV0ZSI6MzAwMDAwMDAwMDAwLCJ1cGRhdGUiOjEyMDAwMDAwMDAwMH19",
          "dependencies": [
            "data.aws_availability_zones.available",
            "module.vpc.aws_route_table.public",
            "module.vpc.aws_subnet.public",
            "module.vpc.aws_vpc.this",
            "module.vpc.aws_vpc_ipv4_cidr_block_association.this"
          ]
        }
      ]
    },
    {
      "module": "module.vpc",
      "mode": "managed",
      "type": "aws_subnet",
      "name": "private",
      "provider": "provider[\"registry.terraform.io/hashicorp/aws\"]",
      "instances": [
        {
          "index_key": 0,
          "schema_version": 1,
          "attributes": {
            "arn": "arn:aws:ec2:ap-northeast-1:977310042706:subnet/subnet-0c333026ec94846ee",
            "assign_ipv6_address_on_creation": false,
            "availability_zone": "ap-northeast-1a",
            "availability_zone_id": "apne1-az4",
            "cidr_block": "10.0.1.0/24",
            "customer_owned_ipv4_pool": "",
            "enable_dns64": false,
            "enable_lni_at_device_index": 0,
            "enable_resource_name_dns_a_record_on_launch": false,
            "enable_resource_name_dns_aaaa_record_on_launch": false,
            "id": "subnet-0c333026ec94846ee",
            "ipv6_cidr_block": "",
            "ipv6_cidr_block_association_id": "",
            "ipv6_native": false,
            "map_customer_owned_ip_on_launch": false,
            "map_public_ip_on_launch": false,
            "outpost_arn": "",
            "owner_id": "977310042706",
            "private_dns_hostname_type_on_launch": "ip-name",
            "tags": {
              "Environment": "gitlab-runner",
              "Name": "vpc-gitlab-runner-private-ap-northeast-1a"
            },
            "tags_all": {
              "Environment": "gitlab-runner",
              "Name": "vpc-gitlab-runner-private-ap-northeast-1a"
            },
            "timeouts": null,
            "vpc_id": "vpc-0f07ef622557ef666"
          },
          "sensitive_attributes": [],
          "private": "eyJlMmJmYjczMC1lY2FhLTExZTYtOGY4OC0zNDM2M2JjN2M0YzAiOnsiY3JlYXRlIjo2MDAwMDAwMDAwMDAsImRlbGV0ZSI6MTIwMDAwMDAwMDAwMH0sInNjaGVtYV92ZXJzaW9uIjoiMSJ9",
          "dependencies": [
            "data.aws_availability_zones.available",
            "module.vpc.aws_vpc.this",
            "module.vpc.aws_vpc_ipv4_cidr_block_association.this"
          ],
          "create_before_destroy": true
        }
      ]
    },
    {
      "module": "module.vpc",
      "mode": "managed",
      "type": "aws_subnet",
      "name": "public",
      "provider": "provider[\"registry.terraform.io/hashicorp/aws\"]",
      "instances": [
        {
          "index_key": 0,
          "schema_version": 1,
          "attributes": {
            "arn": "arn:aws:ec2:ap-northeast-1:977310042706:subnet/subnet-0fad6379d55f9ed77",
            "assign_ipv6_address_on_creation": false,
            "availability_zone": "ap-northeast-1a",
            "availability_zone_id": "apne1-az4",
            "cidr_block": "10.0.101.0/24",
            "customer_owned_ipv4_pool": "",
            "enable_dns64": false,
            "enable_lni_at_device_index": 0,
            "enable_resource_name_dns_a_record_on_launch": false,
            "enable_resource_name_dns_aaaa_record_on_launch": false,
            "id": "subnet-0fad6379d55f9ed77",
            "ipv6_cidr_block": "",
            "ipv6_cidr_block_association_id": "",
            "ipv6_native": false,
            "map_customer_owned_ip_on_launch": false,
            "map_public_ip_on_launch": false,
            "outpost_arn": "",
            "owner_id": "977310042706",
            "private_dns_hostname_type_on_launch": "ip-name",
            "tags": {
              "Environment": "gitlab-runner",
              "Name": "vpc-gitlab-runner-public-ap-northeast-1a"
            },
            "tags_all": {
              "Environment": "gitlab-runner",
              "Name": "vpc-gitlab-runner-public-ap-northeast-1a"
            },
            "timeouts": null,
            "vpc_id": "vpc-0f07ef622557ef666"
          },
          "sensitive_attributes": [],
          "private": "eyJlMmJmYjczMC1lY2FhLTExZTYtOGY4OC0zNDM2M2JjN2M0YzAiOnsiY3JlYXRlIjo2MDAwMDAwMDAwMDAsImRlbGV0ZSI6MTIwMDAwMDAwMDAwMH0sInNjaGVtYV92ZXJzaW9uIjoiMSJ9",
          "dependencies": [
            "data.aws_availability_zones.available",
            "module.vpc.aws_vpc.this",
            "module.vpc.aws_vpc_ipv4_cidr_block_association.this"
          ]
        }
      ]
    },
    {
      "module": "module.vpc",
      "mode": "managed",
      "type": "aws_vpc",
      "name": "this",
      "provider": "provider[\"registry.terraform.io/hashicorp/aws\"]",
      "instances": [
        {
          "index_key": 0,
          "schema_version": 1,
          "attributes": {
            "arn": "arn:aws:ec2:ap-northeast-1:977310042706:vpc/vpc-0f07ef622557ef666",
            "assign_generated_ipv6_cidr_block": false,
            "cidr_block": "10.0.0.0/16",
            "default_network_acl_id": "acl-0749fe1f20765b5b7",
            "default_route_table_id": "rtb-04a81f6be39ba0107",
            "default_security_group_id": "sg-030e8569f03e15bc5",
            "dhcp_options_id": "dopt-d2502bb6",
            "enable_dns_hostnames": true,
            "enable_dns_support": true,
            "enable_network_address_usage_metrics": false,
            "id": "vpc-0f07ef622557ef666",
            "instance_tenancy": "default",
            "ipv4_ipam_pool_id": null,
            "ipv4_netmask_length": null,
            "ipv6_association_id": "",
            "ipv6_cidr_block": "",
            "ipv6_cidr_block_network_border_group": "",
            "ipv6_ipam_pool_id": "",
            "ipv6_netmask_length": 0,
            "main_route_table_id": "rtb-04a81f6be39ba0107",
            "owner_id": "977310042706",
            "tags": {
              "Environment": "gitlab-runner",
              "Name": "vpc-gitlab-runner"
            },
            "tags_all": {
              "Environment": "gitlab-runner",
              "Name": "vpc-gitlab-runner"
            }
          },
          "sensitive_attributes": [],
          "private": "eyJzY2hlbWFfdmVyc2lvbiI6IjEifQ==",
          "create_before_destroy": true
        }
      ]
    },
    {
      "module": "module.vpc_endpoints",
      "mode": "data",
      "type": "aws_vpc_endpoint_service",
      "name": "this",
      "provider": "provider[\"registry.terraform.io/hashicorp/aws\"]",
      "instances": [
        {
          "index_key": "s3",
          "schema_version": 0,
          "attributes": {
            "acceptance_required": false,
            "arn": "arn:aws:ec2:ap-northeast-1:977310042706:vpc-endpoint-service/vpce-svc-0850920f07f39ee6f",
            "availability_zones": [
              "ap-northeast-1a",
              "ap-northeast-1c",
              "ap-northeast-1d"
            ],
            "base_endpoint_dns_names": [
              "s3.ap-northeast-1.vpce.amazonaws.com"
            ],
            "filter": [
              {
                "name": "service-type",
                "values": [
                  "Interface"
                ]
              }
            ],
            "id": "3691811387",
            "manages_vpc_endpoints": false,
            "owner": "amazon",
            "private_dns_name": "*.s3.ap-northeast-1.amazonaws.com",
            "service": "s3",
            "service_id": "vpce-svc-0850920f07f39ee6f",
            "service_name": "com.amazonaws.ap-northeast-1.s3",
            "service_type": "Interface",
            "supported_ip_address_types": [
              "ipv4"
            ],
            "tags": {},
            "timeouts": null,
            "vpc_endpoint_policy_supported": true
          },
          "sensitive_attributes": []
        }
      ]
    },
    {
      "module": "module.vpc_endpoints",
      "mode": "managed",
      "type": "aws_vpc_endpoint",
      "name": "this",
      "provider": "provider[\"registry.terraform.io/hashicorp/aws\"]",
      "instances": [
        {
          "index_key": "s3",
          "schema_version": 0,
          "attributes": {
            "arn": "arn:aws:ec2:ap-northeast-1:977310042706:vpc-endpoint/vpce-095b9320e2c15644a",
            "auto_accept": null,
            "cidr_blocks": [
              "3.5.152.0/21",
              "52.219.162.0/23",
              "52.219.0.0/20",
              "52.219.16.0/22",
              "52.219.196.0/22",
              "52.219.172.0/22",
              "52.219.195.0/24",
              "52.219.200.0/23",
              "52.219.150.0/23",
              "52.219.20.0/24",
              "52.219.152.0/22",
              "52.219.136.0/22",
              "52.219.68.0/22"
            ],
            "dns_entry": [],
            "dns_options": [
              {
                "dns_record_ip_type": "ipv4",
                "private_dns_only_for_inbound_resolver_endpoint": false
              }
            ],
            "id": "vpce-095b9320e2c15644a",
            "ip_address_type": "ipv4",
            "network_interface_ids": [],
            "owner_id": "977310042706",
            "policy": "{\"Statement\":[{\"Action\":\"*\",\"Effect\":\"Allow\",\"Principal\":\"*\",\"Resource\":\"*\"}]}",
            "prefix_list_id": "pl-61a54008",
            "private_dns_enabled": false,
            "requester_managed": false,
            "route_table_ids": [],
            "security_group_ids": [
              "sg-030e8569f03e15bc5"
            ],
            "service_name": "com.amazonaws.ap-northeast-1.s3",
            "state": "available",
            "subnet_ids": [],
            "tags": {
              "Environment": "gitlab-runner",
              "Name": "s3-vpc-endpoint"
            },
            "tags_all": {
              "Environment": "gitlab-runner",
              "Name": "s3-vpc-endpoint"
            },
            "timeouts": {
              "create": "10m",
              "delete": "10m",
              "update": "10m"
            },
            "vpc_endpoint_type": "Interface",
            "vpc_id": "vpc-0f07ef622557ef666"
          },
          "sensitive_attributes": [],
          "private": "eyJlMmJmYjczMC1lY2FhLTExZTYtOGY4OC0zNDM2M2JjN2M0YzAiOnsiY3JlYXRlIjo2MDAwMDAwMDAwMDAsImRlbGV0ZSI6NjAwMDAwMDAwMDAwLCJ1cGRhdGUiOjYwMDAwMDAwMDAwMH19",
          "dependencies": [
            "module.vpc.aws_vpc.this",
            "module.vpc_endpoints.aws_security_group.this",
            "module.vpc_endpoints.data.aws_vpc_endpoint_service.this"
          ]
        }
      ]
    }
  ],
  "check_results": []
}
